Microsoft Visual Studio Solution File, Format Version 12.00
Project("{9A19103F-16F7-4668-BE54-9A1E7A4F7556}") = "JustinWritesCode.AspNetCore.All", "JustinWritesCode.AspNetCore.All.csproj", "{D5AE69D4-7DD1-465E-8807-2209A18E1F01}"
EndProject
Project("{9A19103F-16F7-4668-BE54-9A1E7A4F7556}") = "JustinWritesCode.AspNetCore.Controllers", "src\Controllers\JustinWritesCode.AspNetCore.Controllers.csproj", "{7D9898FB-D193-4398-BB00-E2E3FC2377A7}"
EndProject
Project("{9A19103F-16F7-4668-BE54-9A1E7A4F7556}") = "JustinWritesCode.AspNetCore.ErrorHandling", "src\ErrorHandling\JustinWritesCode.AspNetCore.ErrorHandling.csproj", "{8667CD73-FABD-4444-A200-F1A27939BCCF}"
EndProject
Project("{9A19103F-16F7-4668-BE54-9A1E7A4F7556}") = "JustinWritesCode.AspNetCore.Exceptions", "src\Exceptions\JustinWritesCode.AspNetCore.Exceptions.csproj", "{4ACE87FA-2B4C-4F01-9FCA-2E50C844FAC1}"
EndProject
Project("{9A19103F-16F7-4668-BE54-9A1E7A4F7556}") = "JustinWritesCode.AspNetCore.Formatters", "src\Formatters\JustinWritesCode.AspNetCore.Formatters.csproj", "{7A258DBE-DC06-499A-9267-82199CA2645D}"
EndProject
Project("{9A19103F-16F7-4668-BE54-9A1E7A4F7556}") = "JustinWritesCode.AspNetCore.Hosting.Extensions", "src\Hosting.Extensions\JustinWritesCode.AspNetCore.Hosting.Extensions.csproj", "{CE52967E-402C-4E20-A660-D57BD72D6670}"
EndProject
Project("{9A19103F-16F7-4668-BE54-9A1E7A4F7556}") = "JustinWritesCode.Http.Extensions", "src\Http\Extensions\JustinWritesCode.Http.Extensions.csproj", "{BC9D05CF-21DE-46E3-A3C3-4C9DA4D6F429}"
EndProject
Project("{9A19103F-16F7-4668-BE54-9A1E7A4F7556}") = "JustinWritesCode.Http", "src\Http\Http\JustinWritesCode.Http.csproj", "{89879428-8E9B-4C1E-BA8A-320A2CBC0D54}"
EndProject
Project("{9A19103F-16F7-4668-BE54-9A1E7A4F7556}") = "System.Net.Mime.MediaTypeNames", "src\Http\MediaTypeNames\System.Net.Mime.MediaTypeNames.csproj", "{1027D8AD-47D6-4D76-B0FC-1A26FB24BDA2}"
EndProject
Project("{9A19103F-16F7-4668-BE54-9A1E7A4F7556}") = "JustinWritesCode.AspNetCore.Mvc", "src\Mvc\JustinWritesCode.AspNetCore.Mvc.csproj", "{CC01BEBD-4F58-4608-8629-332F4ACC0C0E}"
EndProject
Project("{9A19103F-16F7-4668-BE54-9A1E7A4F7556}") = "JustinWritesCode.Payloads", "src\Payloads\JustinWritesCode.Payloads.csproj", "{00E8A238-DD68-489A-A521-299DC7E0D0DB}"
EndProject
Project("{9A19103F-16F7-4668-BE54-9A1E7A4F7556}") = "JustinWritesCode.AspNetCore.Authentication", "src\Security\Authentication\JustinWritesCode.AspNetCore.Authentication.csproj", "{48123E59-879B-4C43-B876-8BC6449D75C6}"
EndProject
Project("{9A19103F-16F7-4668-BE54-9A1E7A4F7556}") = "JustinWritesCode.AspNetCore.Authorization", "src\Security\Authorization\JustinWritesCode.AspNetCore.Authorization.csproj", "{90C4315F-5F15-4689-9FBB-D23DDD1E3696}"
EndProject
Project("{9A19103F-16F7-4668-BE54-9A1E7A4F7556}") = "JustinWritesCode.AspNetCore.Startup", "src\Startup\JustinWritesCode.AspNetCore.Startup.csproj", "{D2FAFCBA-51D9-4FD0-9A2F-593DFBE6889D}"
EndProject
Project("{9A19103F-16F7-4668-BE54-9A1E7A4F7556}") = "JustinWritesCode.AspNetCore.Swagger", "src\Swagger\JustinWritesCode.AspNetCore.Swagger.csproj", "{AC8115F2-3D6D-44BF-A050-E69D6C17128B}"
EndProject
Project("{2150E333-8FDC-42A3-9474-1A3956D46DE8}") = "src", "src", "{4AD9AFA4-A94E-46CD-BFF7-376FFE4284C0}"
EndProject
Global
	GlobalSection(SolutionConfigurationPlatforms) = preSolution
		Local|Any CPU = Local|Any CPU
		Debug|Any CPU = Debug|Any CPU
		Staging|Any CPU = Staging|Any CPU
		Release|Any CPU = Release|Any CPU
		Testing|Any CPU = Testing|Any CPU
	EndGlobalSection
	GlobalSection(ProjectConfigurationPlatforms) = postSolution
		{D5AE69D4-7DD1-465E-8807-2209A18E1F01}.Local|Any CPU.ActiveCfg = Local|Any CPU
		{D5AE69D4-7DD1-465E-8807-2209A18E1F01}.Local|Any CPU.Build.0 = Local|Any CPU
		{D5AE69D4-7DD1-465E-8807-2209A18E1F01}.Debug|Any CPU.ActiveCfg = Debug|Any CPU
		{D5AE69D4-7DD1-465E-8807-2209A18E1F01}.Debug|Any CPU.Build.0 = Debug|Any CPU
		{D5AE69D4-7DD1-465E-8807-2209A18E1F01}.Staging|Any CPU.ActiveCfg = Staging|Any CPU
		{D5AE69D4-7DD1-465E-8807-2209A18E1F01}.Staging|Any CPU.Build.0 = Staging|Any CPU
		{D5AE69D4-7DD1-465E-8807-2209A18E1F01}.Release|Any CPU.ActiveCfg = Release|Any CPU
		{D5AE69D4-7DD1-465E-8807-2209A18E1F01}.Release|Any CPU.Build.0 = Release|Any CPU
		{D5AE69D4-7DD1-465E-8807-2209A18E1F01}.Testing|Any CPU.ActiveCfg = Testing|Any CPU
		{D5AE69D4-7DD1-465E-8807-2209A18E1F01}.Testing|Any CPU.Build.0 = Testing|Any CPU
		{7D9898FB-D193-4398-BB00-E2E3FC2377A7}.Local|Any CPU.ActiveCfg = Local|Any CPU
		{7D9898FB-D193-4398-BB00-E2E3FC2377A7}.Local|Any CPU.Build.0 = Local|Any CPU
		{7D9898FB-D193-4398-BB00-E2E3FC2377A7}.Debug|Any CPU.ActiveCfg = Debug|Any CPU
		{7D9898FB-D193-4398-BB00-E2E3FC2377A7}.Debug|Any CPU.Build.0 = Debug|Any CPU
		{7D9898FB-D193-4398-BB00-E2E3FC2377A7}.Staging|Any CPU.ActiveCfg = Staging|Any CPU
		{7D9898FB-D193-4398-BB00-E2E3FC2377A7}.Staging|Any CPU.Build.0 = Staging|Any CPU
		{7D9898FB-D193-4398-BB00-E2E3FC2377A7}.Release|Any CPU.ActiveCfg = Release|Any CPU
		{7D9898FB-D193-4398-BB00-E2E3FC2377A7}.Release|Any CPU.Build.0 = Release|Any CPU
		{7D9898FB-D193-4398-BB00-E2E3FC2377A7}.Testing|Any CPU.ActiveCfg = Testing|Any CPU
		{7D9898FB-D193-4398-BB00-E2E3FC2377A7}.Testing|Any CPU.Build.0 = Testing|Any CPU
		{8667CD73-FABD-4444-A200-F1A27939BCCF}.Local|Any CPU.ActiveCfg = Local|Any CPU
		{8667CD73-FABD-4444-A200-F1A27939BCCF}.Local|Any CPU.Build.0 = Local|Any CPU
		{8667CD73-FABD-4444-A200-F1A27939BCCF}.Debug|Any CPU.ActiveCfg = Debug|Any CPU
		{8667CD73-FABD-4444-A200-F1A27939BCCF}.Debug|Any CPU.Build.0 = Debug|Any CPU
		{8667CD73-FABD-4444-A200-F1A27939BCCF}.Staging|Any CPU.ActiveCfg = Staging|Any CPU
		{8667CD73-FABD-4444-A200-F1A27939BCCF}.Staging|Any CPU.Build.0 = Staging|Any CPU
		{8667CD73-FABD-4444-A200-F1A27939BCCF}.Release|Any CPU.ActiveCfg = Release|Any CPU
		{8667CD73-FABD-4444-A200-F1A27939BCCF}.Release|Any CPU.Build.0 = Release|Any CPU
		{8667CD73-FABD-4444-A200-F1A27939BCCF}.Testing|Any CPU.ActiveCfg = Testing|Any CPU
		{8667CD73-FABD-4444-A200-F1A27939BCCF}.Testing|Any CPU.Build.0 = Testing|Any CPU
		{4ACE87FA-2B4C-4F01-9FCA-2E50C844FAC1}.Local|Any CPU.ActiveCfg = Local|Any CPU
		{4ACE87FA-2B4C-4F01-9FCA-2E50C844FAC1}.Local|Any CPU.Build.0 = Local|Any CPU
		{4ACE87FA-2B4C-4F01-9FCA-2E50C844FAC1}.Debug|Any CPU.ActiveCfg = Debug|Any CPU
		{4ACE87FA-2B4C-4F01-9FCA-2E50C844FAC1}.Debug|Any CPU.Build.0 = Debug|Any CPU
		{4ACE87FA-2B4C-4F01-9FCA-2E50C844FAC1}.Staging|Any CPU.ActiveCfg = Staging|Any CPU
		{4ACE87FA-2B4C-4F01-9FCA-2E50C844FAC1}.Staging|Any CPU.Build.0 = Staging|Any CPU
		{4ACE87FA-2B4C-4F01-9FCA-2E50C844FAC1}.Release|Any CPU.ActiveCfg = Release|Any CPU
		{4ACE87FA-2B4C-4F01-9FCA-2E50C844FAC1}.Release|Any CPU.Build.0 = Release|Any CPU
		{4ACE87FA-2B4C-4F01-9FCA-2E50C844FAC1}.Testing|Any CPU.ActiveCfg = Testing|Any CPU
		{4ACE87FA-2B4C-4F01-9FCA-2E50C844FAC1}.Testing|Any CPU.Build.0 = Testing|Any CPU
		{7A258DBE-DC06-499A-9267-82199CA2645D}.Local|Any CPU.ActiveCfg = Local|Any CPU
		{7A258DBE-DC06-499A-9267-82199CA2645D}.Local|Any CPU.Build.0 = Local|Any CPU
		{7A258DBE-DC06-499A-9267-82199CA2645D}.Debug|Any CPU.ActiveCfg = Debug|Any CPU
		{7A258DBE-DC06-499A-9267-82199CA2645D}.Debug|Any CPU.Build.0 = Debug|Any CPU
		{7A258DBE-DC06-499A-9267-82199CA2645D}.Staging|Any CPU.ActiveCfg = Staging|Any CPU
		{7A258DBE-DC06-499A-9267-82199CA2645D}.Staging|Any CPU.Build.0 = Staging|Any CPU
		{7A258DBE-DC06-499A-9267-82199CA2645D}.Release|Any CPU.ActiveCfg = Release|Any CPU
		{7A258DBE-DC06-499A-9267-82199CA2645D}.Release|Any CPU.Build.0 = Release|Any CPU
		{7A258DBE-DC06-499A-9267-82199CA2645D}.Testing|Any CPU.ActiveCfg = Testing|Any CPU
		{7A258DBE-DC06-499A-9267-82199CA2645D}.Testing|Any CPU.Build.0 = Testing|Any CPU
		{CE52967E-402C-4E20-A660-D57BD72D6670}.Local|Any CPU.ActiveCfg = Local|Any CPU
		{CE52967E-402C-4E20-A660-D57BD72D6670}.Local|Any CPU.Build.0 = Local|Any CPU
		{CE52967E-402C-4E20-A660-D57BD72D6670}.Debug|Any CPU.ActiveCfg = Debug|Any CPU
		{CE52967E-402C-4E20-A660-D57BD72D6670}.Debug|Any CPU.Build.0 = Debug|Any CPU
		{CE52967E-402C-4E20-A660-D57BD72D6670}.Staging|Any CPU.ActiveCfg = Staging|Any CPU
		{CE52967E-402C-4E20-A660-D57BD72D6670}.Staging|Any CPU.Build.0 = Staging|Any CPU
		{CE52967E-402C-4E20-A660-D57BD72D6670}.Release|Any CPU.ActiveCfg = Release|Any CPU
		{CE52967E-402C-4E20-A660-D57BD72D6670}.Release|Any CPU.Build.0 = Release|Any CPU
		{CE52967E-402C-4E20-A660-D57BD72D6670}.Testing|Any CPU.ActiveCfg = Testing|Any CPU
		{CE52967E-402C-4E20-A660-D57BD72D6670}.Testing|Any CPU.Build.0 = Testing|Any CPU
		{BC9D05CF-21DE-46E3-A3C3-4C9DA4D6F429}.Local|Any CPU.ActiveCfg = Local|Any CPU
		{BC9D05CF-21DE-46E3-A3C3-4C9DA4D6F429}.Local|Any CPU.Build.0 = Local|Any CPU
		{BC9D05CF-21DE-46E3-A3C3-4C9DA4D6F429}.Debug|Any CPU.ActiveCfg = Debug|Any CPU
		{BC9D05CF-21DE-46E3-A3C3-4C9DA4D6F429}.Debug|Any CPU.Build.0 = Debug|Any CPU
		{BC9D05CF-21DE-46E3-A3C3-4C9DA4D6F429}.Staging|Any CPU.ActiveCfg = Staging|Any CPU
		{BC9D05CF-21DE-46E3-A3C3-4C9DA4D6F429}.Staging|Any CPU.Build.0 = Staging|Any CPU
		{BC9D05CF-21DE-46E3-A3C3-4C9DA4D6F429}.Release|Any CPU.ActiveCfg = Release|Any CPU
		{BC9D05CF-21DE-46E3-A3C3-4C9DA4D6F429}.Release|Any CPU.Build.0 = Release|Any CPU
		{BC9D05CF-21DE-46E3-A3C3-4C9DA4D6F429}.Testing|Any CPU.ActiveCfg = Testing|Any CPU
		{BC9D05CF-21DE-46E3-A3C3-4C9DA4D6F429}.Testing|Any CPU.Build.0 = Testing|Any CPU
		{89879428-8E9B-4C1E-BA8A-320A2CBC0D54}.Local|Any CPU.ActiveCfg = Local|Any CPU
		{89879428-8E9B-4C1E-BA8A-320A2CBC0D54}.Local|Any CPU.Build.0 = Local|Any CPU
		{89879428-8E9B-4C1E-BA8A-320A2CBC0D54}.Debug|Any CPU.ActiveCfg = Debug|Any CPU
		{89879428-8E9B-4C1E-BA8A-320A2CBC0D54}.Debug|Any CPU.Build.0 = Debug|Any CPU
		{89879428-8E9B-4C1E-BA8A-320A2CBC0D54}.Staging|Any CPU.ActiveCfg = Staging|Any CPU
		{89879428-8E9B-4C1E-BA8A-320A2CBC0D54}.Staging|Any CPU.Build.0 = Staging|Any CPU
		{89879428-8E9B-4C1E-BA8A-320A2CBC0D54}.Release|Any CPU.ActiveCfg = Release|Any CPU
		{89879428-8E9B-4C1E-BA8A-320A2CBC0D54}.Release|Any CPU.Build.0 = Release|Any CPU
		{89879428-8E9B-4C1E-BA8A-320A2CBC0D54}.Testing|Any CPU.ActiveCfg = Testing|Any CPU
		{89879428-8E9B-4C1E-BA8A-320A2CBC0D54}.Testing|Any CPU.Build.0 = Testing|Any CPU
		{1027D8AD-47D6-4D76-B0FC-1A26FB24BDA2}.Local|Any CPU.ActiveCfg = Local|Any CPU
		{1027D8AD-47D6-4D76-B0FC-1A26FB24BDA2}.Local|Any CPU.Build.0 = Local|Any CPU
		{1027D8AD-47D6-4D76-B0FC-1A26FB24BDA2}.Debug|Any CPU.ActiveCfg = Debug|Any CPU
		{1027D8AD-47D6-4D76-B0FC-1A26FB24BDA2}.Debug|Any CPU.Build.0 = Debug|Any CPU
		{1027D8AD-47D6-4D76-B0FC-1A26FB24BDA2}.Staging|Any CPU.ActiveCfg = Staging|Any CPU
		{1027D8AD-47D6-4D76-B0FC-1A26FB24BDA2}.Staging|Any CPU.Build.0 = Staging|Any CPU
		{1027D8AD-47D6-4D76-B0FC-1A26FB24BDA2}.Release|Any CPU.ActiveCfg = Release|Any CPU
		{1027D8AD-47D6-4D76-B0FC-1A26FB24BDA2}.Release|Any CPU.Build.0 = Release|Any CPU
		{1027D8AD-47D6-4D76-B0FC-1A26FB24BDA2}.Testing|Any CPU.ActiveCfg = Testing|Any CPU
		{1027D8AD-47D6-4D76-B0FC-1A26FB24BDA2}.Testing|Any CPU.Build.0 = Testing|Any CPU
		{CC01BEBD-4F58-4608-8629-332F4ACC0C0E}.Local|Any CPU.ActiveCfg = Local|Any CPU
		{CC01BEBD-4F58-4608-8629-332F4ACC0C0E}.Local|Any CPU.Build.0 = Local|Any CPU
		{CC01BEBD-4F58-4608-8629-332F4ACC0C0E}.Debug|Any CPU.ActiveCfg = Debug|Any CPU
		{CC01BEBD-4F58-4608-8629-332F4ACC0C0E}.Debug|Any CPU.Build.0 = Debug|Any CPU
		{CC01BEBD-4F58-4608-8629-332F4ACC0C0E}.Staging|Any CPU.ActiveCfg = Staging|Any CPU
		{CC01BEBD-4F58-4608-8629-332F4ACC0C0E}.Staging|Any CPU.Build.0 = Staging|Any CPU
		{CC01BEBD-4F58-4608-8629-332F4ACC0C0E}.Release|Any CPU.ActiveCfg = Release|Any CPU
		{CC01BEBD-4F58-4608-8629-332F4ACC0C0E}.Release|Any CPU.Build.0 = Release|Any CPU
		{CC01BEBD-4F58-4608-8629-332F4ACC0C0E}.Testing|Any CPU.ActiveCfg = Testing|Any CPU
		{CC01BEBD-4F58-4608-8629-332F4ACC0C0E}.Testing|Any CPU.Build.0 = Testing|Any CPU
		{00E8A238-DD68-489A-A521-299DC7E0D0DB}.Local|Any CPU.ActiveCfg = Local|Any CPU
		{00E8A238-DD68-489A-A521-299DC7E0D0DB}.Local|Any CPU.Build.0 = Local|Any CPU
		{00E8A238-DD68-489A-A521-299DC7E0D0DB}.Debug|Any CPU.ActiveCfg = Debug|Any CPU
		{00E8A238-DD68-489A-A521-299DC7E0D0DB}.Debug|Any CPU.Build.0 = Debug|Any CPU
		{00E8A238-DD68-489A-A521-299DC7E0D0DB}.Staging|Any CPU.ActiveCfg = Staging|Any CPU
		{00E8A238-DD68-489A-A521-299DC7E0D0DB}.Staging|Any CPU.Build.0 = Staging|Any CPU
		{00E8A238-DD68-489A-A521-299DC7E0D0DB}.Release|Any CPU.ActiveCfg = Release|Any CPU
		{00E8A238-DD68-489A-A521-299DC7E0D0DB}.Release|Any CPU.Build.0 = Release|Any CPU
		{00E8A238-DD68-489A-A521-299DC7E0D0DB}.Testing|Any CPU.ActiveCfg = Testing|Any CPU
		{00E8A238-DD68-489A-A521-299DC7E0D0DB}.Testing|Any CPU.Build.0 = Testing|Any CPU
		{48123E59-879B-4C43-B876-8BC6449D75C6}.Local|Any CPU.ActiveCfg = Local|Any CPU
		{48123E59-879B-4C43-B876-8BC6449D75C6}.Local|Any CPU.Build.0 = Local|Any CPU
		{48123E59-879B-4C43-B876-8BC6449D75C6}.Debug|Any CPU.ActiveCfg = Debug|Any CPU
		{48123E59-879B-4C43-B876-8BC6449D75C6}.Debug|Any CPU.Build.0 = Debug|Any CPU
		{48123E59-879B-4C43-B876-8BC6449D75C6}.Staging|Any CPU.ActiveCfg = Staging|Any CPU
		{48123E59-879B-4C43-B876-8BC6449D75C6}.Staging|Any CPU.Build.0 = Staging|Any CPU
		{48123E59-879B-4C43-B876-8BC6449D75C6}.Release|Any CPU.ActiveCfg = Release|Any CPU
		{48123E59-879B-4C43-B876-8BC6449D75C6}.Release|Any CPU.Build.0 = Release|Any CPU
		{48123E59-879B-4C43-B876-8BC6449D75C6}.Testing|Any CPU.ActiveCfg = Testing|Any CPU
		{48123E59-879B-4C43-B876-8BC6449D75C6}.Testing|Any CPU.Build.0 = Testing|Any CPU
		{90C4315F-5F15-4689-9FBB-D23DDD1E3696}.Local|Any CPU.ActiveCfg = Local|Any CPU
		{90C4315F-5F15-4689-9FBB-D23DDD1E3696}.Local|Any CPU.Build.0 = Local|Any CPU
		{90C4315F-5F15-4689-9FBB-D23DDD1E3696}.Debug|Any CPU.ActiveCfg = Debug|Any CPU
		{90C4315F-5F15-4689-9FBB-D23DDD1E3696}.Debug|Any CPU.Build.0 = Debug|Any CPU
		{90C4315F-5F15-4689-9FBB-D23DDD1E3696}.Staging|Any CPU.ActiveCfg = Staging|Any CPU
		{90C4315F-5F15-4689-9FBB-D23DDD1E3696}.Staging|Any CPU.Build.0 = Staging|Any CPU
		{90C4315F-5F15-4689-9FBB-D23DDD1E3696}.Release|Any CPU.ActiveCfg = Release|Any CPU
		{90C4315F-5F15-4689-9FBB-D23DDD1E3696}.Release|Any CPU.Build.0 = Release|Any CPU
		{90C4315F-5F15-4689-9FBB-D23DDD1E3696}.Testing|Any CPU.ActiveCfg = Testing|Any CPU
		{90C4315F-5F15-4689-9FBB-D23DDD1E3696}.Testing|Any CPU.Build.0 = Testing|Any CPU
		{D2FAFCBA-51D9-4FD0-9A2F-593DFBE6889D}.Local|Any CPU.ActiveCfg = Local|Any CPU
		{D2FAFCBA-51D9-4FD0-9A2F-593DFBE6889D}.Local|Any CPU.Build.0 = Local|Any CPU
		{D2FAFCBA-51D9-4FD0-9A2F-593DFBE6889D}.Debug|Any CPU.ActiveCfg = Debug|Any CPU
		{D2FAFCBA-51D9-4FD0-9A2F-593DFBE6889D}.Debug|Any CPU.Build.0 = Debug|Any CPU
		{D2FAFCBA-51D9-4FD0-9A2F-593DFBE6889D}.Staging|Any CPU.ActiveCfg = Staging|Any CPU
		{D2FAFCBA-51D9-4FD0-9A2F-593DFBE6889D}.Staging|Any CPU.Build.0 = Staging|Any CPU
		{D2FAFCBA-51D9-4FD0-9A2F-593DFBE6889D}.Release|Any CPU.ActiveCfg = Release|Any CPU
		{D2FAFCBA-51D9-4FD0-9A2F-593DFBE6889D}.Release|Any CPU.Build.0 = Release|Any CPU
		{D2FAFCBA-51D9-4FD0-9A2F-593DFBE6889D}.Testing|Any CPU.ActiveCfg = Testing|Any CPU
		{D2FAFCBA-51D9-4FD0-9A2F-593DFBE6889D}.Testing|Any CPU.Build.0 = Testing|Any CPU
		{AC8115F2-3D6D-44BF-A050-E69D6C17128B}.Local|Any CPU.ActiveCfg = Local|Any CPU
		{AC8115F2-3D6D-44BF-A050-E69D6C17128B}.Local|Any CPU.Build.0 = Local|Any CPU
		{AC8115F2-3D6D-44BF-A050-E69D6C17128B}.Debug|Any CPU.ActiveCfg = Debug|Any CPU
		{AC8115F2-3D6D-44BF-A050-E69D6C17128B}.Debug|Any CPU.Build.0 = Debug|Any CPU
		{AC8115F2-3D6D-44BF-A050-E69D6C17128B}.Staging|Any CPU.ActiveCfg = Staging|Any CPU
		{AC8115F2-3D6D-44BF-A050-E69D6C17128B}.Staging|Any CPU.Build.0 = Staging|Any CPU
		{AC8115F2-3D6D-44BF-A050-E69D6C17128B}.Release|Any CPU.ActiveCfg = Release|Any CPU
		{AC8115F2-3D6D-44BF-A050-E69D6C17128B}.Release|Any CPU.Build.0 = Release|Any CPU
		{AC8115F2-3D6D-44BF-A050-E69D6C17128B}.Testing|Any CPU.ActiveCfg = Testing|Any CPU
		{AC8115F2-3D6D-44BF-A050-E69D6C17128B}.Testing|Any CPU.Build.0 = Testing|Any CPU
	EndGlobalSection
	GlobalSection(SolutionProperties) = preSolution
		HideSolutionNode = FALSE
	EndGlobalSection
	GlobalSection(NestedProjects) = preSolution
		{D5AE69D4-7DD1-465E-8807-2209A18E1F01} = {4AD9AFA4-A94E-46CD-BFF7-376FFE4284C0}
		{7D9898FB-D193-4398-BB00-E2E3FC2377A7} = {4AD9AFA4-A94E-46CD-BFF7-376FFE4284C0}
		{8667CD73-FABD-4444-A200-F1A27939BCCF} = {4AD9AFA4-A94E-46CD-BFF7-376FFE4284C0}
		{4ACE87FA-2B4C-4F01-9FCA-2E50C844FAC1} = {4AD9AFA4-A94E-46CD-BFF7-376FFE4284C0}
		{7A258DBE-DC06-499A-9267-82199CA2645D} = {4AD9AFA4-A94E-46CD-BFF7-376FFE4284C0}
		{CE52967E-402C-4E20-A660-D57BD72D6670} = {4AD9AFA4-A94E-46CD-BFF7-376FFE4284C0}
		{BC9D05CF-21DE-46E3-A3C3-4C9DA4D6F429} = {4AD9AFA4-A94E-46CD-BFF7-376FFE4284C0}
		{89879428-8E9B-4C1E-BA8A-320A2CBC0D54} = {4AD9AFA4-A94E-46CD-BFF7-376FFE4284C0}
		{1027D8AD-47D6-4D76-B0FC-1A26FB24BDA2} = {4AD9AFA4-A94E-46CD-BFF7-376FFE4284C0}
		{CC01BEBD-4F58-4608-8629-332F4ACC0C0E} = {4AD9AFA4-A94E-46CD-BFF7-376FFE4284C0}
		{00E8A238-DD68-489A-A521-299DC7E0D0DB} = {4AD9AFA4-A94E-46CD-BFF7-376FFE4284C0}
		{48123E59-879B-4C43-B876-8BC6449D75C6} = {4AD9AFA4-A94E-46CD-BFF7-376FFE4284C0}
		{90C4315F-5F15-4689-9FBB-D23DDD1E3696} = {4AD9AFA4-A94E-46CD-BFF7-376FFE4284C0}
		{D2FAFCBA-51D9-4FD0-9A2F-593DFBE6889D} = {4AD9AFA4-A94E-46CD-BFF7-376FFE4284C0}
		{AC8115F2-3D6D-44BF-A050-E69D6C17128B} = {4AD9AFA4-A94E-46CD-BFF7-376FFE4284C0}
	EndGlobalSection
	GlobalSection(ExtensibilityGlobals) = postSolution
		SolutionGuid = {42695E77-B236-4C7F-9078-55EEF931DB1E}
	EndGlobalSection
EndGlobal
