Microsoft Visual Studio Solution File, Format Version 12.00
Project("{9A19103F-16F7-4668-BE54-9A1E7A4F7556}") = "JustinWritesCode.AspNetCore.Authorization", "JustinWritesCode.AspNetCore.Authorization.csproj", "{35C1B755-F01D-4529-922E-4C8CAD86172A}"
EndProject
Project("{9A19103F-16F7-4668-BE54-9A1E7A4F7556}") = "JustinWritesCode.Http", "..\Http\Http\JustinWritesCode.Http.csproj", "{74B78EF1-39D2-475A-A3A0-BB28CF93A4E2}"
EndProject
Project("{9A19103F-16F7-4668-BE54-9A1E7A4F7556}") = "System.Net.Mime.MediaTypeNames", "..\Http\MediaTypeNames\System.Net.Mime.MediaTypeNames.csproj", "{5BD031C1-3433-4740-A0A5-92601E905C4F}"
EndProject
Project("{2150E333-8FDC-42A3-9474-1A3956D46DE8}") = "src", "src", "{C1F2BE0D-8F50-41B5-85F1-A569391C2250}"
EndProject
Global
	GlobalSection(SolutionConfigurationPlatforms) = preSolution
		Local|Any CPU = Local|Any CPU
		Debug|Any CPU = Debug|Any CPU
		Staging|Any CPU = Staging|Any CPU
		Release|Any CPU = Release|Any CPU
		Testing|Any CPU = Testing|Any CPU
	EndGlobalSection
	GlobalSection(ProjectConfigurationPlatforms) = postSolution
		{35C1B755-F01D-4529-922E-4C8CAD86172A}.Local|Any CPU.ActiveCfg = Local|Any CPU
		{35C1B755-F01D-4529-922E-4C8CAD86172A}.Local|Any CPU.Build.0 = Local|Any CPU
		{35C1B755-F01D-4529-922E-4C8CAD86172A}.Debug|Any CPU.ActiveCfg = Debug|Any CPU
		{35C1B755-F01D-4529-922E-4C8CAD86172A}.Debug|Any CPU.Build.0 = Debug|Any CPU
		{35C1B755-F01D-4529-922E-4C8CAD86172A}.Staging|Any CPU.ActiveCfg = Staging|Any CPU
		{35C1B755-F01D-4529-922E-4C8CAD86172A}.Staging|Any CPU.Build.0 = Staging|Any CPU
		{35C1B755-F01D-4529-922E-4C8CAD86172A}.Release|Any CPU.ActiveCfg = Release|Any CPU
		{35C1B755-F01D-4529-922E-4C8CAD86172A}.Release|Any CPU.Build.0 = Release|Any CPU
		{35C1B755-F01D-4529-922E-4C8CAD86172A}.Testing|Any CPU.ActiveCfg = Testing|Any CPU
		{35C1B755-F01D-4529-922E-4C8CAD86172A}.Testing|Any CPU.Build.0 = Testing|Any CPU
		{74B78EF1-39D2-475A-A3A0-BB28CF93A4E2}.Local|Any CPU.ActiveCfg = Local|Any CPU
		{74B78EF1-39D2-475A-A3A0-BB28CF93A4E2}.Local|Any CPU.Build.0 = Local|Any CPU
		{74B78EF1-39D2-475A-A3A0-BB28CF93A4E2}.Debug|Any CPU.ActiveCfg = Debug|Any CPU
		{74B78EF1-39D2-475A-A3A0-BB28CF93A4E2}.Debug|Any CPU.Build.0 = Debug|Any CPU
		{74B78EF1-39D2-475A-A3A0-BB28CF93A4E2}.Staging|Any CPU.ActiveCfg = Staging|Any CPU
		{74B78EF1-39D2-475A-A3A0-BB28CF93A4E2}.Staging|Any CPU.Build.0 = Staging|Any CPU
		{74B78EF1-39D2-475A-A3A0-BB28CF93A4E2}.Release|Any CPU.ActiveCfg = Release|Any CPU
		{74B78EF1-39D2-475A-A3A0-BB28CF93A4E2}.Release|Any CPU.Build.0 = Release|Any CPU
		{74B78EF1-39D2-475A-A3A0-BB28CF93A4E2}.Testing|Any CPU.ActiveCfg = Testing|Any CPU
		{74B78EF1-39D2-475A-A3A0-BB28CF93A4E2}.Testing|Any CPU.Build.0 = Testing|Any CPU
		{5BD031C1-3433-4740-A0A5-92601E905C4F}.Local|Any CPU.ActiveCfg = Local|Any CPU
		{5BD031C1-3433-4740-A0A5-92601E905C4F}.Local|Any CPU.Build.0 = Local|Any CPU
		{5BD031C1-3433-4740-A0A5-92601E905C4F}.Debug|Any CPU.ActiveCfg = Debug|Any CPU
		{5BD031C1-3433-4740-A0A5-92601E905C4F}.Debug|Any CPU.Build.0 = Debug|Any CPU
		{5BD031C1-3433-4740-A0A5-92601E905C4F}.Staging|Any CPU.ActiveCfg = Staging|Any CPU
		{5BD031C1-3433-4740-A0A5-92601E905C4F}.Staging|Any CPU.Build.0 = Staging|Any CPU
		{5BD031C1-3433-4740-A0A5-92601E905C4F}.Release|Any CPU.ActiveCfg = Release|Any CPU
		{5BD031C1-3433-4740-A0A5-92601E905C4F}.Release|Any CPU.Build.0 = Release|Any CPU
		{5BD031C1-3433-4740-A0A5-92601E905C4F}.Testing|Any CPU.ActiveCfg = Testing|Any CPU
		{5BD031C1-3433-4740-A0A5-92601E905C4F}.Testing|Any CPU.Build.0 = Testing|Any CPU
	EndGlobalSection
	GlobalSection(SolutionProperties) = preSolution
		HideSolutionNode = FALSE
	EndGlobalSection
	GlobalSection(NestedProjects) = preSolution
		{35C1B755-F01D-4529-922E-4C8CAD86172A} = {C1F2BE0D-8F50-41B5-85F1-A569391C2250}
		{74B78EF1-39D2-475A-A3A0-BB28CF93A4E2} = {C1F2BE0D-8F50-41B5-85F1-A569391C2250}
		{5BD031C1-3433-4740-A0A5-92601E905C4F} = {C1F2BE0D-8F50-41B5-85F1-A569391C2250}
	EndGlobalSection
	GlobalSection(ExtensibilityGlobals) = postSolution
		SolutionGuid = {5713A3C4-6AAC-4169-B7D7-F6F37F169DAD}
	EndGlobalSection
EndGlobal
