Microsoft Visual Studio Solution File, Format Version 12.00
Project("{9A19103F-16F7-4668-BE54-9A1E7A4F7556}") = "JustinWritesCode.AspNetCore.Authorization", "JustinWritesCode.AspNetCore.Authorization.csproj", "{35C1B755-F01D-4529-922E-4C8CAD86172A}"
EndProject
Project("{9A19103F-16F7-4668-BE54-9A1E7A4F7556}") = "JustinWritesCode.AspNetCore.Hashids", "..\Hashids\JustinWritesCode.AspNetCore.Hashids.csproj", "{75A4E918-D05E-444E-A1DD-A5F45E45C2F8}"
EndProject
Project("{9A19103F-16F7-4668-BE54-9A1E7A4F7556}") = "JustinWritesCode.Http.Extensions", "..\Http\Extensions\JustinWritesCode.Http.Extensions.csproj", "{CF217171-5DC2-47A1-A38F-729B152E6EF3}"
EndProject
Project("{9A19103F-16F7-4668-BE54-9A1E7A4F7556}") = "JustinWritesCode.Http", "..\Http\Http\JustinWritesCode.Http.csproj", "{74B78EF1-39D2-475A-A3A0-BB28CF93A4E2}"
EndProject
Project("{9A19103F-16F7-4668-BE54-9A1E7A4F7556}") = "System.Net.Mime.MediaTypeNames", "..\Http\MediaTypeNames\System.Net.Mime.MediaTypeNames.csproj", "{5BD031C1-3433-4740-A0A5-92601E905C4F}"
EndProject
Project("{9A19103F-16F7-4668-BE54-9A1E7A4F7556}") = "JustinWritesCode.Payloads", "..\Payloads\JustinWritesCode.Payloads.csproj", "{1B55BDBF-8FE0-4DD9-81BF-60F1A353BA55}"
EndProject
Project("{9A19103F-16F7-4668-BE54-9A1E7A4F7556}") = "JustinWritesCode.Identity.Abstractions", "..\..\..\Identity\src\Abstractions\JustinWritesCode.Identity.Abstractions.csproj", "{CE837DA4-9349-4241-B77A-BF084636A3FB}"
EndProject
Project("{9A19103F-16F7-4668-BE54-9A1E7A4F7556}") = "JustinWritesCode.Identity.AspNetCore", "..\..\..\Identity\src\AspNetCore\JustinWritesCode.Identity.AspNetCore.csproj", "{38D95E4A-B6F8-4ED8-9248-C7200939CF72}"
EndProject
Project("{9A19103F-16F7-4668-BE54-9A1E7A4F7556}") = "JustinWritesCode.Identity.Claims", "..\..\..\Identity\src\Claims\JustinWritesCode.Identity.Claims.csproj", "{00A2B3D0-6B2E-446E-8A2C-A4F49CF91B7E}"
EndProject
Project("{9A19103F-16F7-4668-BE54-9A1E7A4F7556}") = "JustinWritesCode.Identity.Constants", "..\..\..\Identity\src\Constants\JustinWritesCode.Identity.Constants.csproj", "{F33641EF-B55F-4659-9FC8-26B60B199D3D}"
EndProject
Project("{9A19103F-16F7-4668-BE54-9A1E7A4F7556}") = "JustinWritesCode.Identity.EntityFrameworkCore", "..\..\..\Identity\src\EntityFrameworkCore\JustinWritesCode.Identity.EntityFrameworkCore.csproj", "{49585588-E920-4F55-AED9-90B6F6F9AE3A}"
EndProject
Project("{9A19103F-16F7-4668-BE54-9A1E7A4F7556}") = "JustinWritesCode.Identity.Models", "..\..\..\Identity\src\Models\JustinWritesCode.Identity.Models.csproj", "{2FC47079-8523-49E5-A350-94B6DD7FB2F5}"
EndProject
Project("{9A19103F-16F7-4668-BE54-9A1E7A4F7556}") = "SendPulse.Data", "..\..\..\SendPulse\src\Data\SendPulse.Data.csproj", "{96A34B82-DB9D-4AB2-A827-0B4CDCBCB6DF}"
EndProject
Project("{9A19103F-16F7-4668-BE54-9A1E7A4F7556}") = "SendPulse.Telegram", "..\..\..\SendPulse\src\Telegram\SendPulse.Telegram.csproj", "{4280A0B5-2AC4-40CC-B301-FB0CB0B19DAD}"
EndProject
Project("{9A19103F-16F7-4668-BE54-9A1E7A4F7556}") = "Telegram.Identity", "..\..\..\Telegram\src\Identity\Telegram.Identity.csproj", "{98ED0CA3-66F4-4B29-BE16-D757033034FA}"
EndProject
Project("{9A19103F-16F7-4668-BE54-9A1E7A4F7556}") = "Telegram.Bot.Extensions", "..\..\..\Telegram\src\Telegram\Telegram.Bot.Extensions.csproj", "{6B36DC4D-E1B3-428C-8AA1-772DD7447607}"
EndProject
Project("{9A19103F-16F7-4668-BE54-9A1E7A4F7556}") = "JustinWritesCode.Tuples", "..\..\..\Types\src\Core\Tuples\JustinWritesCode.Tuples.csproj", "{220CC867-164B-4426-879F-35AEEF8A5604}"
EndProject
Project("{9A19103F-16F7-4668-BE54-9A1E7A4F7556}") = "JustinWritesCode.Domain", "..\..\..\Types\src\Domain\JustinWritesCode.Domain.csproj", "{70485BEA-E083-40DC-8469-EDB359A9CD91}"
EndProject
Project("{2150E333-8FDC-42A3-9474-1A3956D46DE8}") = "src", "src", "{C1F2BE0D-8F50-41B5-85F1-A569391C2250}"
EndProject
Project("{2150E333-8FDC-42A3-9474-1A3956D46DE8}") = "Domain", "Domain", "{2728DB6A-69F6-45D8-8D99-23EA5804E008}"
EndProject
Global
	GlobalSection(SolutionConfigurationPlatforms) = preSolution
		Local|Any CPU = Local|Any CPU
		Debug|Any CPU = Debug|Any CPU
		Staging|Any CPU = Staging|Any CPU
		Release|Any CPU = Release|Any CPU
		Testing|Any CPU = Testing|Any CPU
	EndGlobalSection
	GlobalSection(ProjectConfigurationPlatforms) = postSolution
		{35C1B755-F01D-4529-922E-4C8CAD86172A}.Local|Any CPU.ActiveCfg = Local|Any CPU
		{35C1B755-F01D-4529-922E-4C8CAD86172A}.Local|Any CPU.Build.0 = Local|Any CPU
		{35C1B755-F01D-4529-922E-4C8CAD86172A}.Debug|Any CPU.ActiveCfg = Debug|Any CPU
		{35C1B755-F01D-4529-922E-4C8CAD86172A}.Debug|Any CPU.Build.0 = Debug|Any CPU
		{35C1B755-F01D-4529-922E-4C8CAD86172A}.Staging|Any CPU.ActiveCfg = Staging|Any CPU
		{35C1B755-F01D-4529-922E-4C8CAD86172A}.Staging|Any CPU.Build.0 = Staging|Any CPU
		{35C1B755-F01D-4529-922E-4C8CAD86172A}.Release|Any CPU.ActiveCfg = Release|Any CPU
		{35C1B755-F01D-4529-922E-4C8CAD86172A}.Release|Any CPU.Build.0 = Release|Any CPU
		{35C1B755-F01D-4529-922E-4C8CAD86172A}.Testing|Any CPU.ActiveCfg = Testing|Any CPU
		{35C1B755-F01D-4529-922E-4C8CAD86172A}.Testing|Any CPU.Build.0 = Testing|Any CPU
		{75A4E918-D05E-444E-A1DD-A5F45E45C2F8}.Local|Any CPU.ActiveCfg = Local|Any CPU
		{75A4E918-D05E-444E-A1DD-A5F45E45C2F8}.Local|Any CPU.Build.0 = Local|Any CPU
		{75A4E918-D05E-444E-A1DD-A5F45E45C2F8}.Debug|Any CPU.ActiveCfg = Debug|Any CPU
		{75A4E918-D05E-444E-A1DD-A5F45E45C2F8}.Debug|Any CPU.Build.0 = Debug|Any CPU
		{75A4E918-D05E-444E-A1DD-A5F45E45C2F8}.Staging|Any CPU.ActiveCfg = Staging|Any CPU
		{75A4E918-D05E-444E-A1DD-A5F45E45C2F8}.Staging|Any CPU.Build.0 = Staging|Any CPU
		{75A4E918-D05E-444E-A1DD-A5F45E45C2F8}.Release|Any CPU.ActiveCfg = Release|Any CPU
		{75A4E918-D05E-444E-A1DD-A5F45E45C2F8}.Release|Any CPU.Build.0 = Release|Any CPU
		{75A4E918-D05E-444E-A1DD-A5F45E45C2F8}.Testing|Any CPU.ActiveCfg = Testing|Any CPU
		{75A4E918-D05E-444E-A1DD-A5F45E45C2F8}.Testing|Any CPU.Build.0 = Testing|Any CPU
		{CF217171-5DC2-47A1-A38F-729B152E6EF3}.Local|Any CPU.ActiveCfg = Local|Any CPU
		{CF217171-5DC2-47A1-A38F-729B152E6EF3}.Local|Any CPU.Build.0 = Local|Any CPU
		{CF217171-5DC2-47A1-A38F-729B152E6EF3}.Debug|Any CPU.ActiveCfg = Debug|Any CPU
		{CF217171-5DC2-47A1-A38F-729B152E6EF3}.Debug|Any CPU.Build.0 = Debug|Any CPU
		{CF217171-5DC2-47A1-A38F-729B152E6EF3}.Staging|Any CPU.ActiveCfg = Staging|Any CPU
		{CF217171-5DC2-47A1-A38F-729B152E6EF3}.Staging|Any CPU.Build.0 = Staging|Any CPU
		{CF217171-5DC2-47A1-A38F-729B152E6EF3}.Release|Any CPU.ActiveCfg = Release|Any CPU
		{CF217171-5DC2-47A1-A38F-729B152E6EF3}.Release|Any CPU.Build.0 = Release|Any CPU
		{CF217171-5DC2-47A1-A38F-729B152E6EF3}.Testing|Any CPU.ActiveCfg = Testing|Any CPU
		{CF217171-5DC2-47A1-A38F-729B152E6EF3}.Testing|Any CPU.Build.0 = Testing|Any CPU
		{74B78EF1-39D2-475A-A3A0-BB28CF93A4E2}.Local|Any CPU.ActiveCfg = Local|Any CPU
		{74B78EF1-39D2-475A-A3A0-BB28CF93A4E2}.Local|Any CPU.Build.0 = Local|Any CPU
		{74B78EF1-39D2-475A-A3A0-BB28CF93A4E2}.Debug|Any CPU.ActiveCfg = Debug|Any CPU
		{74B78EF1-39D2-475A-A3A0-BB28CF93A4E2}.Debug|Any CPU.Build.0 = Debug|Any CPU
		{74B78EF1-39D2-475A-A3A0-BB28CF93A4E2}.Staging|Any CPU.ActiveCfg = Staging|Any CPU
		{74B78EF1-39D2-475A-A3A0-BB28CF93A4E2}.Staging|Any CPU.Build.0 = Staging|Any CPU
		{74B78EF1-39D2-475A-A3A0-BB28CF93A4E2}.Release|Any CPU.ActiveCfg = Release|Any CPU
		{74B78EF1-39D2-475A-A3A0-BB28CF93A4E2}.Release|Any CPU.Build.0 = Release|Any CPU
		{74B78EF1-39D2-475A-A3A0-BB28CF93A4E2}.Testing|Any CPU.ActiveCfg = Testing|Any CPU
		{74B78EF1-39D2-475A-A3A0-BB28CF93A4E2}.Testing|Any CPU.Build.0 = Testing|Any CPU
		{5BD031C1-3433-4740-A0A5-92601E905C4F}.Local|Any CPU.ActiveCfg = Local|Any CPU
		{5BD031C1-3433-4740-A0A5-92601E905C4F}.Local|Any CPU.Build.0 = Local|Any CPU
		{5BD031C1-3433-4740-A0A5-92601E905C4F}.Debug|Any CPU.ActiveCfg = Debug|Any CPU
		{5BD031C1-3433-4740-A0A5-92601E905C4F}.Debug|Any CPU.Build.0 = Debug|Any CPU
		{5BD031C1-3433-4740-A0A5-92601E905C4F}.Staging|Any CPU.ActiveCfg = Staging|Any CPU
		{5BD031C1-3433-4740-A0A5-92601E905C4F}.Staging|Any CPU.Build.0 = Staging|Any CPU
		{5BD031C1-3433-4740-A0A5-92601E905C4F}.Release|Any CPU.ActiveCfg = Release|Any CPU
		{5BD031C1-3433-4740-A0A5-92601E905C4F}.Release|Any CPU.Build.0 = Release|Any CPU
		{5BD031C1-3433-4740-A0A5-92601E905C4F}.Testing|Any CPU.ActiveCfg = Testing|Any CPU
		{5BD031C1-3433-4740-A0A5-92601E905C4F}.Testing|Any CPU.Build.0 = Testing|Any CPU
		{1B55BDBF-8FE0-4DD9-81BF-60F1A353BA55}.Local|Any CPU.ActiveCfg = Local|Any CPU
		{1B55BDBF-8FE0-4DD9-81BF-60F1A353BA55}.Local|Any CPU.Build.0 = Local|Any CPU
		{1B55BDBF-8FE0-4DD9-81BF-60F1A353BA55}.Debug|Any CPU.ActiveCfg = Debug|Any CPU
		{1B55BDBF-8FE0-4DD9-81BF-60F1A353BA55}.Debug|Any CPU.Build.0 = Debug|Any CPU
		{1B55BDBF-8FE0-4DD9-81BF-60F1A353BA55}.Staging|Any CPU.ActiveCfg = Staging|Any CPU
		{1B55BDBF-8FE0-4DD9-81BF-60F1A353BA55}.Staging|Any CPU.Build.0 = Staging|Any CPU
		{1B55BDBF-8FE0-4DD9-81BF-60F1A353BA55}.Release|Any CPU.ActiveCfg = Release|Any CPU
		{1B55BDBF-8FE0-4DD9-81BF-60F1A353BA55}.Release|Any CPU.Build.0 = Release|Any CPU
		{1B55BDBF-8FE0-4DD9-81BF-60F1A353BA55}.Testing|Any CPU.ActiveCfg = Testing|Any CPU
		{1B55BDBF-8FE0-4DD9-81BF-60F1A353BA55}.Testing|Any CPU.Build.0 = Testing|Any CPU
		{CE837DA4-9349-4241-B77A-BF084636A3FB}.Local|Any CPU.ActiveCfg = Local|Any CPU
		{CE837DA4-9349-4241-B77A-BF084636A3FB}.Local|Any CPU.Build.0 = Local|Any CPU
		{CE837DA4-9349-4241-B77A-BF084636A3FB}.Debug|Any CPU.ActiveCfg = Debug|Any CPU
		{CE837DA4-9349-4241-B77A-BF084636A3FB}.Debug|Any CPU.Build.0 = Debug|Any CPU
		{CE837DA4-9349-4241-B77A-BF084636A3FB}.Staging|Any CPU.ActiveCfg = Staging|Any CPU
		{CE837DA4-9349-4241-B77A-BF084636A3FB}.Staging|Any CPU.Build.0 = Staging|Any CPU
		{CE837DA4-9349-4241-B77A-BF084636A3FB}.Release|Any CPU.ActiveCfg = Release|Any CPU
		{CE837DA4-9349-4241-B77A-BF084636A3FB}.Release|Any CPU.Build.0 = Release|Any CPU
		{CE837DA4-9349-4241-B77A-BF084636A3FB}.Testing|Any CPU.ActiveCfg = Testing|Any CPU
		{CE837DA4-9349-4241-B77A-BF084636A3FB}.Testing|Any CPU.Build.0 = Testing|Any CPU
		{38D95E4A-B6F8-4ED8-9248-C7200939CF72}.Local|Any CPU.ActiveCfg = Local|Any CPU
		{38D95E4A-B6F8-4ED8-9248-C7200939CF72}.Local|Any CPU.Build.0 = Local|Any CPU
		{38D95E4A-B6F8-4ED8-9248-C7200939CF72}.Debug|Any CPU.ActiveCfg = Debug|Any CPU
		{38D95E4A-B6F8-4ED8-9248-C7200939CF72}.Debug|Any CPU.Build.0 = Debug|Any CPU
		{38D95E4A-B6F8-4ED8-9248-C7200939CF72}.Staging|Any CPU.ActiveCfg = Staging|Any CPU
		{38D95E4A-B6F8-4ED8-9248-C7200939CF72}.Staging|Any CPU.Build.0 = Staging|Any CPU
		{38D95E4A-B6F8-4ED8-9248-C7200939CF72}.Release|Any CPU.ActiveCfg = Release|Any CPU
		{38D95E4A-B6F8-4ED8-9248-C7200939CF72}.Release|Any CPU.Build.0 = Release|Any CPU
		{38D95E4A-B6F8-4ED8-9248-C7200939CF72}.Testing|Any CPU.ActiveCfg = Testing|Any CPU
		{38D95E4A-B6F8-4ED8-9248-C7200939CF72}.Testing|Any CPU.Build.0 = Testing|Any CPU
		{00A2B3D0-6B2E-446E-8A2C-A4F49CF91B7E}.Local|Any CPU.ActiveCfg = Local|Any CPU
		{00A2B3D0-6B2E-446E-8A2C-A4F49CF91B7E}.Local|Any CPU.Build.0 = Local|Any CPU
		{00A2B3D0-6B2E-446E-8A2C-A4F49CF91B7E}.Debug|Any CPU.ActiveCfg = Debug|Any CPU
		{00A2B3D0-6B2E-446E-8A2C-A4F49CF91B7E}.Debug|Any CPU.Build.0 = Debug|Any CPU
		{00A2B3D0-6B2E-446E-8A2C-A4F49CF91B7E}.Staging|Any CPU.ActiveCfg = Staging|Any CPU
		{00A2B3D0-6B2E-446E-8A2C-A4F49CF91B7E}.Staging|Any CPU.Build.0 = Staging|Any CPU
		{00A2B3D0-6B2E-446E-8A2C-A4F49CF91B7E}.Release|Any CPU.ActiveCfg = Release|Any CPU
		{00A2B3D0-6B2E-446E-8A2C-A4F49CF91B7E}.Release|Any CPU.Build.0 = Release|Any CPU
		{00A2B3D0-6B2E-446E-8A2C-A4F49CF91B7E}.Testing|Any CPU.ActiveCfg = Testing|Any CPU
		{00A2B3D0-6B2E-446E-8A2C-A4F49CF91B7E}.Testing|Any CPU.Build.0 = Testing|Any CPU
		{F33641EF-B55F-4659-9FC8-26B60B199D3D}.Local|Any CPU.ActiveCfg = Local|Any CPU
		{F33641EF-B55F-4659-9FC8-26B60B199D3D}.Local|Any CPU.Build.0 = Local|Any CPU
		{F33641EF-B55F-4659-9FC8-26B60B199D3D}.Debug|Any CPU.ActiveCfg = Debug|Any CPU
		{F33641EF-B55F-4659-9FC8-26B60B199D3D}.Debug|Any CPU.Build.0 = Debug|Any CPU
		{F33641EF-B55F-4659-9FC8-26B60B199D3D}.Staging|Any CPU.ActiveCfg = Staging|Any CPU
		{F33641EF-B55F-4659-9FC8-26B60B199D3D}.Staging|Any CPU.Build.0 = Staging|Any CPU
		{F33641EF-B55F-4659-9FC8-26B60B199D3D}.Release|Any CPU.ActiveCfg = Release|Any CPU
		{F33641EF-B55F-4659-9FC8-26B60B199D3D}.Release|Any CPU.Build.0 = Release|Any CPU
		{F33641EF-B55F-4659-9FC8-26B60B199D3D}.Testing|Any CPU.ActiveCfg = Testing|Any CPU
		{F33641EF-B55F-4659-9FC8-26B60B199D3D}.Testing|Any CPU.Build.0 = Testing|Any CPU
		{49585588-E920-4F55-AED9-90B6F6F9AE3A}.Local|Any CPU.ActiveCfg = Local|Any CPU
		{49585588-E920-4F55-AED9-90B6F6F9AE3A}.Local|Any CPU.Build.0 = Local|Any CPU
		{49585588-E920-4F55-AED9-90B6F6F9AE3A}.Debug|Any CPU.ActiveCfg = Debug|Any CPU
		{49585588-E920-4F55-AED9-90B6F6F9AE3A}.Debug|Any CPU.Build.0 = Debug|Any CPU
		{49585588-E920-4F55-AED9-90B6F6F9AE3A}.Staging|Any CPU.ActiveCfg = Staging|Any CPU
		{49585588-E920-4F55-AED9-90B6F6F9AE3A}.Staging|Any CPU.Build.0 = Staging|Any CPU
		{49585588-E920-4F55-AED9-90B6F6F9AE3A}.Release|Any CPU.ActiveCfg = Release|Any CPU
		{49585588-E920-4F55-AED9-90B6F6F9AE3A}.Release|Any CPU.Build.0 = Release|Any CPU
		{49585588-E920-4F55-AED9-90B6F6F9AE3A}.Testing|Any CPU.ActiveCfg = Testing|Any CPU
		{49585588-E920-4F55-AED9-90B6F6F9AE3A}.Testing|Any CPU.Build.0 = Testing|Any CPU
		{2FC47079-8523-49E5-A350-94B6DD7FB2F5}.Local|Any CPU.ActiveCfg = Local|Any CPU
		{2FC47079-8523-49E5-A350-94B6DD7FB2F5}.Local|Any CPU.Build.0 = Local|Any CPU
		{2FC47079-8523-49E5-A350-94B6DD7FB2F5}.Debug|Any CPU.ActiveCfg = Debug|Any CPU
		{2FC47079-8523-49E5-A350-94B6DD7FB2F5}.Debug|Any CPU.Build.0 = Debug|Any CPU
		{2FC47079-8523-49E5-A350-94B6DD7FB2F5}.Staging|Any CPU.ActiveCfg = Staging|Any CPU
		{2FC47079-8523-49E5-A350-94B6DD7FB2F5}.Staging|Any CPU.Build.0 = Staging|Any CPU
		{2FC47079-8523-49E5-A350-94B6DD7FB2F5}.Release|Any CPU.ActiveCfg = Release|Any CPU
		{2FC47079-8523-49E5-A350-94B6DD7FB2F5}.Release|Any CPU.Build.0 = Release|Any CPU
		{2FC47079-8523-49E5-A350-94B6DD7FB2F5}.Testing|Any CPU.ActiveCfg = Testing|Any CPU
		{2FC47079-8523-49E5-A350-94B6DD7FB2F5}.Testing|Any CPU.Build.0 = Testing|Any CPU
		{96A34B82-DB9D-4AB2-A827-0B4CDCBCB6DF}.Local|Any CPU.ActiveCfg = Local|Any CPU
		{96A34B82-DB9D-4AB2-A827-0B4CDCBCB6DF}.Local|Any CPU.Build.0 = Local|Any CPU
		{96A34B82-DB9D-4AB2-A827-0B4CDCBCB6DF}.Debug|Any CPU.ActiveCfg = Debug|Any CPU
		{96A34B82-DB9D-4AB2-A827-0B4CDCBCB6DF}.Debug|Any CPU.Build.0 = Debug|Any CPU
		{96A34B82-DB9D-4AB2-A827-0B4CDCBCB6DF}.Staging|Any CPU.ActiveCfg = Staging|Any CPU
		{96A34B82-DB9D-4AB2-A827-0B4CDCBCB6DF}.Staging|Any CPU.Build.0 = Staging|Any CPU
		{96A34B82-DB9D-4AB2-A827-0B4CDCBCB6DF}.Release|Any CPU.ActiveCfg = Release|Any CPU
		{96A34B82-DB9D-4AB2-A827-0B4CDCBCB6DF}.Release|Any CPU.Build.0 = Release|Any CPU
		{96A34B82-DB9D-4AB2-A827-0B4CDCBCB6DF}.Testing|Any CPU.ActiveCfg = Testing|Any CPU
		{96A34B82-DB9D-4AB2-A827-0B4CDCBCB6DF}.Testing|Any CPU.Build.0 = Testing|Any CPU
		{4280A0B5-2AC4-40CC-B301-FB0CB0B19DAD}.Local|Any CPU.ActiveCfg = Local|Any CPU
		{4280A0B5-2AC4-40CC-B301-FB0CB0B19DAD}.Local|Any CPU.Build.0 = Local|Any CPU
		{4280A0B5-2AC4-40CC-B301-FB0CB0B19DAD}.Debug|Any CPU.ActiveCfg = Debug|Any CPU
		{4280A0B5-2AC4-40CC-B301-FB0CB0B19DAD}.Debug|Any CPU.Build.0 = Debug|Any CPU
		{4280A0B5-2AC4-40CC-B301-FB0CB0B19DAD}.Staging|Any CPU.ActiveCfg = Staging|Any CPU
		{4280A0B5-2AC4-40CC-B301-FB0CB0B19DAD}.Staging|Any CPU.Build.0 = Staging|Any CPU
		{4280A0B5-2AC4-40CC-B301-FB0CB0B19DAD}.Release|Any CPU.ActiveCfg = Release|Any CPU
		{4280A0B5-2AC4-40CC-B301-FB0CB0B19DAD}.Release|Any CPU.Build.0 = Release|Any CPU
		{4280A0B5-2AC4-40CC-B301-FB0CB0B19DAD}.Testing|Any CPU.ActiveCfg = Testing|Any CPU
		{4280A0B5-2AC4-40CC-B301-FB0CB0B19DAD}.Testing|Any CPU.Build.0 = Testing|Any CPU
		{98ED0CA3-66F4-4B29-BE16-D757033034FA}.Local|Any CPU.ActiveCfg = Local|Any CPU
		{98ED0CA3-66F4-4B29-BE16-D757033034FA}.Local|Any CPU.Build.0 = Local|Any CPU
		{98ED0CA3-66F4-4B29-BE16-D757033034FA}.Debug|Any CPU.ActiveCfg = Debug|Any CPU
		{98ED0CA3-66F4-4B29-BE16-D757033034FA}.Debug|Any CPU.Build.0 = Debug|Any CPU
		{98ED0CA3-66F4-4B29-BE16-D757033034FA}.Staging|Any CPU.ActiveCfg = Staging|Any CPU
		{98ED0CA3-66F4-4B29-BE16-D757033034FA}.Staging|Any CPU.Build.0 = Staging|Any CPU
		{98ED0CA3-66F4-4B29-BE16-D757033034FA}.Release|Any CPU.ActiveCfg = Release|Any CPU
		{98ED0CA3-66F4-4B29-BE16-D757033034FA}.Release|Any CPU.Build.0 = Release|Any CPU
		{98ED0CA3-66F4-4B29-BE16-D757033034FA}.Testing|Any CPU.ActiveCfg = Testing|Any CPU
		{98ED0CA3-66F4-4B29-BE16-D757033034FA}.Testing|Any CPU.Build.0 = Testing|Any CPU
		{6B36DC4D-E1B3-428C-8AA1-772DD7447607}.Local|Any CPU.ActiveCfg = Local|Any CPU
		{6B36DC4D-E1B3-428C-8AA1-772DD7447607}.Local|Any CPU.Build.0 = Local|Any CPU
		{6B36DC4D-E1B3-428C-8AA1-772DD7447607}.Debug|Any CPU.ActiveCfg = Debug|Any CPU
		{6B36DC4D-E1B3-428C-8AA1-772DD7447607}.Debug|Any CPU.Build.0 = Debug|Any CPU
		{6B36DC4D-E1B3-428C-8AA1-772DD7447607}.Staging|Any CPU.ActiveCfg = Staging|Any CPU
		{6B36DC4D-E1B3-428C-8AA1-772DD7447607}.Staging|Any CPU.Build.0 = Staging|Any CPU
		{6B36DC4D-E1B3-428C-8AA1-772DD7447607}.Release|Any CPU.ActiveCfg = Release|Any CPU
		{6B36DC4D-E1B3-428C-8AA1-772DD7447607}.Release|Any CPU.Build.0 = Release|Any CPU
		{6B36DC4D-E1B3-428C-8AA1-772DD7447607}.Testing|Any CPU.ActiveCfg = Testing|Any CPU
		{6B36DC4D-E1B3-428C-8AA1-772DD7447607}.Testing|Any CPU.Build.0 = Testing|Any CPU
		{220CC867-164B-4426-879F-35AEEF8A5604}.Local|Any CPU.ActiveCfg = Local|Any CPU
		{220CC867-164B-4426-879F-35AEEF8A5604}.Local|Any CPU.Build.0 = Local|Any CPU
		{220CC867-164B-4426-879F-35AEEF8A5604}.Debug|Any CPU.ActiveCfg = Debug|Any CPU
		{220CC867-164B-4426-879F-35AEEF8A5604}.Debug|Any CPU.Build.0 = Debug|Any CPU
		{220CC867-164B-4426-879F-35AEEF8A5604}.Staging|Any CPU.ActiveCfg = Staging|Any CPU
		{220CC867-164B-4426-879F-35AEEF8A5604}.Staging|Any CPU.Build.0 = Staging|Any CPU
		{220CC867-164B-4426-879F-35AEEF8A5604}.Release|Any CPU.ActiveCfg = Release|Any CPU
		{220CC867-164B-4426-879F-35AEEF8A5604}.Release|Any CPU.Build.0 = Release|Any CPU
		{220CC867-164B-4426-879F-35AEEF8A5604}.Testing|Any CPU.ActiveCfg = Testing|Any CPU
		{220CC867-164B-4426-879F-35AEEF8A5604}.Testing|Any CPU.Build.0 = Testing|Any CPU
		{70485BEA-E083-40DC-8469-EDB359A9CD91}.Local|Any CPU.ActiveCfg = Local|Any CPU
		{70485BEA-E083-40DC-8469-EDB359A9CD91}.Local|Any CPU.Build.0 = Local|Any CPU
		{70485BEA-E083-40DC-8469-EDB359A9CD91}.Debug|Any CPU.ActiveCfg = Debug|Any CPU
		{70485BEA-E083-40DC-8469-EDB359A9CD91}.Debug|Any CPU.Build.0 = Debug|Any CPU
		{70485BEA-E083-40DC-8469-EDB359A9CD91}.Staging|Any CPU.ActiveCfg = Staging|Any CPU
		{70485BEA-E083-40DC-8469-EDB359A9CD91}.Staging|Any CPU.Build.0 = Staging|Any CPU
		{70485BEA-E083-40DC-8469-EDB359A9CD91}.Release|Any CPU.ActiveCfg = Release|Any CPU
		{70485BEA-E083-40DC-8469-EDB359A9CD91}.Release|Any CPU.Build.0 = Release|Any CPU
		{70485BEA-E083-40DC-8469-EDB359A9CD91}.Testing|Any CPU.ActiveCfg = Testing|Any CPU
		{70485BEA-E083-40DC-8469-EDB359A9CD91}.Testing|Any CPU.Build.0 = Testing|Any CPU
	EndGlobalSection
	GlobalSection(SolutionProperties) = preSolution
		HideSolutionNode = FALSE
	EndGlobalSection
	GlobalSection(NestedProjects) = preSolution
		{35C1B755-F01D-4529-922E-4C8CAD86172A} = {C1F2BE0D-8F50-41B5-85F1-A569391C2250}
		{75A4E918-D05E-444E-A1DD-A5F45E45C2F8} = {C1F2BE0D-8F50-41B5-85F1-A569391C2250}
		{CF217171-5DC2-47A1-A38F-729B152E6EF3} = {C1F2BE0D-8F50-41B5-85F1-A569391C2250}
		{74B78EF1-39D2-475A-A3A0-BB28CF93A4E2} = {C1F2BE0D-8F50-41B5-85F1-A569391C2250}
		{5BD031C1-3433-4740-A0A5-92601E905C4F} = {C1F2BE0D-8F50-41B5-85F1-A569391C2250}
		{1B55BDBF-8FE0-4DD9-81BF-60F1A353BA55} = {C1F2BE0D-8F50-41B5-85F1-A569391C2250}
		{CE837DA4-9349-4241-B77A-BF084636A3FB} = {C1F2BE0D-8F50-41B5-85F1-A569391C2250}
		{38D95E4A-B6F8-4ED8-9248-C7200939CF72} = {C1F2BE0D-8F50-41B5-85F1-A569391C2250}
		{00A2B3D0-6B2E-446E-8A2C-A4F49CF91B7E} = {C1F2BE0D-8F50-41B5-85F1-A569391C2250}
		{F33641EF-B55F-4659-9FC8-26B60B199D3D} = {C1F2BE0D-8F50-41B5-85F1-A569391C2250}
		{49585588-E920-4F55-AED9-90B6F6F9AE3A} = {C1F2BE0D-8F50-41B5-85F1-A569391C2250}
		{2FC47079-8523-49E5-A350-94B6DD7FB2F5} = {C1F2BE0D-8F50-41B5-85F1-A569391C2250}
		{96A34B82-DB9D-4AB2-A827-0B4CDCBCB6DF} = {C1F2BE0D-8F50-41B5-85F1-A569391C2250}
		{4280A0B5-2AC4-40CC-B301-FB0CB0B19DAD} = {C1F2BE0D-8F50-41B5-85F1-A569391C2250}
		{98ED0CA3-66F4-4B29-BE16-D757033034FA} = {C1F2BE0D-8F50-41B5-85F1-A569391C2250}
		{6B36DC4D-E1B3-428C-8AA1-772DD7447607} = {C1F2BE0D-8F50-41B5-85F1-A569391C2250}
		{220CC867-164B-4426-879F-35AEEF8A5604} = {C1F2BE0D-8F50-41B5-85F1-A569391C2250}
		{70485BEA-E083-40DC-8469-EDB359A9CD91} = {2728DB6A-69F6-45D8-8D99-23EA5804E008}
	EndGlobalSection
	GlobalSection(ExtensibilityGlobals) = postSolution
		SolutionGuid = {5713A3C4-6AAC-4169-B7D7-F6F37F169DAD}
	EndGlobalSection
EndGlobal
