Microsoft Visual Studio Solution File, Format Version 12.00
Project("{9A19103F-16F7-4668-BE54-9A1E7A4F7556}") = "JustinWritesCode.AspNetCore.Swagger", "JustinWritesCode.AspNetCore.Swagger.csproj", "{8D68F940-64A5-479A-8EDE-CEB06D43FBBE}"
EndProject
Project("{9A19103F-16F7-4668-BE54-9A1E7A4F7556}") = "JustinWritesCode.AspNetCore.Authorization", "..\Authorization\JustinWritesCode.AspNetCore.Authorization.csproj", "{EEE580BB-A35E-479A-819E-B0A35FD4A393}"
EndProject
Project("{9A19103F-16F7-4668-BE54-9A1E7A4F7556}") = "JustinWritesCode.AspNetCore.Hashids", "..\Hashids\JustinWritesCode.AspNetCore.Hashids.csproj", "{A7E74045-829F-4425-B217-EB089CC03C87}"
EndProject
Project("{9A19103F-16F7-4668-BE54-9A1E7A4F7556}") = "JustinWritesCode.Http.Extensions", "..\Http\Extensions\JustinWritesCode.Http.Extensions.csproj", "{624AE7A4-8474-4A75-A85E-E24E0ECDA235}"
EndProject
Project("{9A19103F-16F7-4668-BE54-9A1E7A4F7556}") = "JustinWritesCode.Http", "..\Http\Http\JustinWritesCode.Http.csproj", "{8EBA625B-47BA-4393-9E0B-2EE64B3C09DE}"
EndProject
Project("{9A19103F-16F7-4668-BE54-9A1E7A4F7556}") = "System.Net.Mime.MediaTypeNames", "..\Http\MediaTypeNames\System.Net.Mime.MediaTypeNames.csproj", "{58B2AE4A-98FA-4B40-863E-1892D585CA88}"
EndProject
Project("{9A19103F-16F7-4668-BE54-9A1E7A4F7556}") = "JustinWritesCode.Payloads", "..\Payloads\JustinWritesCode.Payloads.csproj", "{236B7AD0-98A9-4BE9-BE53-887D89FFF7EB}"
EndProject
Project("{9A19103F-16F7-4668-BE54-9A1E7A4F7556}") = "JustinWritesCode.Identity.Abstractions", "..\..\..\Identity\src\Abstractions\JustinWritesCode.Identity.Abstractions.csproj", "{46D86157-1143-477F-B62B-2898ED8E7F38}"
EndProject
Project("{9A19103F-16F7-4668-BE54-9A1E7A4F7556}") = "JustinWritesCode.Identity.AspNetCore", "..\..\..\Identity\src\AspNetCore\JustinWritesCode.Identity.AspNetCore.csproj", "{436FFA76-84CC-45BB-9D2E-A32059F0917E}"
EndProject
Project("{9A19103F-16F7-4668-BE54-9A1E7A4F7556}") = "JustinWritesCode.Identity.Claims", "..\..\..\Identity\src\Claims\JustinWritesCode.Identity.Claims.csproj", "{036BEC46-C96A-4B7F-A364-AC3DBE4AAC5E}"
EndProject
Project("{9A19103F-16F7-4668-BE54-9A1E7A4F7556}") = "JustinWritesCode.Identity.Constants", "..\..\..\Identity\src\Constants\JustinWritesCode.Identity.Constants.csproj", "{CF48C1FD-D9E3-4D21-8CA2-B08E3FA09DA8}"
EndProject
Project("{9A19103F-16F7-4668-BE54-9A1E7A4F7556}") = "JustinWritesCode.Identity.EntityFrameworkCore", "..\..\..\Identity\src\EntityFrameworkCore\JustinWritesCode.Identity.EntityFrameworkCore.csproj", "{A9453814-8C1F-42C3-82A8-4C3550958432}"
EndProject
Project("{9A19103F-16F7-4668-BE54-9A1E7A4F7556}") = "JustinWritesCode.Identity.Models", "..\..\..\Identity\src\Models\JustinWritesCode.Identity.Models.csproj", "{A2A75F30-83C5-4E98-87EA-A40CD480D354}"
EndProject
Project("{9A19103F-16F7-4668-BE54-9A1E7A4F7556}") = "SendPulse.Data", "..\..\..\SendPulse\src\Data\SendPulse.Data.csproj", "{9C1F663D-F438-4E65-B121-03810005A4F9}"
EndProject
Project("{9A19103F-16F7-4668-BE54-9A1E7A4F7556}") = "SendPulse.Telegram", "..\..\..\SendPulse\src\Telegram\SendPulse.Telegram.csproj", "{81CE1ADD-D5F7-46C3-BC37-793968248B3C}"
EndProject
Project("{9A19103F-16F7-4668-BE54-9A1E7A4F7556}") = "Telegram.Identity", "..\..\..\Telegram\src\Identity\Telegram.Identity.csproj", "{49D0ABAA-DB58-451F-8ADB-371CA6D77D54}"
EndProject
Project("{9A19103F-16F7-4668-BE54-9A1E7A4F7556}") = "Telegram.Bot.Extensions", "..\..\..\Telegram\src\Telegram\Telegram.Bot.Extensions.csproj", "{D4F02F3E-C1EC-4D97-ACA9-80950EEB92C5}"
EndProject
Project("{9A19103F-16F7-4668-BE54-9A1E7A4F7556}") = "JustinWritesCode.Tuples", "..\..\..\Types\src\Core\Tuples\JustinWritesCode.Tuples.csproj", "{86CC87E0-6F59-4F53-9E10-6595DB694DA4}"
EndProject
Project("{9A19103F-16F7-4668-BE54-9A1E7A4F7556}") = "JustinWritesCode.Domain", "..\..\..\Types\src\Domain\JustinWritesCode.Domain.csproj", "{43456122-714E-41FB-8B0F-9342D6C500C8}"
EndProject
Project("{2150E333-8FDC-42A3-9474-1A3956D46DE8}") = "src", "src", "{290735AC-C81B-4DE5-BEDE-C6B001F3CDCA}"
EndProject
Project("{2150E333-8FDC-42A3-9474-1A3956D46DE8}") = "Domain", "Domain", "{29CD6702-4831-49B3-91D1-713863D405FD}"
EndProject
Global
	GlobalSection(SolutionConfigurationPlatforms) = preSolution
		Local|Any CPU = Local|Any CPU
		Debug|Any CPU = Debug|Any CPU
		Staging|Any CPU = Staging|Any CPU
		Release|Any CPU = Release|Any CPU
		Testing|Any CPU = Testing|Any CPU
	EndGlobalSection
	GlobalSection(ProjectConfigurationPlatforms) = postSolution
		{8D68F940-64A5-479A-8EDE-CEB06D43FBBE}.Local|Any CPU.ActiveCfg = Local|Any CPU
		{8D68F940-64A5-479A-8EDE-CEB06D43FBBE}.Local|Any CPU.Build.0 = Local|Any CPU
		{8D68F940-64A5-479A-8EDE-CEB06D43FBBE}.Debug|Any CPU.ActiveCfg = Debug|Any CPU
		{8D68F940-64A5-479A-8EDE-CEB06D43FBBE}.Debug|Any CPU.Build.0 = Debug|Any CPU
		{8D68F940-64A5-479A-8EDE-CEB06D43FBBE}.Staging|Any CPU.ActiveCfg = Staging|Any CPU
		{8D68F940-64A5-479A-8EDE-CEB06D43FBBE}.Staging|Any CPU.Build.0 = Staging|Any CPU
		{8D68F940-64A5-479A-8EDE-CEB06D43FBBE}.Release|Any CPU.ActiveCfg = Release|Any CPU
		{8D68F940-64A5-479A-8EDE-CEB06D43FBBE}.Release|Any CPU.Build.0 = Release|Any CPU
		{8D68F940-64A5-479A-8EDE-CEB06D43FBBE}.Testing|Any CPU.ActiveCfg = Testing|Any CPU
		{8D68F940-64A5-479A-8EDE-CEB06D43FBBE}.Testing|Any CPU.Build.0 = Testing|Any CPU
		{EEE580BB-A35E-479A-819E-B0A35FD4A393}.Local|Any CPU.ActiveCfg = Local|Any CPU
		{EEE580BB-A35E-479A-819E-B0A35FD4A393}.Local|Any CPU.Build.0 = Local|Any CPU
		{EEE580BB-A35E-479A-819E-B0A35FD4A393}.Debug|Any CPU.ActiveCfg = Debug|Any CPU
		{EEE580BB-A35E-479A-819E-B0A35FD4A393}.Debug|Any CPU.Build.0 = Debug|Any CPU
		{EEE580BB-A35E-479A-819E-B0A35FD4A393}.Staging|Any CPU.ActiveCfg = Staging|Any CPU
		{EEE580BB-A35E-479A-819E-B0A35FD4A393}.Staging|Any CPU.Build.0 = Staging|Any CPU
		{EEE580BB-A35E-479A-819E-B0A35FD4A393}.Release|Any CPU.ActiveCfg = Release|Any CPU
		{EEE580BB-A35E-479A-819E-B0A35FD4A393}.Release|Any CPU.Build.0 = Release|Any CPU
		{EEE580BB-A35E-479A-819E-B0A35FD4A393}.Testing|Any CPU.ActiveCfg = Testing|Any CPU
		{EEE580BB-A35E-479A-819E-B0A35FD4A393}.Testing|Any CPU.Build.0 = Testing|Any CPU
		{A7E74045-829F-4425-B217-EB089CC03C87}.Local|Any CPU.ActiveCfg = Local|Any CPU
		{A7E74045-829F-4425-B217-EB089CC03C87}.Local|Any CPU.Build.0 = Local|Any CPU
		{A7E74045-829F-4425-B217-EB089CC03C87}.Debug|Any CPU.ActiveCfg = Debug|Any CPU
		{A7E74045-829F-4425-B217-EB089CC03C87}.Debug|Any CPU.Build.0 = Debug|Any CPU
		{A7E74045-829F-4425-B217-EB089CC03C87}.Staging|Any CPU.ActiveCfg = Staging|Any CPU
		{A7E74045-829F-4425-B217-EB089CC03C87}.Staging|Any CPU.Build.0 = Staging|Any CPU
		{A7E74045-829F-4425-B217-EB089CC03C87}.Release|Any CPU.ActiveCfg = Release|Any CPU
		{A7E74045-829F-4425-B217-EB089CC03C87}.Release|Any CPU.Build.0 = Release|Any CPU
		{A7E74045-829F-4425-B217-EB089CC03C87}.Testing|Any CPU.ActiveCfg = Testing|Any CPU
		{A7E74045-829F-4425-B217-EB089CC03C87}.Testing|Any CPU.Build.0 = Testing|Any CPU
		{624AE7A4-8474-4A75-A85E-E24E0ECDA235}.Local|Any CPU.ActiveCfg = Local|Any CPU
		{624AE7A4-8474-4A75-A85E-E24E0ECDA235}.Local|Any CPU.Build.0 = Local|Any CPU
		{624AE7A4-8474-4A75-A85E-E24E0ECDA235}.Debug|Any CPU.ActiveCfg = Debug|Any CPU
		{624AE7A4-8474-4A75-A85E-E24E0ECDA235}.Debug|Any CPU.Build.0 = Debug|Any CPU
		{624AE7A4-8474-4A75-A85E-E24E0ECDA235}.Staging|Any CPU.ActiveCfg = Staging|Any CPU
		{624AE7A4-8474-4A75-A85E-E24E0ECDA235}.Staging|Any CPU.Build.0 = Staging|Any CPU
		{624AE7A4-8474-4A75-A85E-E24E0ECDA235}.Release|Any CPU.ActiveCfg = Release|Any CPU
		{624AE7A4-8474-4A75-A85E-E24E0ECDA235}.Release|Any CPU.Build.0 = Release|Any CPU
		{624AE7A4-8474-4A75-A85E-E24E0ECDA235}.Testing|Any CPU.ActiveCfg = Testing|Any CPU
		{624AE7A4-8474-4A75-A85E-E24E0ECDA235}.Testing|Any CPU.Build.0 = Testing|Any CPU
		{8EBA625B-47BA-4393-9E0B-2EE64B3C09DE}.Local|Any CPU.ActiveCfg = Local|Any CPU
		{8EBA625B-47BA-4393-9E0B-2EE64B3C09DE}.Local|Any CPU.Build.0 = Local|Any CPU
		{8EBA625B-47BA-4393-9E0B-2EE64B3C09DE}.Debug|Any CPU.ActiveCfg = Debug|Any CPU
		{8EBA625B-47BA-4393-9E0B-2EE64B3C09DE}.Debug|Any CPU.Build.0 = Debug|Any CPU
		{8EBA625B-47BA-4393-9E0B-2EE64B3C09DE}.Staging|Any CPU.ActiveCfg = Staging|Any CPU
		{8EBA625B-47BA-4393-9E0B-2EE64B3C09DE}.Staging|Any CPU.Build.0 = Staging|Any CPU
		{8EBA625B-47BA-4393-9E0B-2EE64B3C09DE}.Release|Any CPU.ActiveCfg = Release|Any CPU
		{8EBA625B-47BA-4393-9E0B-2EE64B3C09DE}.Release|Any CPU.Build.0 = Release|Any CPU
		{8EBA625B-47BA-4393-9E0B-2EE64B3C09DE}.Testing|Any CPU.ActiveCfg = Testing|Any CPU
		{8EBA625B-47BA-4393-9E0B-2EE64B3C09DE}.Testing|Any CPU.Build.0 = Testing|Any CPU
		{58B2AE4A-98FA-4B40-863E-1892D585CA88}.Local|Any CPU.ActiveCfg = Local|Any CPU
		{58B2AE4A-98FA-4B40-863E-1892D585CA88}.Local|Any CPU.Build.0 = Local|Any CPU
		{58B2AE4A-98FA-4B40-863E-1892D585CA88}.Debug|Any CPU.ActiveCfg = Debug|Any CPU
		{58B2AE4A-98FA-4B40-863E-1892D585CA88}.Debug|Any CPU.Build.0 = Debug|Any CPU
		{58B2AE4A-98FA-4B40-863E-1892D585CA88}.Staging|Any CPU.ActiveCfg = Staging|Any CPU
		{58B2AE4A-98FA-4B40-863E-1892D585CA88}.Staging|Any CPU.Build.0 = Staging|Any CPU
		{58B2AE4A-98FA-4B40-863E-1892D585CA88}.Release|Any CPU.ActiveCfg = Release|Any CPU
		{58B2AE4A-98FA-4B40-863E-1892D585CA88}.Release|Any CPU.Build.0 = Release|Any CPU
		{58B2AE4A-98FA-4B40-863E-1892D585CA88}.Testing|Any CPU.ActiveCfg = Testing|Any CPU
		{58B2AE4A-98FA-4B40-863E-1892D585CA88}.Testing|Any CPU.Build.0 = Testing|Any CPU
		{236B7AD0-98A9-4BE9-BE53-887D89FFF7EB}.Local|Any CPU.ActiveCfg = Local|Any CPU
		{236B7AD0-98A9-4BE9-BE53-887D89FFF7EB}.Local|Any CPU.Build.0 = Local|Any CPU
		{236B7AD0-98A9-4BE9-BE53-887D89FFF7EB}.Debug|Any CPU.ActiveCfg = Debug|Any CPU
		{236B7AD0-98A9-4BE9-BE53-887D89FFF7EB}.Debug|Any CPU.Build.0 = Debug|Any CPU
		{236B7AD0-98A9-4BE9-BE53-887D89FFF7EB}.Staging|Any CPU.ActiveCfg = Staging|Any CPU
		{236B7AD0-98A9-4BE9-BE53-887D89FFF7EB}.Staging|Any CPU.Build.0 = Staging|Any CPU
		{236B7AD0-98A9-4BE9-BE53-887D89FFF7EB}.Release|Any CPU.ActiveCfg = Release|Any CPU
		{236B7AD0-98A9-4BE9-BE53-887D89FFF7EB}.Release|Any CPU.Build.0 = Release|Any CPU
		{236B7AD0-98A9-4BE9-BE53-887D89FFF7EB}.Testing|Any CPU.ActiveCfg = Testing|Any CPU
		{236B7AD0-98A9-4BE9-BE53-887D89FFF7EB}.Testing|Any CPU.Build.0 = Testing|Any CPU
		{46D86157-1143-477F-B62B-2898ED8E7F38}.Local|Any CPU.ActiveCfg = Local|Any CPU
		{46D86157-1143-477F-B62B-2898ED8E7F38}.Local|Any CPU.Build.0 = Local|Any CPU
		{46D86157-1143-477F-B62B-2898ED8E7F38}.Debug|Any CPU.ActiveCfg = Debug|Any CPU
		{46D86157-1143-477F-B62B-2898ED8E7F38}.Debug|Any CPU.Build.0 = Debug|Any CPU
		{46D86157-1143-477F-B62B-2898ED8E7F38}.Staging|Any CPU.ActiveCfg = Staging|Any CPU
		{46D86157-1143-477F-B62B-2898ED8E7F38}.Staging|Any CPU.Build.0 = Staging|Any CPU
		{46D86157-1143-477F-B62B-2898ED8E7F38}.Release|Any CPU.ActiveCfg = Release|Any CPU
		{46D86157-1143-477F-B62B-2898ED8E7F38}.Release|Any CPU.Build.0 = Release|Any CPU
		{46D86157-1143-477F-B62B-2898ED8E7F38}.Testing|Any CPU.ActiveCfg = Testing|Any CPU
		{46D86157-1143-477F-B62B-2898ED8E7F38}.Testing|Any CPU.Build.0 = Testing|Any CPU
		{436FFA76-84CC-45BB-9D2E-A32059F0917E}.Local|Any CPU.ActiveCfg = Local|Any CPU
		{436FFA76-84CC-45BB-9D2E-A32059F0917E}.Local|Any CPU.Build.0 = Local|Any CPU
		{436FFA76-84CC-45BB-9D2E-A32059F0917E}.Debug|Any CPU.ActiveCfg = Debug|Any CPU
		{436FFA76-84CC-45BB-9D2E-A32059F0917E}.Debug|Any CPU.Build.0 = Debug|Any CPU
		{436FFA76-84CC-45BB-9D2E-A32059F0917E}.Staging|Any CPU.ActiveCfg = Staging|Any CPU
		{436FFA76-84CC-45BB-9D2E-A32059F0917E}.Staging|Any CPU.Build.0 = Staging|Any CPU
		{436FFA76-84CC-45BB-9D2E-A32059F0917E}.Release|Any CPU.ActiveCfg = Release|Any CPU
		{436FFA76-84CC-45BB-9D2E-A32059F0917E}.Release|Any CPU.Build.0 = Release|Any CPU
		{436FFA76-84CC-45BB-9D2E-A32059F0917E}.Testing|Any CPU.ActiveCfg = Testing|Any CPU
		{436FFA76-84CC-45BB-9D2E-A32059F0917E}.Testing|Any CPU.Build.0 = Testing|Any CPU
		{036BEC46-C96A-4B7F-A364-AC3DBE4AAC5E}.Local|Any CPU.ActiveCfg = Local|Any CPU
		{036BEC46-C96A-4B7F-A364-AC3DBE4AAC5E}.Local|Any CPU.Build.0 = Local|Any CPU
		{036BEC46-C96A-4B7F-A364-AC3DBE4AAC5E}.Debug|Any CPU.ActiveCfg = Debug|Any CPU
		{036BEC46-C96A-4B7F-A364-AC3DBE4AAC5E}.Debug|Any CPU.Build.0 = Debug|Any CPU
		{036BEC46-C96A-4B7F-A364-AC3DBE4AAC5E}.Staging|Any CPU.ActiveCfg = Staging|Any CPU
		{036BEC46-C96A-4B7F-A364-AC3DBE4AAC5E}.Staging|Any CPU.Build.0 = Staging|Any CPU
		{036BEC46-C96A-4B7F-A364-AC3DBE4AAC5E}.Release|Any CPU.ActiveCfg = Release|Any CPU
		{036BEC46-C96A-4B7F-A364-AC3DBE4AAC5E}.Release|Any CPU.Build.0 = Release|Any CPU
		{036BEC46-C96A-4B7F-A364-AC3DBE4AAC5E}.Testing|Any CPU.ActiveCfg = Testing|Any CPU
		{036BEC46-C96A-4B7F-A364-AC3DBE4AAC5E}.Testing|Any CPU.Build.0 = Testing|Any CPU
		{CF48C1FD-D9E3-4D21-8CA2-B08E3FA09DA8}.Local|Any CPU.ActiveCfg = Local|Any CPU
		{CF48C1FD-D9E3-4D21-8CA2-B08E3FA09DA8}.Local|Any CPU.Build.0 = Local|Any CPU
		{CF48C1FD-D9E3-4D21-8CA2-B08E3FA09DA8}.Debug|Any CPU.ActiveCfg = Debug|Any CPU
		{CF48C1FD-D9E3-4D21-8CA2-B08E3FA09DA8}.Debug|Any CPU.Build.0 = Debug|Any CPU
		{CF48C1FD-D9E3-4D21-8CA2-B08E3FA09DA8}.Staging|Any CPU.ActiveCfg = Staging|Any CPU
		{CF48C1FD-D9E3-4D21-8CA2-B08E3FA09DA8}.Staging|Any CPU.Build.0 = Staging|Any CPU
		{CF48C1FD-D9E3-4D21-8CA2-B08E3FA09DA8}.Release|Any CPU.ActiveCfg = Release|Any CPU
		{CF48C1FD-D9E3-4D21-8CA2-B08E3FA09DA8}.Release|Any CPU.Build.0 = Release|Any CPU
		{CF48C1FD-D9E3-4D21-8CA2-B08E3FA09DA8}.Testing|Any CPU.ActiveCfg = Testing|Any CPU
		{CF48C1FD-D9E3-4D21-8CA2-B08E3FA09DA8}.Testing|Any CPU.Build.0 = Testing|Any CPU
		{A9453814-8C1F-42C3-82A8-4C3550958432}.Local|Any CPU.ActiveCfg = Local|Any CPU
		{A9453814-8C1F-42C3-82A8-4C3550958432}.Local|Any CPU.Build.0 = Local|Any CPU
		{A9453814-8C1F-42C3-82A8-4C3550958432}.Debug|Any CPU.ActiveCfg = Debug|Any CPU
		{A9453814-8C1F-42C3-82A8-4C3550958432}.Debug|Any CPU.Build.0 = Debug|Any CPU
		{A9453814-8C1F-42C3-82A8-4C3550958432}.Staging|Any CPU.ActiveCfg = Staging|Any CPU
		{A9453814-8C1F-42C3-82A8-4C3550958432}.Staging|Any CPU.Build.0 = Staging|Any CPU
		{A9453814-8C1F-42C3-82A8-4C3550958432}.Release|Any CPU.ActiveCfg = Release|Any CPU
		{A9453814-8C1F-42C3-82A8-4C3550958432}.Release|Any CPU.Build.0 = Release|Any CPU
		{A9453814-8C1F-42C3-82A8-4C3550958432}.Testing|Any CPU.ActiveCfg = Testing|Any CPU
		{A9453814-8C1F-42C3-82A8-4C3550958432}.Testing|Any CPU.Build.0 = Testing|Any CPU
		{A2A75F30-83C5-4E98-87EA-A40CD480D354}.Local|Any CPU.ActiveCfg = Local|Any CPU
		{A2A75F30-83C5-4E98-87EA-A40CD480D354}.Local|Any CPU.Build.0 = Local|Any CPU
		{A2A75F30-83C5-4E98-87EA-A40CD480D354}.Debug|Any CPU.ActiveCfg = Debug|Any CPU
		{A2A75F30-83C5-4E98-87EA-A40CD480D354}.Debug|Any CPU.Build.0 = Debug|Any CPU
		{A2A75F30-83C5-4E98-87EA-A40CD480D354}.Staging|Any CPU.ActiveCfg = Staging|Any CPU
		{A2A75F30-83C5-4E98-87EA-A40CD480D354}.Staging|Any CPU.Build.0 = Staging|Any CPU
		{A2A75F30-83C5-4E98-87EA-A40CD480D354}.Release|Any CPU.ActiveCfg = Release|Any CPU
		{A2A75F30-83C5-4E98-87EA-A40CD480D354}.Release|Any CPU.Build.0 = Release|Any CPU
		{A2A75F30-83C5-4E98-87EA-A40CD480D354}.Testing|Any CPU.ActiveCfg = Testing|Any CPU
		{A2A75F30-83C5-4E98-87EA-A40CD480D354}.Testing|Any CPU.Build.0 = Testing|Any CPU
		{9C1F663D-F438-4E65-B121-03810005A4F9}.Local|Any CPU.ActiveCfg = Local|Any CPU
		{9C1F663D-F438-4E65-B121-03810005A4F9}.Local|Any CPU.Build.0 = Local|Any CPU
		{9C1F663D-F438-4E65-B121-03810005A4F9}.Debug|Any CPU.ActiveCfg = Debug|Any CPU
		{9C1F663D-F438-4E65-B121-03810005A4F9}.Debug|Any CPU.Build.0 = Debug|Any CPU
		{9C1F663D-F438-4E65-B121-03810005A4F9}.Staging|Any CPU.ActiveCfg = Staging|Any CPU
		{9C1F663D-F438-4E65-B121-03810005A4F9}.Staging|Any CPU.Build.0 = Staging|Any CPU
		{9C1F663D-F438-4E65-B121-03810005A4F9}.Release|Any CPU.ActiveCfg = Release|Any CPU
		{9C1F663D-F438-4E65-B121-03810005A4F9}.Release|Any CPU.Build.0 = Release|Any CPU
		{9C1F663D-F438-4E65-B121-03810005A4F9}.Testing|Any CPU.ActiveCfg = Testing|Any CPU
		{9C1F663D-F438-4E65-B121-03810005A4F9}.Testing|Any CPU.Build.0 = Testing|Any CPU
		{81CE1ADD-D5F7-46C3-BC37-793968248B3C}.Local|Any CPU.ActiveCfg = Local|Any CPU
		{81CE1ADD-D5F7-46C3-BC37-793968248B3C}.Local|Any CPU.Build.0 = Local|Any CPU
		{81CE1ADD-D5F7-46C3-BC37-793968248B3C}.Debug|Any CPU.ActiveCfg = Debug|Any CPU
		{81CE1ADD-D5F7-46C3-BC37-793968248B3C}.Debug|Any CPU.Build.0 = Debug|Any CPU
		{81CE1ADD-D5F7-46C3-BC37-793968248B3C}.Staging|Any CPU.ActiveCfg = Staging|Any CPU
		{81CE1ADD-D5F7-46C3-BC37-793968248B3C}.Staging|Any CPU.Build.0 = Staging|Any CPU
		{81CE1ADD-D5F7-46C3-BC37-793968248B3C}.Release|Any CPU.ActiveCfg = Release|Any CPU
		{81CE1ADD-D5F7-46C3-BC37-793968248B3C}.Release|Any CPU.Build.0 = Release|Any CPU
		{81CE1ADD-D5F7-46C3-BC37-793968248B3C}.Testing|Any CPU.ActiveCfg = Testing|Any CPU
		{81CE1ADD-D5F7-46C3-BC37-793968248B3C}.Testing|Any CPU.Build.0 = Testing|Any CPU
		{49D0ABAA-DB58-451F-8ADB-371CA6D77D54}.Local|Any CPU.ActiveCfg = Local|Any CPU
		{49D0ABAA-DB58-451F-8ADB-371CA6D77D54}.Local|Any CPU.Build.0 = Local|Any CPU
		{49D0ABAA-DB58-451F-8ADB-371CA6D77D54}.Debug|Any CPU.ActiveCfg = Debug|Any CPU
		{49D0ABAA-DB58-451F-8ADB-371CA6D77D54}.Debug|Any CPU.Build.0 = Debug|Any CPU
		{49D0ABAA-DB58-451F-8ADB-371CA6D77D54}.Staging|Any CPU.ActiveCfg = Staging|Any CPU
		{49D0ABAA-DB58-451F-8ADB-371CA6D77D54}.Staging|Any CPU.Build.0 = Staging|Any CPU
		{49D0ABAA-DB58-451F-8ADB-371CA6D77D54}.Release|Any CPU.ActiveCfg = Release|Any CPU
		{49D0ABAA-DB58-451F-8ADB-371CA6D77D54}.Release|Any CPU.Build.0 = Release|Any CPU
		{49D0ABAA-DB58-451F-8ADB-371CA6D77D54}.Testing|Any CPU.ActiveCfg = Testing|Any CPU
		{49D0ABAA-DB58-451F-8ADB-371CA6D77D54}.Testing|Any CPU.Build.0 = Testing|Any CPU
		{D4F02F3E-C1EC-4D97-ACA9-80950EEB92C5}.Local|Any CPU.ActiveCfg = Local|Any CPU
		{D4F02F3E-C1EC-4D97-ACA9-80950EEB92C5}.Local|Any CPU.Build.0 = Local|Any CPU
		{D4F02F3E-C1EC-4D97-ACA9-80950EEB92C5}.Debug|Any CPU.ActiveCfg = Debug|Any CPU
		{D4F02F3E-C1EC-4D97-ACA9-80950EEB92C5}.Debug|Any CPU.Build.0 = Debug|Any CPU
		{D4F02F3E-C1EC-4D97-ACA9-80950EEB92C5}.Staging|Any CPU.ActiveCfg = Staging|Any CPU
		{D4F02F3E-C1EC-4D97-ACA9-80950EEB92C5}.Staging|Any CPU.Build.0 = Staging|Any CPU
		{D4F02F3E-C1EC-4D97-ACA9-80950EEB92C5}.Release|Any CPU.ActiveCfg = Release|Any CPU
		{D4F02F3E-C1EC-4D97-ACA9-80950EEB92C5}.Release|Any CPU.Build.0 = Release|Any CPU
		{D4F02F3E-C1EC-4D97-ACA9-80950EEB92C5}.Testing|Any CPU.ActiveCfg = Testing|Any CPU
		{D4F02F3E-C1EC-4D97-ACA9-80950EEB92C5}.Testing|Any CPU.Build.0 = Testing|Any CPU
		{86CC87E0-6F59-4F53-9E10-6595DB694DA4}.Local|Any CPU.ActiveCfg = Local|Any CPU
		{86CC87E0-6F59-4F53-9E10-6595DB694DA4}.Local|Any CPU.Build.0 = Local|Any CPU
		{86CC87E0-6F59-4F53-9E10-6595DB694DA4}.Debug|Any CPU.ActiveCfg = Debug|Any CPU
		{86CC87E0-6F59-4F53-9E10-6595DB694DA4}.Debug|Any CPU.Build.0 = Debug|Any CPU
		{86CC87E0-6F59-4F53-9E10-6595DB694DA4}.Staging|Any CPU.ActiveCfg = Staging|Any CPU
		{86CC87E0-6F59-4F53-9E10-6595DB694DA4}.Staging|Any CPU.Build.0 = Staging|Any CPU
		{86CC87E0-6F59-4F53-9E10-6595DB694DA4}.Release|Any CPU.ActiveCfg = Release|Any CPU
		{86CC87E0-6F59-4F53-9E10-6595DB694DA4}.Release|Any CPU.Build.0 = Release|Any CPU
		{86CC87E0-6F59-4F53-9E10-6595DB694DA4}.Testing|Any CPU.ActiveCfg = Testing|Any CPU
		{86CC87E0-6F59-4F53-9E10-6595DB694DA4}.Testing|Any CPU.Build.0 = Testing|Any CPU
		{43456122-714E-41FB-8B0F-9342D6C500C8}.Local|Any CPU.ActiveCfg = Local|Any CPU
		{43456122-714E-41FB-8B0F-9342D6C500C8}.Local|Any CPU.Build.0 = Local|Any CPU
		{43456122-714E-41FB-8B0F-9342D6C500C8}.Debug|Any CPU.ActiveCfg = Debug|Any CPU
		{43456122-714E-41FB-8B0F-9342D6C500C8}.Debug|Any CPU.Build.0 = Debug|Any CPU
		{43456122-714E-41FB-8B0F-9342D6C500C8}.Staging|Any CPU.ActiveCfg = Staging|Any CPU
		{43456122-714E-41FB-8B0F-9342D6C500C8}.Staging|Any CPU.Build.0 = Staging|Any CPU
		{43456122-714E-41FB-8B0F-9342D6C500C8}.Release|Any CPU.ActiveCfg = Release|Any CPU
		{43456122-714E-41FB-8B0F-9342D6C500C8}.Release|Any CPU.Build.0 = Release|Any CPU
		{43456122-714E-41FB-8B0F-9342D6C500C8}.Testing|Any CPU.ActiveCfg = Testing|Any CPU
		{43456122-714E-41FB-8B0F-9342D6C500C8}.Testing|Any CPU.Build.0 = Testing|Any CPU
	EndGlobalSection
	GlobalSection(SolutionProperties) = preSolution
		HideSolutionNode = FALSE
	EndGlobalSection
	GlobalSection(NestedProjects) = preSolution
		{8D68F940-64A5-479A-8EDE-CEB06D43FBBE} = {290735AC-C81B-4DE5-BEDE-C6B001F3CDCA}
		{EEE580BB-A35E-479A-819E-B0A35FD4A393} = {290735AC-C81B-4DE5-BEDE-C6B001F3CDCA}
		{A7E74045-829F-4425-B217-EB089CC03C87} = {290735AC-C81B-4DE5-BEDE-C6B001F3CDCA}
		{624AE7A4-8474-4A75-A85E-E24E0ECDA235} = {290735AC-C81B-4DE5-BEDE-C6B001F3CDCA}
		{8EBA625B-47BA-4393-9E0B-2EE64B3C09DE} = {290735AC-C81B-4DE5-BEDE-C6B001F3CDCA}
		{58B2AE4A-98FA-4B40-863E-1892D585CA88} = {290735AC-C81B-4DE5-BEDE-C6B001F3CDCA}
		{236B7AD0-98A9-4BE9-BE53-887D89FFF7EB} = {290735AC-C81B-4DE5-BEDE-C6B001F3CDCA}
		{46D86157-1143-477F-B62B-2898ED8E7F38} = {290735AC-C81B-4DE5-BEDE-C6B001F3CDCA}
		{436FFA76-84CC-45BB-9D2E-A32059F0917E} = {290735AC-C81B-4DE5-BEDE-C6B001F3CDCA}
		{036BEC46-C96A-4B7F-A364-AC3DBE4AAC5E} = {290735AC-C81B-4DE5-BEDE-C6B001F3CDCA}
		{CF48C1FD-D9E3-4D21-8CA2-B08E3FA09DA8} = {290735AC-C81B-4DE5-BEDE-C6B001F3CDCA}
		{A9453814-8C1F-42C3-82A8-4C3550958432} = {290735AC-C81B-4DE5-BEDE-C6B001F3CDCA}
		{A2A75F30-83C5-4E98-87EA-A40CD480D354} = {290735AC-C81B-4DE5-BEDE-C6B001F3CDCA}
		{9C1F663D-F438-4E65-B121-03810005A4F9} = {290735AC-C81B-4DE5-BEDE-C6B001F3CDCA}
		{81CE1ADD-D5F7-46C3-BC37-793968248B3C} = {290735AC-C81B-4DE5-BEDE-C6B001F3CDCA}
		{49D0ABAA-DB58-451F-8ADB-371CA6D77D54} = {290735AC-C81B-4DE5-BEDE-C6B001F3CDCA}
		{D4F02F3E-C1EC-4D97-ACA9-80950EEB92C5} = {290735AC-C81B-4DE5-BEDE-C6B001F3CDCA}
		{86CC87E0-6F59-4F53-9E10-6595DB694DA4} = {290735AC-C81B-4DE5-BEDE-C6B001F3CDCA}
		{43456122-714E-41FB-8B0F-9342D6C500C8} = {29CD6702-4831-49B3-91D1-713863D405FD}
	EndGlobalSection
	GlobalSection(ExtensibilityGlobals) = postSolution
		SolutionGuid = {3F970C03-36B7-4DCC-ABFB-89F67DED0FBA}
	EndGlobalSection
EndGlobal
