Microsoft Visual Studio Solution File, Format Version 12.00
Project("{9A19103F-16F7-4668-BE54-9A1E7A4F7556}") = "JustinWritesCode.AspNetCore.Authorization", "JustinWritesCode.AspNetCore.Authorization.csproj", "{2CC22C92-12A5-4AD7-A790-CF075297E277}"
EndProject
Project("{9A19103F-16F7-4668-BE54-9A1E7A4F7556}") = "JustinWritesCode.Http", "..\..\Http\Http\JustinWritesCode.Http.csproj", "{280E32AD-DE47-4468-A408-2637689D6714}"
EndProject
Project("{9A19103F-16F7-4668-BE54-9A1E7A4F7556}") = "System.Net.Mime.MediaTypeNames", "..\..\Http\MediaTypeNames\System.Net.Mime.MediaTypeNames.csproj", "{D4CA4272-D2E0-4ABD-9B64-47015083BA10}"
EndProject
Project("{2150E333-8FDC-42A3-9474-1A3956D46DE8}") = "src", "src", "{DF13E706-E59C-49F0-9D5C-A528D39CA3CF}"
EndProject
Global
	GlobalSection(SolutionConfigurationPlatforms) = preSolution
		Local|Any CPU = Local|Any CPU
		Debug|Any CPU = Debug|Any CPU
		Staging|Any CPU = Staging|Any CPU
		Release|Any CPU = Release|Any CPU
		Testing|Any CPU = Testing|Any CPU
	EndGlobalSection
	GlobalSection(ProjectConfigurationPlatforms) = postSolution
		{2CC22C92-12A5-4AD7-A790-CF075297E277}.Local|Any CPU.ActiveCfg = Local|Any CPU
		{2CC22C92-12A5-4AD7-A790-CF075297E277}.Local|Any CPU.Build.0 = Local|Any CPU
		{2CC22C92-12A5-4AD7-A790-CF075297E277}.Debug|Any CPU.ActiveCfg = Debug|Any CPU
		{2CC22C92-12A5-4AD7-A790-CF075297E277}.Debug|Any CPU.Build.0 = Debug|Any CPU
		{2CC22C92-12A5-4AD7-A790-CF075297E277}.Staging|Any CPU.ActiveCfg = Staging|Any CPU
		{2CC22C92-12A5-4AD7-A790-CF075297E277}.Staging|Any CPU.Build.0 = Staging|Any CPU
		{2CC22C92-12A5-4AD7-A790-CF075297E277}.Release|Any CPU.ActiveCfg = Release|Any CPU
		{2CC22C92-12A5-4AD7-A790-CF075297E277}.Release|Any CPU.Build.0 = Release|Any CPU
		{2CC22C92-12A5-4AD7-A790-CF075297E277}.Testing|Any CPU.ActiveCfg = Testing|Any CPU
		{2CC22C92-12A5-4AD7-A790-CF075297E277}.Testing|Any CPU.Build.0 = Testing|Any CPU
		{280E32AD-DE47-4468-A408-2637689D6714}.Local|Any CPU.ActiveCfg = Local|Any CPU
		{280E32AD-DE47-4468-A408-2637689D6714}.Local|Any CPU.Build.0 = Local|Any CPU
		{280E32AD-DE47-4468-A408-2637689D6714}.Debug|Any CPU.ActiveCfg = Debug|Any CPU
		{280E32AD-DE47-4468-A408-2637689D6714}.Debug|Any CPU.Build.0 = Debug|Any CPU
		{280E32AD-DE47-4468-A408-2637689D6714}.Staging|Any CPU.ActiveCfg = Staging|Any CPU
		{280E32AD-DE47-4468-A408-2637689D6714}.Staging|Any CPU.Build.0 = Staging|Any CPU
		{280E32AD-DE47-4468-A408-2637689D6714}.Release|Any CPU.ActiveCfg = Release|Any CPU
		{280E32AD-DE47-4468-A408-2637689D6714}.Release|Any CPU.Build.0 = Release|Any CPU
		{280E32AD-DE47-4468-A408-2637689D6714}.Testing|Any CPU.ActiveCfg = Testing|Any CPU
		{280E32AD-DE47-4468-A408-2637689D6714}.Testing|Any CPU.Build.0 = Testing|Any CPU
		{D4CA4272-D2E0-4ABD-9B64-47015083BA10}.Local|Any CPU.ActiveCfg = Local|Any CPU
		{D4CA4272-D2E0-4ABD-9B64-47015083BA10}.Local|Any CPU.Build.0 = Local|Any CPU
		{D4CA4272-D2E0-4ABD-9B64-47015083BA10}.Debug|Any CPU.ActiveCfg = Debug|Any CPU
		{D4CA4272-D2E0-4ABD-9B64-47015083BA10}.Debug|Any CPU.Build.0 = Debug|Any CPU
		{D4CA4272-D2E0-4ABD-9B64-47015083BA10}.Staging|Any CPU.ActiveCfg = Staging|Any CPU
		{D4CA4272-D2E0-4ABD-9B64-47015083BA10}.Staging|Any CPU.Build.0 = Staging|Any CPU
		{D4CA4272-D2E0-4ABD-9B64-47015083BA10}.Release|Any CPU.ActiveCfg = Release|Any CPU
		{D4CA4272-D2E0-4ABD-9B64-47015083BA10}.Release|Any CPU.Build.0 = Release|Any CPU
		{D4CA4272-D2E0-4ABD-9B64-47015083BA10}.Testing|Any CPU.ActiveCfg = Testing|Any CPU
		{D4CA4272-D2E0-4ABD-9B64-47015083BA10}.Testing|Any CPU.Build.0 = Testing|Any CPU
	EndGlobalSection
	GlobalSection(SolutionProperties) = preSolution
		HideSolutionNode = FALSE
	EndGlobalSection
	GlobalSection(NestedProjects) = preSolution
		{2CC22C92-12A5-4AD7-A790-CF075297E277} = {DF13E706-E59C-49F0-9D5C-A528D39CA3CF}
		{280E32AD-DE47-4468-A408-2637689D6714} = {DF13E706-E59C-49F0-9D5C-A528D39CA3CF}
		{D4CA4272-D2E0-4ABD-9B64-47015083BA10} = {DF13E706-E59C-49F0-9D5C-A528D39CA3CF}
	EndGlobalSection
	GlobalSection(ExtensibilityGlobals) = postSolution
		SolutionGuid = {8989BF35-5764-4723-B8C0-573BCDEF5732}
	EndGlobalSection
EndGlobal
