Microsoft Visual Studio Solution File, Format Version 12.00
Project("{9A19103F-16F7-4668-BE54-9A1E7A4F7556}") = "JustinWritesCode.AspNetCore.Startup", "JustinWritesCode.AspNetCore.Startup.csproj", "{C5F9ECC4-8439-4080-BB8A-B707AAE5E003}"
EndProject
Project("{9A19103F-16F7-4668-BE54-9A1E7A4F7556}") = "JustinWritesCode.AspNetCore.Authorization", "..\Authorization\JustinWritesCode.AspNetCore.Authorization.csproj", "{77416B50-E2D5-494A-A899-F3FA6A35C5B8}"
EndProject
Project("{9A19103F-16F7-4668-BE54-9A1E7A4F7556}") = "JustinWritesCode.AspNetCore.Controllers", "..\Controllers\JustinWritesCode.AspNetCore.Controllers.csproj", "{810C8DC7-CDF3-410C-8EFF-1EBA7FC43C55}"
EndProject
Project("{9A19103F-16F7-4668-BE54-9A1E7A4F7556}") = "JustinWritesCode.AspNetCore.Formatters", "..\Formatters\JustinWritesCode.AspNetCore.Formatters.csproj", "{2127D59F-40BA-4EC6-9114-0C6C9787413B}"
EndProject
Project("{9A19103F-16F7-4668-BE54-9A1E7A4F7556}") = "JustinWritesCode.AspNetCore.Hashids", "..\Hashids\JustinWritesCode.AspNetCore.Hashids.csproj", "{62CB07AB-B6BB-4269-A3F0-A1F82E62E7D4}"
EndProject
Project("{9A19103F-16F7-4668-BE54-9A1E7A4F7556}") = "JustinWrritesCode.AspNetCore.Hosting.Extensions", "..\Hosting.Extensions\JustinWrritesCode.AspNetCore.Hosting.Extensions.csproj", "{C4BEE464-4D79-4D48-83B3-6C1D72A27B11}"
EndProject
Project("{9A19103F-16F7-4668-BE54-9A1E7A4F7556}") = "JustinWritesCode.Http.Extensions", "..\Http\Extensions\JustinWritesCode.Http.Extensions.csproj", "{27B58C0B-FF54-4AD4-8FCB-FFB5724CD80E}"
EndProject
Project("{9A19103F-16F7-4668-BE54-9A1E7A4F7556}") = "JustinWritesCode.Http", "..\Http\Http\JustinWritesCode.Http.csproj", "{139257D6-2F14-4EDB-9D4F-8E04C73B676C}"
EndProject
Project("{9A19103F-16F7-4668-BE54-9A1E7A4F7556}") = "System.Net.Mime.MediaTypeNames", "..\Http\MediaTypeNames\System.Net.Mime.MediaTypeNames.csproj", "{6D7F02A0-2153-403A-A336-4C4D8AEE54FC}"
EndProject
Project("{9A19103F-16F7-4668-BE54-9A1E7A4F7556}") = "JustinWritesCode.Payloads", "..\Payloads\JustinWritesCode.Payloads.csproj", "{F2F61B04-166A-48F8-9378-8322C74EB7FF}"
EndProject
Project("{9A19103F-16F7-4668-BE54-9A1E7A4F7556}") = "JustinWritesCode.AspNetCore.Swagger", "..\Swagger\JustinWritesCode.AspNetCore.Swagger.csproj", "{6FE297E3-BF26-4359-93F6-23FFB26A1961}"
EndProject
Project("{9A19103F-16F7-4668-BE54-9A1E7A4F7556}") = "JustinWritesCode.Identity.Abstractions", "..\..\..\Identity\src\Abstractions\JustinWritesCode.Identity.Abstractions.csproj", "{DC6CEE50-5AF6-41BF-8B58-5799BDC6FDDE}"
EndProject
Project("{9A19103F-16F7-4668-BE54-9A1E7A4F7556}") = "JustinWritesCode.Identity.AspNetCore", "..\..\..\Identity\src\AspNetCore\JustinWritesCode.Identity.AspNetCore.csproj", "{630CFE15-1D55-49AE-B5BD-3C2FCD2C1563}"
EndProject
Project("{9A19103F-16F7-4668-BE54-9A1E7A4F7556}") = "JustinWritesCode.Identity.Claims", "..\..\..\Identity\src\Claims\JustinWritesCode.Identity.Claims.csproj", "{1A02D1A9-CE8F-47BE-B752-8446612B5A4D}"
EndProject
Project("{9A19103F-16F7-4668-BE54-9A1E7A4F7556}") = "JustinWritesCode.Identity.EntityFrameworkCore", "..\..\..\Identity\src\EntityFrameworkCore\JustinWritesCode.Identity.EntityFrameworkCore.csproj", "{4E2726B0-755B-4C92-B063-C4A2445194BA}"
EndProject
Project("{9A19103F-16F7-4668-BE54-9A1E7A4F7556}") = "JustinWritesCode.Identity.Models", "..\..\..\Identity\src\Models\JustinWritesCode.Identity.Models.csproj", "{F0F60EB4-F25F-425A-BD8D-B1A07B61673B}"
EndProject
Project("{9A19103F-16F7-4668-BE54-9A1E7A4F7556}") = "SendPulse.Data", "..\..\..\SendPulse\src\Data\SendPulse.Data.csproj", "{6CD77BC5-02D9-41D4-9678-A5F758BCDC89}"
EndProject
Project("{9A19103F-16F7-4668-BE54-9A1E7A4F7556}") = "SendPulse.Telegram", "..\..\..\SendPulse\src\Telegram\SendPulse.Telegram.csproj", "{5E3512D8-B6D7-4C78-A655-903A03821898}"
EndProject
Project("{9A19103F-16F7-4668-BE54-9A1E7A4F7556}") = "Telegram.Identity", "..\..\..\Telegram\src\Identity\Telegram.Identity.csproj", "{3C30F643-D5D8-475E-A028-EA059A20D2EF}"
EndProject
Project("{9A19103F-16F7-4668-BE54-9A1E7A4F7556}") = "Telegram.Bot.Extensions", "..\..\..\Telegram\src\Telegram\Telegram.Bot.Extensions.csproj", "{5B0D5DA4-A191-4CA1-BCC7-2A2CBC7EFD5A}"
EndProject
Project("{9A19103F-16F7-4668-BE54-9A1E7A4F7556}") = "JustinWritesCode.Tuples", "..\..\..\Types\src\Core\Tuples\JustinWritesCode.Tuples.csproj", "{11EBCFAD-3114-4768-BCC1-7EE53201B46D}"
EndProject
Project("{9A19103F-16F7-4668-BE54-9A1E7A4F7556}") = "JustinWritesCode.Domain", "..\..\..\Types\src\Domain\JustinWritesCode.Domain.csproj", "{C8347A6A-8C65-4805-B712-80316A87F8BD}"
EndProject
Project("{9A19103F-16F7-4668-BE54-9A1E7A4F7556}") = "JustinWritesCode.System.Extensions", "..\..\..\Types\src\Extensions\JustinWritesCode.System.Extensions.csproj", "{4A783B2F-21D1-41A7-A3F9-029E9AF4738C}"
EndProject
Project("{2150E333-8FDC-42A3-9474-1A3956D46DE8}") = "src", "src", "{1814F0DE-2075-4F0B-A412-BC8D3C4113CD}"
EndProject
Project("{2150E333-8FDC-42A3-9474-1A3956D46DE8}") = "Domain", "Domain", "{AE131240-CF12-4EB3-A15A-1103234C588D}"
EndProject
Global
	GlobalSection(SolutionConfigurationPlatforms) = preSolution
		Local|Any CPU = Local|Any CPU
		Debug|Any CPU = Debug|Any CPU
		Staging|Any CPU = Staging|Any CPU
		Release|Any CPU = Release|Any CPU
		Testing|Any CPU = Testing|Any CPU
	EndGlobalSection
	GlobalSection(ProjectConfigurationPlatforms) = postSolution
		{C5F9ECC4-8439-4080-BB8A-B707AAE5E003}.Local|Any CPU.ActiveCfg = Local|Any CPU
		{C5F9ECC4-8439-4080-BB8A-B707AAE5E003}.Local|Any CPU.Build.0 = Local|Any CPU
		{C5F9ECC4-8439-4080-BB8A-B707AAE5E003}.Debug|Any CPU.ActiveCfg = Debug|Any CPU
		{C5F9ECC4-8439-4080-BB8A-B707AAE5E003}.Debug|Any CPU.Build.0 = Debug|Any CPU
		{C5F9ECC4-8439-4080-BB8A-B707AAE5E003}.Staging|Any CPU.ActiveCfg = Staging|Any CPU
		{C5F9ECC4-8439-4080-BB8A-B707AAE5E003}.Staging|Any CPU.Build.0 = Staging|Any CPU
		{C5F9ECC4-8439-4080-BB8A-B707AAE5E003}.Release|Any CPU.ActiveCfg = Release|Any CPU
		{C5F9ECC4-8439-4080-BB8A-B707AAE5E003}.Release|Any CPU.Build.0 = Release|Any CPU
		{C5F9ECC4-8439-4080-BB8A-B707AAE5E003}.Testing|Any CPU.ActiveCfg = Testing|Any CPU
		{C5F9ECC4-8439-4080-BB8A-B707AAE5E003}.Testing|Any CPU.Build.0 = Testing|Any CPU
		{77416B50-E2D5-494A-A899-F3FA6A35C5B8}.Local|Any CPU.ActiveCfg = Local|Any CPU
		{77416B50-E2D5-494A-A899-F3FA6A35C5B8}.Local|Any CPU.Build.0 = Local|Any CPU
		{77416B50-E2D5-494A-A899-F3FA6A35C5B8}.Debug|Any CPU.ActiveCfg = Debug|Any CPU
		{77416B50-E2D5-494A-A899-F3FA6A35C5B8}.Debug|Any CPU.Build.0 = Debug|Any CPU
		{77416B50-E2D5-494A-A899-F3FA6A35C5B8}.Staging|Any CPU.ActiveCfg = Staging|Any CPU
		{77416B50-E2D5-494A-A899-F3FA6A35C5B8}.Staging|Any CPU.Build.0 = Staging|Any CPU
		{77416B50-E2D5-494A-A899-F3FA6A35C5B8}.Release|Any CPU.ActiveCfg = Release|Any CPU
		{77416B50-E2D5-494A-A899-F3FA6A35C5B8}.Release|Any CPU.Build.0 = Release|Any CPU
		{77416B50-E2D5-494A-A899-F3FA6A35C5B8}.Testing|Any CPU.ActiveCfg = Testing|Any CPU
		{77416B50-E2D5-494A-A899-F3FA6A35C5B8}.Testing|Any CPU.Build.0 = Testing|Any CPU
		{810C8DC7-CDF3-410C-8EFF-1EBA7FC43C55}.Local|Any CPU.ActiveCfg = Local|Any CPU
		{810C8DC7-CDF3-410C-8EFF-1EBA7FC43C55}.Local|Any CPU.Build.0 = Local|Any CPU
		{810C8DC7-CDF3-410C-8EFF-1EBA7FC43C55}.Debug|Any CPU.ActiveCfg = Debug|Any CPU
		{810C8DC7-CDF3-410C-8EFF-1EBA7FC43C55}.Debug|Any CPU.Build.0 = Debug|Any CPU
		{810C8DC7-CDF3-410C-8EFF-1EBA7FC43C55}.Staging|Any CPU.ActiveCfg = Staging|Any CPU
		{810C8DC7-CDF3-410C-8EFF-1EBA7FC43C55}.Staging|Any CPU.Build.0 = Staging|Any CPU
		{810C8DC7-CDF3-410C-8EFF-1EBA7FC43C55}.Release|Any CPU.ActiveCfg = Release|Any CPU
		{810C8DC7-CDF3-410C-8EFF-1EBA7FC43C55}.Release|Any CPU.Build.0 = Release|Any CPU
		{810C8DC7-CDF3-410C-8EFF-1EBA7FC43C55}.Testing|Any CPU.ActiveCfg = Testing|Any CPU
		{810C8DC7-CDF3-410C-8EFF-1EBA7FC43C55}.Testing|Any CPU.Build.0 = Testing|Any CPU
		{2127D59F-40BA-4EC6-9114-0C6C9787413B}.Local|Any CPU.ActiveCfg = Local|Any CPU
		{2127D59F-40BA-4EC6-9114-0C6C9787413B}.Local|Any CPU.Build.0 = Local|Any CPU
		{2127D59F-40BA-4EC6-9114-0C6C9787413B}.Debug|Any CPU.ActiveCfg = Debug|Any CPU
		{2127D59F-40BA-4EC6-9114-0C6C9787413B}.Debug|Any CPU.Build.0 = Debug|Any CPU
		{2127D59F-40BA-4EC6-9114-0C6C9787413B}.Staging|Any CPU.ActiveCfg = Staging|Any CPU
		{2127D59F-40BA-4EC6-9114-0C6C9787413B}.Staging|Any CPU.Build.0 = Staging|Any CPU
		{2127D59F-40BA-4EC6-9114-0C6C9787413B}.Release|Any CPU.ActiveCfg = Release|Any CPU
		{2127D59F-40BA-4EC6-9114-0C6C9787413B}.Release|Any CPU.Build.0 = Release|Any CPU
		{2127D59F-40BA-4EC6-9114-0C6C9787413B}.Testing|Any CPU.ActiveCfg = Testing|Any CPU
		{2127D59F-40BA-4EC6-9114-0C6C9787413B}.Testing|Any CPU.Build.0 = Testing|Any CPU
		{62CB07AB-B6BB-4269-A3F0-A1F82E62E7D4}.Local|Any CPU.ActiveCfg = Local|Any CPU
		{62CB07AB-B6BB-4269-A3F0-A1F82E62E7D4}.Local|Any CPU.Build.0 = Local|Any CPU
		{62CB07AB-B6BB-4269-A3F0-A1F82E62E7D4}.Debug|Any CPU.ActiveCfg = Debug|Any CPU
		{62CB07AB-B6BB-4269-A3F0-A1F82E62E7D4}.Debug|Any CPU.Build.0 = Debug|Any CPU
		{62CB07AB-B6BB-4269-A3F0-A1F82E62E7D4}.Staging|Any CPU.ActiveCfg = Staging|Any CPU
		{62CB07AB-B6BB-4269-A3F0-A1F82E62E7D4}.Staging|Any CPU.Build.0 = Staging|Any CPU
		{62CB07AB-B6BB-4269-A3F0-A1F82E62E7D4}.Release|Any CPU.ActiveCfg = Release|Any CPU
		{62CB07AB-B6BB-4269-A3F0-A1F82E62E7D4}.Release|Any CPU.Build.0 = Release|Any CPU
		{62CB07AB-B6BB-4269-A3F0-A1F82E62E7D4}.Testing|Any CPU.ActiveCfg = Testing|Any CPU
		{62CB07AB-B6BB-4269-A3F0-A1F82E62E7D4}.Testing|Any CPU.Build.0 = Testing|Any CPU
		{C4BEE464-4D79-4D48-83B3-6C1D72A27B11}.Local|Any CPU.ActiveCfg = Local|Any CPU
		{C4BEE464-4D79-4D48-83B3-6C1D72A27B11}.Local|Any CPU.Build.0 = Local|Any CPU
		{C4BEE464-4D79-4D48-83B3-6C1D72A27B11}.Debug|Any CPU.ActiveCfg = Debug|Any CPU
		{C4BEE464-4D79-4D48-83B3-6C1D72A27B11}.Debug|Any CPU.Build.0 = Debug|Any CPU
		{C4BEE464-4D79-4D48-83B3-6C1D72A27B11}.Staging|Any CPU.ActiveCfg = Staging|Any CPU
		{C4BEE464-4D79-4D48-83B3-6C1D72A27B11}.Staging|Any CPU.Build.0 = Staging|Any CPU
		{C4BEE464-4D79-4D48-83B3-6C1D72A27B11}.Release|Any CPU.ActiveCfg = Release|Any CPU
		{C4BEE464-4D79-4D48-83B3-6C1D72A27B11}.Release|Any CPU.Build.0 = Release|Any CPU
		{C4BEE464-4D79-4D48-83B3-6C1D72A27B11}.Testing|Any CPU.ActiveCfg = Testing|Any CPU
		{C4BEE464-4D79-4D48-83B3-6C1D72A27B11}.Testing|Any CPU.Build.0 = Testing|Any CPU
		{27B58C0B-FF54-4AD4-8FCB-FFB5724CD80E}.Local|Any CPU.ActiveCfg = Local|Any CPU
		{27B58C0B-FF54-4AD4-8FCB-FFB5724CD80E}.Local|Any CPU.Build.0 = Local|Any CPU
		{27B58C0B-FF54-4AD4-8FCB-FFB5724CD80E}.Debug|Any CPU.ActiveCfg = Debug|Any CPU
		{27B58C0B-FF54-4AD4-8FCB-FFB5724CD80E}.Debug|Any CPU.Build.0 = Debug|Any CPU
		{27B58C0B-FF54-4AD4-8FCB-FFB5724CD80E}.Staging|Any CPU.ActiveCfg = Staging|Any CPU
		{27B58C0B-FF54-4AD4-8FCB-FFB5724CD80E}.Staging|Any CPU.Build.0 = Staging|Any CPU
		{27B58C0B-FF54-4AD4-8FCB-FFB5724CD80E}.Release|Any CPU.ActiveCfg = Release|Any CPU
		{27B58C0B-FF54-4AD4-8FCB-FFB5724CD80E}.Release|Any CPU.Build.0 = Release|Any CPU
		{27B58C0B-FF54-4AD4-8FCB-FFB5724CD80E}.Testing|Any CPU.ActiveCfg = Testing|Any CPU
		{27B58C0B-FF54-4AD4-8FCB-FFB5724CD80E}.Testing|Any CPU.Build.0 = Testing|Any CPU
		{139257D6-2F14-4EDB-9D4F-8E04C73B676C}.Local|Any CPU.ActiveCfg = Local|Any CPU
		{139257D6-2F14-4EDB-9D4F-8E04C73B676C}.Local|Any CPU.Build.0 = Local|Any CPU
		{139257D6-2F14-4EDB-9D4F-8E04C73B676C}.Debug|Any CPU.ActiveCfg = Debug|Any CPU
		{139257D6-2F14-4EDB-9D4F-8E04C73B676C}.Debug|Any CPU.Build.0 = Debug|Any CPU
		{139257D6-2F14-4EDB-9D4F-8E04C73B676C}.Staging|Any CPU.ActiveCfg = Staging|Any CPU
		{139257D6-2F14-4EDB-9D4F-8E04C73B676C}.Staging|Any CPU.Build.0 = Staging|Any CPU
		{139257D6-2F14-4EDB-9D4F-8E04C73B676C}.Release|Any CPU.ActiveCfg = Release|Any CPU
		{139257D6-2F14-4EDB-9D4F-8E04C73B676C}.Release|Any CPU.Build.0 = Release|Any CPU
		{139257D6-2F14-4EDB-9D4F-8E04C73B676C}.Testing|Any CPU.ActiveCfg = Testing|Any CPU
		{139257D6-2F14-4EDB-9D4F-8E04C73B676C}.Testing|Any CPU.Build.0 = Testing|Any CPU
		{6D7F02A0-2153-403A-A336-4C4D8AEE54FC}.Local|Any CPU.ActiveCfg = Local|Any CPU
		{6D7F02A0-2153-403A-A336-4C4D8AEE54FC}.Local|Any CPU.Build.0 = Local|Any CPU
		{6D7F02A0-2153-403A-A336-4C4D8AEE54FC}.Debug|Any CPU.ActiveCfg = Debug|Any CPU
		{6D7F02A0-2153-403A-A336-4C4D8AEE54FC}.Debug|Any CPU.Build.0 = Debug|Any CPU
		{6D7F02A0-2153-403A-A336-4C4D8AEE54FC}.Staging|Any CPU.ActiveCfg = Staging|Any CPU
		{6D7F02A0-2153-403A-A336-4C4D8AEE54FC}.Staging|Any CPU.Build.0 = Staging|Any CPU
		{6D7F02A0-2153-403A-A336-4C4D8AEE54FC}.Release|Any CPU.ActiveCfg = Release|Any CPU
		{6D7F02A0-2153-403A-A336-4C4D8AEE54FC}.Release|Any CPU.Build.0 = Release|Any CPU
		{6D7F02A0-2153-403A-A336-4C4D8AEE54FC}.Testing|Any CPU.ActiveCfg = Testing|Any CPU
		{6D7F02A0-2153-403A-A336-4C4D8AEE54FC}.Testing|Any CPU.Build.0 = Testing|Any CPU
		{F2F61B04-166A-48F8-9378-8322C74EB7FF}.Local|Any CPU.ActiveCfg = Local|Any CPU
		{F2F61B04-166A-48F8-9378-8322C74EB7FF}.Local|Any CPU.Build.0 = Local|Any CPU
		{F2F61B04-166A-48F8-9378-8322C74EB7FF}.Debug|Any CPU.ActiveCfg = Debug|Any CPU
		{F2F61B04-166A-48F8-9378-8322C74EB7FF}.Debug|Any CPU.Build.0 = Debug|Any CPU
		{F2F61B04-166A-48F8-9378-8322C74EB7FF}.Staging|Any CPU.ActiveCfg = Staging|Any CPU
		{F2F61B04-166A-48F8-9378-8322C74EB7FF}.Staging|Any CPU.Build.0 = Staging|Any CPU
		{F2F61B04-166A-48F8-9378-8322C74EB7FF}.Release|Any CPU.ActiveCfg = Release|Any CPU
		{F2F61B04-166A-48F8-9378-8322C74EB7FF}.Release|Any CPU.Build.0 = Release|Any CPU
		{F2F61B04-166A-48F8-9378-8322C74EB7FF}.Testing|Any CPU.ActiveCfg = Testing|Any CPU
		{F2F61B04-166A-48F8-9378-8322C74EB7FF}.Testing|Any CPU.Build.0 = Testing|Any CPU
		{6FE297E3-BF26-4359-93F6-23FFB26A1961}.Local|Any CPU.ActiveCfg = Local|Any CPU
		{6FE297E3-BF26-4359-93F6-23FFB26A1961}.Local|Any CPU.Build.0 = Local|Any CPU
		{6FE297E3-BF26-4359-93F6-23FFB26A1961}.Debug|Any CPU.ActiveCfg = Debug|Any CPU
		{6FE297E3-BF26-4359-93F6-23FFB26A1961}.Debug|Any CPU.Build.0 = Debug|Any CPU
		{6FE297E3-BF26-4359-93F6-23FFB26A1961}.Staging|Any CPU.ActiveCfg = Staging|Any CPU
		{6FE297E3-BF26-4359-93F6-23FFB26A1961}.Staging|Any CPU.Build.0 = Staging|Any CPU
		{6FE297E3-BF26-4359-93F6-23FFB26A1961}.Release|Any CPU.ActiveCfg = Release|Any CPU
		{6FE297E3-BF26-4359-93F6-23FFB26A1961}.Release|Any CPU.Build.0 = Release|Any CPU
		{6FE297E3-BF26-4359-93F6-23FFB26A1961}.Testing|Any CPU.ActiveCfg = Testing|Any CPU
		{6FE297E3-BF26-4359-93F6-23FFB26A1961}.Testing|Any CPU.Build.0 = Testing|Any CPU
		{DC6CEE50-5AF6-41BF-8B58-5799BDC6FDDE}.Local|Any CPU.ActiveCfg = Local|Any CPU
		{DC6CEE50-5AF6-41BF-8B58-5799BDC6FDDE}.Local|Any CPU.Build.0 = Local|Any CPU
		{DC6CEE50-5AF6-41BF-8B58-5799BDC6FDDE}.Debug|Any CPU.ActiveCfg = Debug|Any CPU
		{DC6CEE50-5AF6-41BF-8B58-5799BDC6FDDE}.Debug|Any CPU.Build.0 = Debug|Any CPU
		{DC6CEE50-5AF6-41BF-8B58-5799BDC6FDDE}.Staging|Any CPU.ActiveCfg = Staging|Any CPU
		{DC6CEE50-5AF6-41BF-8B58-5799BDC6FDDE}.Staging|Any CPU.Build.0 = Staging|Any CPU
		{DC6CEE50-5AF6-41BF-8B58-5799BDC6FDDE}.Release|Any CPU.ActiveCfg = Release|Any CPU
		{DC6CEE50-5AF6-41BF-8B58-5799BDC6FDDE}.Release|Any CPU.Build.0 = Release|Any CPU
		{DC6CEE50-5AF6-41BF-8B58-5799BDC6FDDE}.Testing|Any CPU.ActiveCfg = Testing|Any CPU
		{DC6CEE50-5AF6-41BF-8B58-5799BDC6FDDE}.Testing|Any CPU.Build.0 = Testing|Any CPU
		{630CFE15-1D55-49AE-B5BD-3C2FCD2C1563}.Local|Any CPU.ActiveCfg = Local|Any CPU
		{630CFE15-1D55-49AE-B5BD-3C2FCD2C1563}.Local|Any CPU.Build.0 = Local|Any CPU
		{630CFE15-1D55-49AE-B5BD-3C2FCD2C1563}.Debug|Any CPU.ActiveCfg = Debug|Any CPU
		{630CFE15-1D55-49AE-B5BD-3C2FCD2C1563}.Debug|Any CPU.Build.0 = Debug|Any CPU
		{630CFE15-1D55-49AE-B5BD-3C2FCD2C1563}.Staging|Any CPU.ActiveCfg = Staging|Any CPU
		{630CFE15-1D55-49AE-B5BD-3C2FCD2C1563}.Staging|Any CPU.Build.0 = Staging|Any CPU
		{630CFE15-1D55-49AE-B5BD-3C2FCD2C1563}.Release|Any CPU.ActiveCfg = Release|Any CPU
		{630CFE15-1D55-49AE-B5BD-3C2FCD2C1563}.Release|Any CPU.Build.0 = Release|Any CPU
		{630CFE15-1D55-49AE-B5BD-3C2FCD2C1563}.Testing|Any CPU.ActiveCfg = Testing|Any CPU
		{630CFE15-1D55-49AE-B5BD-3C2FCD2C1563}.Testing|Any CPU.Build.0 = Testing|Any CPU
		{1A02D1A9-CE8F-47BE-B752-8446612B5A4D}.Local|Any CPU.ActiveCfg = Local|Any CPU
		{1A02D1A9-CE8F-47BE-B752-8446612B5A4D}.Local|Any CPU.Build.0 = Local|Any CPU
		{1A02D1A9-CE8F-47BE-B752-8446612B5A4D}.Debug|Any CPU.ActiveCfg = Debug|Any CPU
		{1A02D1A9-CE8F-47BE-B752-8446612B5A4D}.Debug|Any CPU.Build.0 = Debug|Any CPU
		{1A02D1A9-CE8F-47BE-B752-8446612B5A4D}.Staging|Any CPU.ActiveCfg = Staging|Any CPU
		{1A02D1A9-CE8F-47BE-B752-8446612B5A4D}.Staging|Any CPU.Build.0 = Staging|Any CPU
		{1A02D1A9-CE8F-47BE-B752-8446612B5A4D}.Release|Any CPU.ActiveCfg = Release|Any CPU
		{1A02D1A9-CE8F-47BE-B752-8446612B5A4D}.Release|Any CPU.Build.0 = Release|Any CPU
		{1A02D1A9-CE8F-47BE-B752-8446612B5A4D}.Testing|Any CPU.ActiveCfg = Testing|Any CPU
		{1A02D1A9-CE8F-47BE-B752-8446612B5A4D}.Testing|Any CPU.Build.0 = Testing|Any CPU
		{4E2726B0-755B-4C92-B063-C4A2445194BA}.Local|Any CPU.ActiveCfg = Local|Any CPU
		{4E2726B0-755B-4C92-B063-C4A2445194BA}.Local|Any CPU.Build.0 = Local|Any CPU
		{4E2726B0-755B-4C92-B063-C4A2445194BA}.Debug|Any CPU.ActiveCfg = Debug|Any CPU
		{4E2726B0-755B-4C92-B063-C4A2445194BA}.Debug|Any CPU.Build.0 = Debug|Any CPU
		{4E2726B0-755B-4C92-B063-C4A2445194BA}.Staging|Any CPU.ActiveCfg = Staging|Any CPU
		{4E2726B0-755B-4C92-B063-C4A2445194BA}.Staging|Any CPU.Build.0 = Staging|Any CPU
		{4E2726B0-755B-4C92-B063-C4A2445194BA}.Release|Any CPU.ActiveCfg = Release|Any CPU
		{4E2726B0-755B-4C92-B063-C4A2445194BA}.Release|Any CPU.Build.0 = Release|Any CPU
		{4E2726B0-755B-4C92-B063-C4A2445194BA}.Testing|Any CPU.ActiveCfg = Testing|Any CPU
		{4E2726B0-755B-4C92-B063-C4A2445194BA}.Testing|Any CPU.Build.0 = Testing|Any CPU
		{F0F60EB4-F25F-425A-BD8D-B1A07B61673B}.Local|Any CPU.ActiveCfg = Local|Any CPU
		{F0F60EB4-F25F-425A-BD8D-B1A07B61673B}.Local|Any CPU.Build.0 = Local|Any CPU
		{F0F60EB4-F25F-425A-BD8D-B1A07B61673B}.Debug|Any CPU.ActiveCfg = Debug|Any CPU
		{F0F60EB4-F25F-425A-BD8D-B1A07B61673B}.Debug|Any CPU.Build.0 = Debug|Any CPU
		{F0F60EB4-F25F-425A-BD8D-B1A07B61673B}.Staging|Any CPU.ActiveCfg = Staging|Any CPU
		{F0F60EB4-F25F-425A-BD8D-B1A07B61673B}.Staging|Any CPU.Build.0 = Staging|Any CPU
		{F0F60EB4-F25F-425A-BD8D-B1A07B61673B}.Release|Any CPU.ActiveCfg = Release|Any CPU
		{F0F60EB4-F25F-425A-BD8D-B1A07B61673B}.Release|Any CPU.Build.0 = Release|Any CPU
		{F0F60EB4-F25F-425A-BD8D-B1A07B61673B}.Testing|Any CPU.ActiveCfg = Testing|Any CPU
		{F0F60EB4-F25F-425A-BD8D-B1A07B61673B}.Testing|Any CPU.Build.0 = Testing|Any CPU
		{6CD77BC5-02D9-41D4-9678-A5F758BCDC89}.Local|Any CPU.ActiveCfg = Local|Any CPU
		{6CD77BC5-02D9-41D4-9678-A5F758BCDC89}.Local|Any CPU.Build.0 = Local|Any CPU
		{6CD77BC5-02D9-41D4-9678-A5F758BCDC89}.Debug|Any CPU.ActiveCfg = Debug|Any CPU
		{6CD77BC5-02D9-41D4-9678-A5F758BCDC89}.Debug|Any CPU.Build.0 = Debug|Any CPU
		{6CD77BC5-02D9-41D4-9678-A5F758BCDC89}.Staging|Any CPU.ActiveCfg = Staging|Any CPU
		{6CD77BC5-02D9-41D4-9678-A5F758BCDC89}.Staging|Any CPU.Build.0 = Staging|Any CPU
		{6CD77BC5-02D9-41D4-9678-A5F758BCDC89}.Release|Any CPU.ActiveCfg = Release|Any CPU
		{6CD77BC5-02D9-41D4-9678-A5F758BCDC89}.Release|Any CPU.Build.0 = Release|Any CPU
		{6CD77BC5-02D9-41D4-9678-A5F758BCDC89}.Testing|Any CPU.ActiveCfg = Testing|Any CPU
		{6CD77BC5-02D9-41D4-9678-A5F758BCDC89}.Testing|Any CPU.Build.0 = Testing|Any CPU
		{5E3512D8-B6D7-4C78-A655-903A03821898}.Local|Any CPU.ActiveCfg = Local|Any CPU
		{5E3512D8-B6D7-4C78-A655-903A03821898}.Local|Any CPU.Build.0 = Local|Any CPU
		{5E3512D8-B6D7-4C78-A655-903A03821898}.Debug|Any CPU.ActiveCfg = Debug|Any CPU
		{5E3512D8-B6D7-4C78-A655-903A03821898}.Debug|Any CPU.Build.0 = Debug|Any CPU
		{5E3512D8-B6D7-4C78-A655-903A03821898}.Staging|Any CPU.ActiveCfg = Staging|Any CPU
		{5E3512D8-B6D7-4C78-A655-903A03821898}.Staging|Any CPU.Build.0 = Staging|Any CPU
		{5E3512D8-B6D7-4C78-A655-903A03821898}.Release|Any CPU.ActiveCfg = Release|Any CPU
		{5E3512D8-B6D7-4C78-A655-903A03821898}.Release|Any CPU.Build.0 = Release|Any CPU
		{5E3512D8-B6D7-4C78-A655-903A03821898}.Testing|Any CPU.ActiveCfg = Testing|Any CPU
		{5E3512D8-B6D7-4C78-A655-903A03821898}.Testing|Any CPU.Build.0 = Testing|Any CPU
		{3C30F643-D5D8-475E-A028-EA059A20D2EF}.Local|Any CPU.ActiveCfg = Local|Any CPU
		{3C30F643-D5D8-475E-A028-EA059A20D2EF}.Local|Any CPU.Build.0 = Local|Any CPU
		{3C30F643-D5D8-475E-A028-EA059A20D2EF}.Debug|Any CPU.ActiveCfg = Debug|Any CPU
		{3C30F643-D5D8-475E-A028-EA059A20D2EF}.Debug|Any CPU.Build.0 = Debug|Any CPU
		{3C30F643-D5D8-475E-A028-EA059A20D2EF}.Staging|Any CPU.ActiveCfg = Staging|Any CPU
		{3C30F643-D5D8-475E-A028-EA059A20D2EF}.Staging|Any CPU.Build.0 = Staging|Any CPU
		{3C30F643-D5D8-475E-A028-EA059A20D2EF}.Release|Any CPU.ActiveCfg = Release|Any CPU
		{3C30F643-D5D8-475E-A028-EA059A20D2EF}.Release|Any CPU.Build.0 = Release|Any CPU
		{3C30F643-D5D8-475E-A028-EA059A20D2EF}.Testing|Any CPU.ActiveCfg = Testing|Any CPU
		{3C30F643-D5D8-475E-A028-EA059A20D2EF}.Testing|Any CPU.Build.0 = Testing|Any CPU
		{5B0D5DA4-A191-4CA1-BCC7-2A2CBC7EFD5A}.Local|Any CPU.ActiveCfg = Local|Any CPU
		{5B0D5DA4-A191-4CA1-BCC7-2A2CBC7EFD5A}.Local|Any CPU.Build.0 = Local|Any CPU
		{5B0D5DA4-A191-4CA1-BCC7-2A2CBC7EFD5A}.Debug|Any CPU.ActiveCfg = Debug|Any CPU
		{5B0D5DA4-A191-4CA1-BCC7-2A2CBC7EFD5A}.Debug|Any CPU.Build.0 = Debug|Any CPU
		{5B0D5DA4-A191-4CA1-BCC7-2A2CBC7EFD5A}.Staging|Any CPU.ActiveCfg = Staging|Any CPU
		{5B0D5DA4-A191-4CA1-BCC7-2A2CBC7EFD5A}.Staging|Any CPU.Build.0 = Staging|Any CPU
		{5B0D5DA4-A191-4CA1-BCC7-2A2CBC7EFD5A}.Release|Any CPU.ActiveCfg = Release|Any CPU
		{5B0D5DA4-A191-4CA1-BCC7-2A2CBC7EFD5A}.Release|Any CPU.Build.0 = Release|Any CPU
		{5B0D5DA4-A191-4CA1-BCC7-2A2CBC7EFD5A}.Testing|Any CPU.ActiveCfg = Testing|Any CPU
		{5B0D5DA4-A191-4CA1-BCC7-2A2CBC7EFD5A}.Testing|Any CPU.Build.0 = Testing|Any CPU
		{11EBCFAD-3114-4768-BCC1-7EE53201B46D}.Local|Any CPU.ActiveCfg = Local|Any CPU
		{11EBCFAD-3114-4768-BCC1-7EE53201B46D}.Local|Any CPU.Build.0 = Local|Any CPU
		{11EBCFAD-3114-4768-BCC1-7EE53201B46D}.Debug|Any CPU.ActiveCfg = Debug|Any CPU
		{11EBCFAD-3114-4768-BCC1-7EE53201B46D}.Debug|Any CPU.Build.0 = Debug|Any CPU
		{11EBCFAD-3114-4768-BCC1-7EE53201B46D}.Staging|Any CPU.ActiveCfg = Staging|Any CPU
		{11EBCFAD-3114-4768-BCC1-7EE53201B46D}.Staging|Any CPU.Build.0 = Staging|Any CPU
		{11EBCFAD-3114-4768-BCC1-7EE53201B46D}.Release|Any CPU.ActiveCfg = Release|Any CPU
		{11EBCFAD-3114-4768-BCC1-7EE53201B46D}.Release|Any CPU.Build.0 = Release|Any CPU
		{11EBCFAD-3114-4768-BCC1-7EE53201B46D}.Testing|Any CPU.ActiveCfg = Testing|Any CPU
		{11EBCFAD-3114-4768-BCC1-7EE53201B46D}.Testing|Any CPU.Build.0 = Testing|Any CPU
		{C8347A6A-8C65-4805-B712-80316A87F8BD}.Local|Any CPU.ActiveCfg = Local|Any CPU
		{C8347A6A-8C65-4805-B712-80316A87F8BD}.Local|Any CPU.Build.0 = Local|Any CPU
		{C8347A6A-8C65-4805-B712-80316A87F8BD}.Debug|Any CPU.ActiveCfg = Debug|Any CPU
		{C8347A6A-8C65-4805-B712-80316A87F8BD}.Debug|Any CPU.Build.0 = Debug|Any CPU
		{C8347A6A-8C65-4805-B712-80316A87F8BD}.Staging|Any CPU.ActiveCfg = Staging|Any CPU
		{C8347A6A-8C65-4805-B712-80316A87F8BD}.Staging|Any CPU.Build.0 = Staging|Any CPU
		{C8347A6A-8C65-4805-B712-80316A87F8BD}.Release|Any CPU.ActiveCfg = Release|Any CPU
		{C8347A6A-8C65-4805-B712-80316A87F8BD}.Release|Any CPU.Build.0 = Release|Any CPU
		{C8347A6A-8C65-4805-B712-80316A87F8BD}.Testing|Any CPU.ActiveCfg = Testing|Any CPU
		{C8347A6A-8C65-4805-B712-80316A87F8BD}.Testing|Any CPU.Build.0 = Testing|Any CPU
		{4A783B2F-21D1-41A7-A3F9-029E9AF4738C}.Local|Any CPU.ActiveCfg = Local|Any CPU
		{4A783B2F-21D1-41A7-A3F9-029E9AF4738C}.Local|Any CPU.Build.0 = Local|Any CPU
		{4A783B2F-21D1-41A7-A3F9-029E9AF4738C}.Debug|Any CPU.ActiveCfg = Debug|Any CPU
		{4A783B2F-21D1-41A7-A3F9-029E9AF4738C}.Debug|Any CPU.Build.0 = Debug|Any CPU
		{4A783B2F-21D1-41A7-A3F9-029E9AF4738C}.Staging|Any CPU.ActiveCfg = Staging|Any CPU
		{4A783B2F-21D1-41A7-A3F9-029E9AF4738C}.Staging|Any CPU.Build.0 = Staging|Any CPU
		{4A783B2F-21D1-41A7-A3F9-029E9AF4738C}.Release|Any CPU.ActiveCfg = Release|Any CPU
		{4A783B2F-21D1-41A7-A3F9-029E9AF4738C}.Release|Any CPU.Build.0 = Release|Any CPU
		{4A783B2F-21D1-41A7-A3F9-029E9AF4738C}.Testing|Any CPU.ActiveCfg = Testing|Any CPU
		{4A783B2F-21D1-41A7-A3F9-029E9AF4738C}.Testing|Any CPU.Build.0 = Testing|Any CPU
	EndGlobalSection
	GlobalSection(SolutionProperties) = preSolution
		HideSolutionNode = FALSE
	EndGlobalSection
	GlobalSection(NestedProjects) = preSolution
		{C5F9ECC4-8439-4080-BB8A-B707AAE5E003} = {1814F0DE-2075-4F0B-A412-BC8D3C4113CD}
		{77416B50-E2D5-494A-A899-F3FA6A35C5B8} = {1814F0DE-2075-4F0B-A412-BC8D3C4113CD}
		{810C8DC7-CDF3-410C-8EFF-1EBA7FC43C55} = {1814F0DE-2075-4F0B-A412-BC8D3C4113CD}
		{2127D59F-40BA-4EC6-9114-0C6C9787413B} = {1814F0DE-2075-4F0B-A412-BC8D3C4113CD}
		{62CB07AB-B6BB-4269-A3F0-A1F82E62E7D4} = {1814F0DE-2075-4F0B-A412-BC8D3C4113CD}
		{C4BEE464-4D79-4D48-83B3-6C1D72A27B11} = {1814F0DE-2075-4F0B-A412-BC8D3C4113CD}
		{27B58C0B-FF54-4AD4-8FCB-FFB5724CD80E} = {1814F0DE-2075-4F0B-A412-BC8D3C4113CD}
		{139257D6-2F14-4EDB-9D4F-8E04C73B676C} = {1814F0DE-2075-4F0B-A412-BC8D3C4113CD}
		{6D7F02A0-2153-403A-A336-4C4D8AEE54FC} = {1814F0DE-2075-4F0B-A412-BC8D3C4113CD}
		{F2F61B04-166A-48F8-9378-8322C74EB7FF} = {1814F0DE-2075-4F0B-A412-BC8D3C4113CD}
		{6FE297E3-BF26-4359-93F6-23FFB26A1961} = {1814F0DE-2075-4F0B-A412-BC8D3C4113CD}
		{DC6CEE50-5AF6-41BF-8B58-5799BDC6FDDE} = {1814F0DE-2075-4F0B-A412-BC8D3C4113CD}
		{630CFE15-1D55-49AE-B5BD-3C2FCD2C1563} = {1814F0DE-2075-4F0B-A412-BC8D3C4113CD}
		{1A02D1A9-CE8F-47BE-B752-8446612B5A4D} = {1814F0DE-2075-4F0B-A412-BC8D3C4113CD}
		{4E2726B0-755B-4C92-B063-C4A2445194BA} = {1814F0DE-2075-4F0B-A412-BC8D3C4113CD}
		{F0F60EB4-F25F-425A-BD8D-B1A07B61673B} = {1814F0DE-2075-4F0B-A412-BC8D3C4113CD}
		{6CD77BC5-02D9-41D4-9678-A5F758BCDC89} = {1814F0DE-2075-4F0B-A412-BC8D3C4113CD}
		{5E3512D8-B6D7-4C78-A655-903A03821898} = {1814F0DE-2075-4F0B-A412-BC8D3C4113CD}
		{3C30F643-D5D8-475E-A028-EA059A20D2EF} = {1814F0DE-2075-4F0B-A412-BC8D3C4113CD}
		{5B0D5DA4-A191-4CA1-BCC7-2A2CBC7EFD5A} = {1814F0DE-2075-4F0B-A412-BC8D3C4113CD}
		{11EBCFAD-3114-4768-BCC1-7EE53201B46D} = {1814F0DE-2075-4F0B-A412-BC8D3C4113CD}
		{4A783B2F-21D1-41A7-A3F9-029E9AF4738C} = {1814F0DE-2075-4F0B-A412-BC8D3C4113CD}
		{C8347A6A-8C65-4805-B712-80316A87F8BD} = {AE131240-CF12-4EB3-A15A-1103234C588D}
	EndGlobalSection
	GlobalSection(ExtensibilityGlobals) = postSolution
		SolutionGuid = {C5DFEF8A-9C95-453A-A240-05B07A6B4625}
	EndGlobalSection
EndGlobal
