Microsoft Visual Studio Solution File, Format Version 12.00
Project("{9A19103F-16F7-4668-BE54-9A1E7A4F7556}") = "JustinWritesCode.AspNetCore.Startup", "JustinWritesCode.AspNetCore.Startup.csproj", "{C5F9ECC4-8439-4080-BB8A-B707AAE5E003}"
EndProject
Project("{9A19103F-16F7-4668-BE54-9A1E7A4F7556}") = "JustinWritesCode.AspNetCore.Controllers", "..\Controllers\JustinWritesCode.AspNetCore.Controllers.csproj", "{810C8DC7-CDF3-410C-8EFF-1EBA7FC43C55}"
EndProject
Project("{9A19103F-16F7-4668-BE54-9A1E7A4F7556}") = "JustinWritesCode.AspNetCore.Formatters", "..\Formatters\JustinWritesCode.AspNetCore.Formatters.csproj", "{2127D59F-40BA-4EC6-9114-0C6C9787413B}"
EndProject
Project("{9A19103F-16F7-4668-BE54-9A1E7A4F7556}") = "JustinWritesCode.AspNetCore.Hosting.Extensions", "..\Hosting.Extensions\JustinWritesCode.AspNetCore.Hosting.Extensions.csproj", "{C4BEE464-4D79-4D48-83B3-6C1D72A27B11}"
EndProject
Project("{9A19103F-16F7-4668-BE54-9A1E7A4F7556}") = "JustinWritesCode.Http.Extensions", "..\Http\Extensions\JustinWritesCode.Http.Extensions.csproj", "{27B58C0B-FF54-4AD4-8FCB-FFB5724CD80E}"
EndProject
Project("{9A19103F-16F7-4668-BE54-9A1E7A4F7556}") = "JustinWritesCode.Http", "..\Http\Http\JustinWritesCode.Http.csproj", "{139257D6-2F14-4EDB-9D4F-8E04C73B676C}"
EndProject
Project("{9A19103F-16F7-4668-BE54-9A1E7A4F7556}") = "System.Net.Mime.MediaTypeNames", "..\Http\MediaTypeNames\System.Net.Mime.MediaTypeNames.csproj", "{6D7F02A0-2153-403A-A336-4C4D8AEE54FC}"
EndProject
Project("{9A19103F-16F7-4668-BE54-9A1E7A4F7556}") = "JustinWritesCode.Payloads", "..\Payloads\JustinWritesCode.Payloads.csproj", "{F2F61B04-166A-48F8-9378-8322C74EB7FF}"
EndProject
Project("{9A19103F-16F7-4668-BE54-9A1E7A4F7556}") = "JustinWritesCode.AspNetCore.Authentication", "..\Security\Authentication\JustinWritesCode.AspNetCore.Authentication.csproj", "{E4ABB27F-C671-4C8A-8E69-F38342782F74}"
EndProject
Project("{9A19103F-16F7-4668-BE54-9A1E7A4F7556}") = "JustinWritesCode.AspNetCore.Authorization", "..\Security\Authorization\JustinWritesCode.AspNetCore.Authorization.csproj", "{B972EDE2-6504-4FB7-AF17-3C0632C0DE13}"
EndProject
Project("{9A19103F-16F7-4668-BE54-9A1E7A4F7556}") = "JustinWritesCode.AspNetCore.Swagger", "..\Swagger\JustinWritesCode.AspNetCore.Swagger.csproj", "{03B70A53-81EA-4384-9024-AC1117B1A2BB}"
EndProject
Project("{2150E333-8FDC-42A3-9474-1A3956D46DE8}") = "src", "src", "{1814F0DE-2075-4F0B-A412-BC8D3C4113CD}"
EndProject
Global
	GlobalSection(SolutionConfigurationPlatforms) = preSolution
		Local|Any CPU = Local|Any CPU
		Debug|Any CPU = Debug|Any CPU
		Staging|Any CPU = Staging|Any CPU
		Release|Any CPU = Release|Any CPU
		Testing|Any CPU = Testing|Any CPU
	EndGlobalSection
	GlobalSection(ProjectConfigurationPlatforms) = postSolution
		{C5F9ECC4-8439-4080-BB8A-B707AAE5E003}.Local|Any CPU.ActiveCfg = Local|Any CPU
		{C5F9ECC4-8439-4080-BB8A-B707AAE5E003}.Local|Any CPU.Build.0 = Local|Any CPU
		{C5F9ECC4-8439-4080-BB8A-B707AAE5E003}.Debug|Any CPU.ActiveCfg = Debug|Any CPU
		{C5F9ECC4-8439-4080-BB8A-B707AAE5E003}.Debug|Any CPU.Build.0 = Debug|Any CPU
		{C5F9ECC4-8439-4080-BB8A-B707AAE5E003}.Staging|Any CPU.ActiveCfg = Staging|Any CPU
		{C5F9ECC4-8439-4080-BB8A-B707AAE5E003}.Staging|Any CPU.Build.0 = Staging|Any CPU
		{C5F9ECC4-8439-4080-BB8A-B707AAE5E003}.Release|Any CPU.ActiveCfg = Release|Any CPU
		{C5F9ECC4-8439-4080-BB8A-B707AAE5E003}.Release|Any CPU.Build.0 = Release|Any CPU
		{C5F9ECC4-8439-4080-BB8A-B707AAE5E003}.Testing|Any CPU.ActiveCfg = Testing|Any CPU
		{C5F9ECC4-8439-4080-BB8A-B707AAE5E003}.Testing|Any CPU.Build.0 = Testing|Any CPU
		{810C8DC7-CDF3-410C-8EFF-1EBA7FC43C55}.Local|Any CPU.ActiveCfg = Local|Any CPU
		{810C8DC7-CDF3-410C-8EFF-1EBA7FC43C55}.Local|Any CPU.Build.0 = Local|Any CPU
		{810C8DC7-CDF3-410C-8EFF-1EBA7FC43C55}.Debug|Any CPU.ActiveCfg = Debug|Any CPU
		{810C8DC7-CDF3-410C-8EFF-1EBA7FC43C55}.Debug|Any CPU.Build.0 = Debug|Any CPU
		{810C8DC7-CDF3-410C-8EFF-1EBA7FC43C55}.Staging|Any CPU.ActiveCfg = Staging|Any CPU
		{810C8DC7-CDF3-410C-8EFF-1EBA7FC43C55}.Staging|Any CPU.Build.0 = Staging|Any CPU
		{810C8DC7-CDF3-410C-8EFF-1EBA7FC43C55}.Release|Any CPU.ActiveCfg = Release|Any CPU
		{810C8DC7-CDF3-410C-8EFF-1EBA7FC43C55}.Release|Any CPU.Build.0 = Release|Any CPU
		{810C8DC7-CDF3-410C-8EFF-1EBA7FC43C55}.Testing|Any CPU.ActiveCfg = Testing|Any CPU
		{810C8DC7-CDF3-410C-8EFF-1EBA7FC43C55}.Testing|Any CPU.Build.0 = Testing|Any CPU
		{2127D59F-40BA-4EC6-9114-0C6C9787413B}.Local|Any CPU.ActiveCfg = Local|Any CPU
		{2127D59F-40BA-4EC6-9114-0C6C9787413B}.Local|Any CPU.Build.0 = Local|Any CPU
		{2127D59F-40BA-4EC6-9114-0C6C9787413B}.Debug|Any CPU.ActiveCfg = Debug|Any CPU
		{2127D59F-40BA-4EC6-9114-0C6C9787413B}.Debug|Any CPU.Build.0 = Debug|Any CPU
		{2127D59F-40BA-4EC6-9114-0C6C9787413B}.Staging|Any CPU.ActiveCfg = Staging|Any CPU
		{2127D59F-40BA-4EC6-9114-0C6C9787413B}.Staging|Any CPU.Build.0 = Staging|Any CPU
		{2127D59F-40BA-4EC6-9114-0C6C9787413B}.Release|Any CPU.ActiveCfg = Release|Any CPU
		{2127D59F-40BA-4EC6-9114-0C6C9787413B}.Release|Any CPU.Build.0 = Release|Any CPU
		{2127D59F-40BA-4EC6-9114-0C6C9787413B}.Testing|Any CPU.ActiveCfg = Testing|Any CPU
		{2127D59F-40BA-4EC6-9114-0C6C9787413B}.Testing|Any CPU.Build.0 = Testing|Any CPU
		{C4BEE464-4D79-4D48-83B3-6C1D72A27B11}.Local|Any CPU.ActiveCfg = Local|Any CPU
		{C4BEE464-4D79-4D48-83B3-6C1D72A27B11}.Local|Any CPU.Build.0 = Local|Any CPU
		{C4BEE464-4D79-4D48-83B3-6C1D72A27B11}.Debug|Any CPU.ActiveCfg = Debug|Any CPU
		{C4BEE464-4D79-4D48-83B3-6C1D72A27B11}.Debug|Any CPU.Build.0 = Debug|Any CPU
		{C4BEE464-4D79-4D48-83B3-6C1D72A27B11}.Staging|Any CPU.ActiveCfg = Staging|Any CPU
		{C4BEE464-4D79-4D48-83B3-6C1D72A27B11}.Staging|Any CPU.Build.0 = Staging|Any CPU
		{C4BEE464-4D79-4D48-83B3-6C1D72A27B11}.Release|Any CPU.ActiveCfg = Release|Any CPU
		{C4BEE464-4D79-4D48-83B3-6C1D72A27B11}.Release|Any CPU.Build.0 = Release|Any CPU
		{C4BEE464-4D79-4D48-83B3-6C1D72A27B11}.Testing|Any CPU.ActiveCfg = Testing|Any CPU
		{C4BEE464-4D79-4D48-83B3-6C1D72A27B11}.Testing|Any CPU.Build.0 = Testing|Any CPU
		{27B58C0B-FF54-4AD4-8FCB-FFB5724CD80E}.Local|Any CPU.ActiveCfg = Local|Any CPU
		{27B58C0B-FF54-4AD4-8FCB-FFB5724CD80E}.Local|Any CPU.Build.0 = Local|Any CPU
		{27B58C0B-FF54-4AD4-8FCB-FFB5724CD80E}.Debug|Any CPU.ActiveCfg = Debug|Any CPU
		{27B58C0B-FF54-4AD4-8FCB-FFB5724CD80E}.Debug|Any CPU.Build.0 = Debug|Any CPU
		{27B58C0B-FF54-4AD4-8FCB-FFB5724CD80E}.Staging|Any CPU.ActiveCfg = Staging|Any CPU
		{27B58C0B-FF54-4AD4-8FCB-FFB5724CD80E}.Staging|Any CPU.Build.0 = Staging|Any CPU
		{27B58C0B-FF54-4AD4-8FCB-FFB5724CD80E}.Release|Any CPU.ActiveCfg = Release|Any CPU
		{27B58C0B-FF54-4AD4-8FCB-FFB5724CD80E}.Release|Any CPU.Build.0 = Release|Any CPU
		{27B58C0B-FF54-4AD4-8FCB-FFB5724CD80E}.Testing|Any CPU.ActiveCfg = Testing|Any CPU
		{27B58C0B-FF54-4AD4-8FCB-FFB5724CD80E}.Testing|Any CPU.Build.0 = Testing|Any CPU
		{139257D6-2F14-4EDB-9D4F-8E04C73B676C}.Local|Any CPU.ActiveCfg = Local|Any CPU
		{139257D6-2F14-4EDB-9D4F-8E04C73B676C}.Local|Any CPU.Build.0 = Local|Any CPU
		{139257D6-2F14-4EDB-9D4F-8E04C73B676C}.Debug|Any CPU.ActiveCfg = Debug|Any CPU
		{139257D6-2F14-4EDB-9D4F-8E04C73B676C}.Debug|Any CPU.Build.0 = Debug|Any CPU
		{139257D6-2F14-4EDB-9D4F-8E04C73B676C}.Staging|Any CPU.ActiveCfg = Staging|Any CPU
		{139257D6-2F14-4EDB-9D4F-8E04C73B676C}.Staging|Any CPU.Build.0 = Staging|Any CPU
		{139257D6-2F14-4EDB-9D4F-8E04C73B676C}.Release|Any CPU.ActiveCfg = Release|Any CPU
		{139257D6-2F14-4EDB-9D4F-8E04C73B676C}.Release|Any CPU.Build.0 = Release|Any CPU
		{139257D6-2F14-4EDB-9D4F-8E04C73B676C}.Testing|Any CPU.ActiveCfg = Testing|Any CPU
		{139257D6-2F14-4EDB-9D4F-8E04C73B676C}.Testing|Any CPU.Build.0 = Testing|Any CPU
		{6D7F02A0-2153-403A-A336-4C4D8AEE54FC}.Local|Any CPU.ActiveCfg = Local|Any CPU
		{6D7F02A0-2153-403A-A336-4C4D8AEE54FC}.Local|Any CPU.Build.0 = Local|Any CPU
		{6D7F02A0-2153-403A-A336-4C4D8AEE54FC}.Debug|Any CPU.ActiveCfg = Debug|Any CPU
		{6D7F02A0-2153-403A-A336-4C4D8AEE54FC}.Debug|Any CPU.Build.0 = Debug|Any CPU
		{6D7F02A0-2153-403A-A336-4C4D8AEE54FC}.Staging|Any CPU.ActiveCfg = Staging|Any CPU
		{6D7F02A0-2153-403A-A336-4C4D8AEE54FC}.Staging|Any CPU.Build.0 = Staging|Any CPU
		{6D7F02A0-2153-403A-A336-4C4D8AEE54FC}.Release|Any CPU.ActiveCfg = Release|Any CPU
		{6D7F02A0-2153-403A-A336-4C4D8AEE54FC}.Release|Any CPU.Build.0 = Release|Any CPU
		{6D7F02A0-2153-403A-A336-4C4D8AEE54FC}.Testing|Any CPU.ActiveCfg = Testing|Any CPU
		{6D7F02A0-2153-403A-A336-4C4D8AEE54FC}.Testing|Any CPU.Build.0 = Testing|Any CPU
		{F2F61B04-166A-48F8-9378-8322C74EB7FF}.Local|Any CPU.ActiveCfg = Local|Any CPU
		{F2F61B04-166A-48F8-9378-8322C74EB7FF}.Local|Any CPU.Build.0 = Local|Any CPU
		{F2F61B04-166A-48F8-9378-8322C74EB7FF}.Debug|Any CPU.ActiveCfg = Debug|Any CPU
		{F2F61B04-166A-48F8-9378-8322C74EB7FF}.Debug|Any CPU.Build.0 = Debug|Any CPU
		{F2F61B04-166A-48F8-9378-8322C74EB7FF}.Staging|Any CPU.ActiveCfg = Staging|Any CPU
		{F2F61B04-166A-48F8-9378-8322C74EB7FF}.Staging|Any CPU.Build.0 = Staging|Any CPU
		{F2F61B04-166A-48F8-9378-8322C74EB7FF}.Release|Any CPU.ActiveCfg = Release|Any CPU
		{F2F61B04-166A-48F8-9378-8322C74EB7FF}.Release|Any CPU.Build.0 = Release|Any CPU
		{F2F61B04-166A-48F8-9378-8322C74EB7FF}.Testing|Any CPU.ActiveCfg = Testing|Any CPU
		{F2F61B04-166A-48F8-9378-8322C74EB7FF}.Testing|Any CPU.Build.0 = Testing|Any CPU
		{E4ABB27F-C671-4C8A-8E69-F38342782F74}.Local|Any CPU.ActiveCfg = Local|Any CPU
		{E4ABB27F-C671-4C8A-8E69-F38342782F74}.Local|Any CPU.Build.0 = Local|Any CPU
		{E4ABB27F-C671-4C8A-8E69-F38342782F74}.Debug|Any CPU.ActiveCfg = Debug|Any CPU
		{E4ABB27F-C671-4C8A-8E69-F38342782F74}.Debug|Any CPU.Build.0 = Debug|Any CPU
		{E4ABB27F-C671-4C8A-8E69-F38342782F74}.Staging|Any CPU.ActiveCfg = Staging|Any CPU
		{E4ABB27F-C671-4C8A-8E69-F38342782F74}.Staging|Any CPU.Build.0 = Staging|Any CPU
		{E4ABB27F-C671-4C8A-8E69-F38342782F74}.Release|Any CPU.ActiveCfg = Release|Any CPU
		{E4ABB27F-C671-4C8A-8E69-F38342782F74}.Release|Any CPU.Build.0 = Release|Any CPU
		{E4ABB27F-C671-4C8A-8E69-F38342782F74}.Testing|Any CPU.ActiveCfg = Testing|Any CPU
		{E4ABB27F-C671-4C8A-8E69-F38342782F74}.Testing|Any CPU.Build.0 = Testing|Any CPU
		{B972EDE2-6504-4FB7-AF17-3C0632C0DE13}.Local|Any CPU.ActiveCfg = Local|Any CPU
		{B972EDE2-6504-4FB7-AF17-3C0632C0DE13}.Local|Any CPU.Build.0 = Local|Any CPU
		{B972EDE2-6504-4FB7-AF17-3C0632C0DE13}.Debug|Any CPU.ActiveCfg = Debug|Any CPU
		{B972EDE2-6504-4FB7-AF17-3C0632C0DE13}.Debug|Any CPU.Build.0 = Debug|Any CPU
		{B972EDE2-6504-4FB7-AF17-3C0632C0DE13}.Staging|Any CPU.ActiveCfg = Staging|Any CPU
		{B972EDE2-6504-4FB7-AF17-3C0632C0DE13}.Staging|Any CPU.Build.0 = Staging|Any CPU
		{B972EDE2-6504-4FB7-AF17-3C0632C0DE13}.Release|Any CPU.ActiveCfg = Release|Any CPU
		{B972EDE2-6504-4FB7-AF17-3C0632C0DE13}.Release|Any CPU.Build.0 = Release|Any CPU
		{B972EDE2-6504-4FB7-AF17-3C0632C0DE13}.Testing|Any CPU.ActiveCfg = Testing|Any CPU
		{B972EDE2-6504-4FB7-AF17-3C0632C0DE13}.Testing|Any CPU.Build.0 = Testing|Any CPU
		{03B70A53-81EA-4384-9024-AC1117B1A2BB}.Local|Any CPU.ActiveCfg = Local|Any CPU
		{03B70A53-81EA-4384-9024-AC1117B1A2BB}.Local|Any CPU.Build.0 = Local|Any CPU
		{03B70A53-81EA-4384-9024-AC1117B1A2BB}.Debug|Any CPU.ActiveCfg = Debug|Any CPU
		{03B70A53-81EA-4384-9024-AC1117B1A2BB}.Debug|Any CPU.Build.0 = Debug|Any CPU
		{03B70A53-81EA-4384-9024-AC1117B1A2BB}.Staging|Any CPU.ActiveCfg = Staging|Any CPU
		{03B70A53-81EA-4384-9024-AC1117B1A2BB}.Staging|Any CPU.Build.0 = Staging|Any CPU
		{03B70A53-81EA-4384-9024-AC1117B1A2BB}.Release|Any CPU.ActiveCfg = Release|Any CPU
		{03B70A53-81EA-4384-9024-AC1117B1A2BB}.Release|Any CPU.Build.0 = Release|Any CPU
		{03B70A53-81EA-4384-9024-AC1117B1A2BB}.Testing|Any CPU.ActiveCfg = Testing|Any CPU
		{03B70A53-81EA-4384-9024-AC1117B1A2BB}.Testing|Any CPU.Build.0 = Testing|Any CPU
	EndGlobalSection
	GlobalSection(SolutionProperties) = preSolution
		HideSolutionNode = FALSE
	EndGlobalSection
	GlobalSection(NestedProjects) = preSolution
		{C5F9ECC4-8439-4080-BB8A-B707AAE5E003} = {1814F0DE-2075-4F0B-A412-BC8D3C4113CD}
		{810C8DC7-CDF3-410C-8EFF-1EBA7FC43C55} = {1814F0DE-2075-4F0B-A412-BC8D3C4113CD}
		{2127D59F-40BA-4EC6-9114-0C6C9787413B} = {1814F0DE-2075-4F0B-A412-BC8D3C4113CD}
		{C4BEE464-4D79-4D48-83B3-6C1D72A27B11} = {1814F0DE-2075-4F0B-A412-BC8D3C4113CD}
		{27B58C0B-FF54-4AD4-8FCB-FFB5724CD80E} = {1814F0DE-2075-4F0B-A412-BC8D3C4113CD}
		{139257D6-2F14-4EDB-9D4F-8E04C73B676C} = {1814F0DE-2075-4F0B-A412-BC8D3C4113CD}
		{6D7F02A0-2153-403A-A336-4C4D8AEE54FC} = {1814F0DE-2075-4F0B-A412-BC8D3C4113CD}
		{F2F61B04-166A-48F8-9378-8322C74EB7FF} = {1814F0DE-2075-4F0B-A412-BC8D3C4113CD}
		{E4ABB27F-C671-4C8A-8E69-F38342782F74} = {1814F0DE-2075-4F0B-A412-BC8D3C4113CD}
		{B972EDE2-6504-4FB7-AF17-3C0632C0DE13} = {1814F0DE-2075-4F0B-A412-BC8D3C4113CD}
		{03B70A53-81EA-4384-9024-AC1117B1A2BB} = {1814F0DE-2075-4F0B-A412-BC8D3C4113CD}
	EndGlobalSection
	GlobalSection(ExtensibilityGlobals) = postSolution
		SolutionGuid = {C5DFEF8A-9C95-453A-A240-05B07A6B4625}
	EndGlobalSection
EndGlobal
