Microsoft Visual Studio Solution File, Format Version 12.00
Project("{9A19103F-16F7-4668-BE54-9A1E7A4F7556}") = "JustinWritesCode.Application.Configuration", "JustinWritesCode.Application.Configuration.csproj", "{3277ADD1-5973-4DE1-A09D-A0474C4B26EF}"
EndProject
Project("{2150E333-8FDC-42A3-9474-1A3956D46DE8}") = "src", "src", "{DA3B3B5A-222A-4C0F-A7F7-64492EA3C892}"
EndProject
Global
	GlobalSection(SolutionConfigurationPlatforms) = preSolution
		Local|Any CPU = Local|Any CPU
		Debug|Any CPU = Debug|Any CPU
		Staging|Any CPU = Staging|Any CPU
		Release|Any CPU = Release|Any CPU
		Testing|Any CPU = Testing|Any CPU
	EndGlobalSection
	GlobalSection(ProjectConfigurationPlatforms) = postSolution
		{3277ADD1-5973-4DE1-A09D-A0474C4B26EF}.Local|Any CPU.ActiveCfg = Local|Any CPU
		{3277ADD1-5973-4DE1-A09D-A0474C4B26EF}.Local|Any CPU.Build.0 = Local|Any CPU
		{3277ADD1-5973-4DE1-A09D-A0474C4B26EF}.Debug|Any CPU.ActiveCfg = Debug|Any CPU
		{3277ADD1-5973-4DE1-A09D-A0474C4B26EF}.Debug|Any CPU.Build.0 = Debug|Any CPU
		{3277ADD1-5973-4DE1-A09D-A0474C4B26EF}.Staging|Any CPU.ActiveCfg = Staging|Any CPU
		{3277ADD1-5973-4DE1-A09D-A0474C4B26EF}.Staging|Any CPU.Build.0 = Staging|Any CPU
		{3277ADD1-5973-4DE1-A09D-A0474C4B26EF}.Release|Any CPU.ActiveCfg = Release|Any CPU
		{3277ADD1-5973-4DE1-A09D-A0474C4B26EF}.Release|Any CPU.Build.0 = Release|Any CPU
		{3277ADD1-5973-4DE1-A09D-A0474C4B26EF}.Testing|Any CPU.ActiveCfg = Testing|Any CPU
		{3277ADD1-5973-4DE1-A09D-A0474C4B26EF}.Testing|Any CPU.Build.0 = Testing|Any CPU
	EndGlobalSection
	GlobalSection(SolutionProperties) = preSolution
		HideSolutionNode = FALSE
	EndGlobalSection
	GlobalSection(NestedProjects) = preSolution
		{3277ADD1-5973-4DE1-A09D-A0474C4B26EF} = {DA3B3B5A-222A-4C0F-A7F7-64492EA3C892}
	EndGlobalSection
	GlobalSection(ExtensibilityGlobals) = postSolution
		SolutionGuid = {DE8B155E-B773-4BB7-93FC-432232D3F19B}
	EndGlobalSection
EndGlobal
