Microsoft Visual Studio Solution File, Format Version 12.00
Project("{9A19103F-16F7-4668-BE54-9A1E7A4F7556}") = "JustinWritesCode.AspNetCore.Mail", "JustinWritesCode.AspNetCore.Mail.csproj", "{C53249B3-A596-4810-8425-FB9FF3DD8466}"
EndProject
Project("{2150E333-8FDC-42A3-9474-1A3956D46DE8}") = "src", "src", "{253BE942-E72D-4753-98D4-E9FF3F8D2059}"
EndProject
Global
	GlobalSection(SolutionConfigurationPlatforms) = preSolution
		Local|Any CPU = Local|Any CPU
		Debug|Any CPU = Debug|Any CPU
		Staging|Any CPU = Staging|Any CPU
		Release|Any CPU = Release|Any CPU
		Testing|Any CPU = Testing|Any CPU
	EndGlobalSection
	GlobalSection(ProjectConfigurationPlatforms) = postSolution
		{C53249B3-A596-4810-8425-FB9FF3DD8466}.Local|Any CPU.ActiveCfg = Local|Any CPU
		{C53249B3-A596-4810-8425-FB9FF3DD8466}.Local|Any CPU.Build.0 = Local|Any CPU
		{C53249B3-A596-4810-8425-FB9FF3DD8466}.Debug|Any CPU.ActiveCfg = Debug|Any CPU
		{C53249B3-A596-4810-8425-FB9FF3DD8466}.Debug|Any CPU.Build.0 = Debug|Any CPU
		{C53249B3-A596-4810-8425-FB9FF3DD8466}.Staging|Any CPU.ActiveCfg = Staging|Any CPU
		{C53249B3-A596-4810-8425-FB9FF3DD8466}.Staging|Any CPU.Build.0 = Staging|Any CPU
		{C53249B3-A596-4810-8425-FB9FF3DD8466}.Release|Any CPU.ActiveCfg = Release|Any CPU
		{C53249B3-A596-4810-8425-FB9FF3DD8466}.Release|Any CPU.Build.0 = Release|Any CPU
		{C53249B3-A596-4810-8425-FB9FF3DD8466}.Testing|Any CPU.ActiveCfg = Testing|Any CPU
		{C53249B3-A596-4810-8425-FB9FF3DD8466}.Testing|Any CPU.Build.0 = Testing|Any CPU
	EndGlobalSection
	GlobalSection(SolutionProperties) = preSolution
		HideSolutionNode = FALSE
	EndGlobalSection
	GlobalSection(NestedProjects) = preSolution
		{C53249B3-A596-4810-8425-FB9FF3DD8466} = {253BE942-E72D-4753-98D4-E9FF3F8D2059}
	EndGlobalSection
	GlobalSection(ExtensibilityGlobals) = postSolution
		SolutionGuid = {426F1A0C-196F-4457-BE94-E897D4670CB0}
	EndGlobalSection
EndGlobal
