Microsoft Visual Studio Solution File, Format Version 12.00
Project("{9A19103F-16F7-4668-BE54-9A1E7A4F7556}") = "JustinWritesCode.AspNetCore.Controllers", "JustinWritesCode.AspNetCore.Controllers.csproj", "{2B037560-EB5D-4270-B1CD-C64F81466872}"
EndProject
Project("{2150E333-8FDC-42A3-9474-1A3956D46DE8}") = "src", "src", "{F9F1EE53-B1AB-4AD5-AFEB-12F2B13BF7B2}"
EndProject
Global
	GlobalSection(SolutionConfigurationPlatforms) = preSolution
		Local|Any CPU = Local|Any CPU
		Debug|Any CPU = Debug|Any CPU
		Staging|Any CPU = Staging|Any CPU
		Release|Any CPU = Release|Any CPU
		Testing|Any CPU = Testing|Any CPU
	EndGlobalSection
	GlobalSection(ProjectConfigurationPlatforms) = postSolution
		{2B037560-EB5D-4270-B1CD-C64F81466872}.Local|Any CPU.ActiveCfg = Local|Any CPU
		{2B037560-EB5D-4270-B1CD-C64F81466872}.Local|Any CPU.Build.0 = Local|Any CPU
		{2B037560-EB5D-4270-B1CD-C64F81466872}.Debug|Any CPU.ActiveCfg = Debug|Any CPU
		{2B037560-EB5D-4270-B1CD-C64F81466872}.Debug|Any CPU.Build.0 = Debug|Any CPU
		{2B037560-EB5D-4270-B1CD-C64F81466872}.Staging|Any CPU.ActiveCfg = Staging|Any CPU
		{2B037560-EB5D-4270-B1CD-C64F81466872}.Staging|Any CPU.Build.0 = Staging|Any CPU
		{2B037560-EB5D-4270-B1CD-C64F81466872}.Release|Any CPU.ActiveCfg = Release|Any CPU
		{2B037560-EB5D-4270-B1CD-C64F81466872}.Release|Any CPU.Build.0 = Release|Any CPU
		{2B037560-EB5D-4270-B1CD-C64F81466872}.Testing|Any CPU.ActiveCfg = Testing|Any CPU
		{2B037560-EB5D-4270-B1CD-C64F81466872}.Testing|Any CPU.Build.0 = Testing|Any CPU
	EndGlobalSection
	GlobalSection(SolutionProperties) = preSolution
		HideSolutionNode = FALSE
	EndGlobalSection
	GlobalSection(NestedProjects) = preSolution
		{2B037560-EB5D-4270-B1CD-C64F81466872} = {F9F1EE53-B1AB-4AD5-AFEB-12F2B13BF7B2}
	EndGlobalSection
	GlobalSection(ExtensibilityGlobals) = postSolution
		SolutionGuid = {B1BCFD69-48DA-4947-86AB-A29F9F37AC05}
	EndGlobalSection
EndGlobal
