Microsoft Visual Studio Solution File, Format Version 12.00
Project("{9A19103F-16F7-4668-BE54-9A1E7A4F7556}") = "JustinWritesCode.AspNetCore.Communication", "JustinWritesCode.AspNetCore.Communication.csproj", "{6116172D-9FA1-4F79-BF20-FF37BD495B98}"
EndProject
Project("{2150E333-8FDC-42A3-9474-1A3956D46DE8}") = "src", "src", "{911F3457-C637-4AA3-B538-7D94D10C19B6}"
EndProject
Global
	GlobalSection(SolutionConfigurationPlatforms) = preSolution
		Local|Any CPU = Local|Any CPU
		Debug|Any CPU = Debug|Any CPU
		Staging|Any CPU = Staging|Any CPU
		Release|Any CPU = Release|Any CPU
		Testing|Any CPU = Testing|Any CPU
	EndGlobalSection
	GlobalSection(ProjectConfigurationPlatforms) = postSolution
		{6116172D-9FA1-4F79-BF20-FF37BD495B98}.Local|Any CPU.ActiveCfg = Local|Any CPU
		{6116172D-9FA1-4F79-BF20-FF37BD495B98}.Local|Any CPU.Build.0 = Local|Any CPU
		{6116172D-9FA1-4F79-BF20-FF37BD495B98}.Debug|Any CPU.ActiveCfg = Debug|Any CPU
		{6116172D-9FA1-4F79-BF20-FF37BD495B98}.Debug|Any CPU.Build.0 = Debug|Any CPU
		{6116172D-9FA1-4F79-BF20-FF37BD495B98}.Staging|Any CPU.ActiveCfg = Staging|Any CPU
		{6116172D-9FA1-4F79-BF20-FF37BD495B98}.Staging|Any CPU.Build.0 = Staging|Any CPU
		{6116172D-9FA1-4F79-BF20-FF37BD495B98}.Release|Any CPU.ActiveCfg = Release|Any CPU
		{6116172D-9FA1-4F79-BF20-FF37BD495B98}.Release|Any CPU.Build.0 = Release|Any CPU
		{6116172D-9FA1-4F79-BF20-FF37BD495B98}.Testing|Any CPU.ActiveCfg = Testing|Any CPU
		{6116172D-9FA1-4F79-BF20-FF37BD495B98}.Testing|Any CPU.Build.0 = Testing|Any CPU
	EndGlobalSection
	GlobalSection(SolutionProperties) = preSolution
		HideSolutionNode = FALSE
	EndGlobalSection
	GlobalSection(NestedProjects) = preSolution
		{6116172D-9FA1-4F79-BF20-FF37BD495B98} = {911F3457-C637-4AA3-B538-7D94D10C19B6}
	EndGlobalSection
	GlobalSection(ExtensibilityGlobals) = postSolution
		SolutionGuid = {209DE4E2-342E-4E9E-BC55-C75D87CD1B08}
	EndGlobalSection
EndGlobal
