Microsoft Visual Studio Solution File, Format Version 12.00
Project("{9A19103F-16F7-4668-BE54-9A1E7A4F7556}") = "JustinWritesCode.AspNetCore.Exceptions", "JustinWritesCode.AspNetCore.Exceptions.csproj", "{44FAFA57-D0AC-400D-83A2-A12678804F40}"
EndProject
Project("{2150E333-8FDC-42A3-9474-1A3956D46DE8}") = "src", "src", "{1A77ABF8-A838-40E5-9FA7-E756550969A5}"
EndProject
Global
	GlobalSection(SolutionConfigurationPlatforms) = preSolution
		Local|Any CPU = Local|Any CPU
		Debug|Any CPU = Debug|Any CPU
		Staging|Any CPU = Staging|Any CPU
		Release|Any CPU = Release|Any CPU
		Testing|Any CPU = Testing|Any CPU
	EndGlobalSection
	GlobalSection(ProjectConfigurationPlatforms) = postSolution
		{44FAFA57-D0AC-400D-83A2-A12678804F40}.Local|Any CPU.ActiveCfg = Local|Any CPU
		{44FAFA57-D0AC-400D-83A2-A12678804F40}.Local|Any CPU.Build.0 = Local|Any CPU
		{44FAFA57-D0AC-400D-83A2-A12678804F40}.Debug|Any CPU.ActiveCfg = Debug|Any CPU
		{44FAFA57-D0AC-400D-83A2-A12678804F40}.Debug|Any CPU.Build.0 = Debug|Any CPU
		{44FAFA57-D0AC-400D-83A2-A12678804F40}.Staging|Any CPU.ActiveCfg = Staging|Any CPU
		{44FAFA57-D0AC-400D-83A2-A12678804F40}.Staging|Any CPU.Build.0 = Staging|Any CPU
		{44FAFA57-D0AC-400D-83A2-A12678804F40}.Release|Any CPU.ActiveCfg = Release|Any CPU
		{44FAFA57-D0AC-400D-83A2-A12678804F40}.Release|Any CPU.Build.0 = Release|Any CPU
		{44FAFA57-D0AC-400D-83A2-A12678804F40}.Testing|Any CPU.ActiveCfg = Testing|Any CPU
		{44FAFA57-D0AC-400D-83A2-A12678804F40}.Testing|Any CPU.Build.0 = Testing|Any CPU
	EndGlobalSection
	GlobalSection(SolutionProperties) = preSolution
		HideSolutionNode = FALSE
	EndGlobalSection
	GlobalSection(NestedProjects) = preSolution
		{44FAFA57-D0AC-400D-83A2-A12678804F40} = {1A77ABF8-A838-40E5-9FA7-E756550969A5}
	EndGlobalSection
	GlobalSection(ExtensibilityGlobals) = postSolution
		SolutionGuid = {7F875B17-8E26-4612-A5FE-D898A7C2FF1D}
	EndGlobalSection
EndGlobal
