Microsoft Visual Studio Solution File, Format Version 12.00
Project("{9A19103F-16F7-4668-BE54-9A1E7A4F7556}") = "JustinWritesCode.AspNetCore", "JustinWritesCode.AspNetCore.csproj", "{6538BFE9-D4E7-4263-AC18-2D6B025F1665}"
EndProject
Project("{9A19103F-16F7-4668-BE54-9A1E7A4F7556}") = "JustinWritesCode.AspNetCore.Authorization", "Authorization\JustinWritesCode.AspNetCore.Authorization.csproj", "{C4E6063F-30E6-452B-936A-81D4663C0DBB}"
EndProject
Project("{9A19103F-16F7-4668-BE54-9A1E7A4F7556}") = "JustinWritesCode.AspNetCore.Controllers", "Controllers\JustinWritesCode.AspNetCore.Controllers.csproj", "{BC8750E2-7A02-4FA8-A3D6-8544498D32CF}"
EndProject
Project("{9A19103F-16F7-4668-BE54-9A1E7A4F7556}") = "JustinWritesCode.AspNetCore.ErrorHandling", "ErrorHandling\JustinWritesCode.AspNetCore.ErrorHandling.csproj", "{56B5F2DE-7011-4188-8086-720F85EEC794}"
EndProject
Project("{9A19103F-16F7-4668-BE54-9A1E7A4F7556}") = "JustinWritesCode.AspNetCore.Exceptions", "Exceptions\JustinWritesCode.AspNetCore.Exceptions.csproj", "{D3B99BEC-D420-468D-813F-872A46B9B720}"
EndProject
Project("{9A19103F-16F7-4668-BE54-9A1E7A4F7556}") = "JustinWritesCode.AspNetCore.Formatters", "Formatters\JustinWritesCode.AspNetCore.Formatters.csproj", "{33F2CA2B-085A-42B2-A139-579A5DCE6EF7}"
EndProject
Project("{9A19103F-16F7-4668-BE54-9A1E7A4F7556}") = "JustinWrritesCode.AspNetCore.Hosting.Extensions", "Hosting.Extensions\JustinWrritesCode.AspNetCore.Hosting.Extensions.csproj", "{39AC87C6-A78F-468B-9CBE-893306C63057}"
EndProject
Project("{9A19103F-16F7-4668-BE54-9A1E7A4F7556}") = "JustinWritesCode.Http.Extensions", "Http\Extensions\JustinWritesCode.Http.Extensions.csproj", "{A2EAC4F7-B183-4BDA-AA33-46EA0EA6BE92}"
EndProject
Project("{9A19103F-16F7-4668-BE54-9A1E7A4F7556}") = "JustinWritesCode.Http", "Http\Http\JustinWritesCode.Http.csproj", "{E925977D-940B-4549-8B51-C264CF4D8D85}"
EndProject
Project("{9A19103F-16F7-4668-BE54-9A1E7A4F7556}") = "System.Net.Mime.MediaTypeNames", "Http\MediaTypeNames\System.Net.Mime.MediaTypeNames.csproj", "{2BA31B0B-B844-46FB-B224-79C95F992D8A}"
EndProject
Project("{9A19103F-16F7-4668-BE54-9A1E7A4F7556}") = "JustinWritesCode.Payloads", "Payloads\JustinWritesCode.Payloads.csproj", "{FDA34902-EDDE-4A5A-BD58-CB61212C9732}"
EndProject
Project("{9A19103F-16F7-4668-BE54-9A1E7A4F7556}") = "JustinWritesCode.AspNetCore.Startup", "Startup\JustinWritesCode.AspNetCore.Startup.csproj", "{6CCC33B5-758A-45A5-B1E4-062FCED86D18}"
EndProject
Project("{9A19103F-16F7-4668-BE54-9A1E7A4F7556}") = "JustinWritesCode.AspNetCore.Swagger", "Swagger\JustinWritesCode.AspNetCore.Swagger.csproj", "{D00A6E2F-569B-40D8-9549-1C39D1DDEC38}"
EndProject
Project("{9A19103F-16F7-4668-BE54-9A1E7A4F7556}") = "JustinWritesCode.Primitives", "..\..\Types\src\Primitives\JustinWritesCode.Primitives.csproj", "{ABEEA567-0FC3-4090-8297-1DBC5C372955}"
EndProject
Project("{2150E333-8FDC-42A3-9474-1A3956D46DE8}") = "src", "src", "{0FF8761F-32F6-4D74-8545-6F81F6E0DD95}"
EndProject
Project("{2150E333-8FDC-42A3-9474-1A3956D46DE8}") = "Domain", "Domain", "{7D7F648D-4155-4DA3-A869-42F46E123D75}"
EndProject
Global
	GlobalSection(SolutionConfigurationPlatforms) = preSolution
		Local|Any CPU = Local|Any CPU
		Debug|Any CPU = Debug|Any CPU
		Staging|Any CPU = Staging|Any CPU
		Release|Any CPU = Release|Any CPU
		Testing|Any CPU = Testing|Any CPU
	EndGlobalSection
	GlobalSection(ProjectConfigurationPlatforms) = postSolution
		{6538BFE9-D4E7-4263-AC18-2D6B025F1665}.Local|Any CPU.ActiveCfg = Local|Any CPU
		{6538BFE9-D4E7-4263-AC18-2D6B025F1665}.Local|Any CPU.Build.0 = Local|Any CPU
		{6538BFE9-D4E7-4263-AC18-2D6B025F1665}.Debug|Any CPU.ActiveCfg = Debug|Any CPU
		{6538BFE9-D4E7-4263-AC18-2D6B025F1665}.Debug|Any CPU.Build.0 = Debug|Any CPU
		{6538BFE9-D4E7-4263-AC18-2D6B025F1665}.Staging|Any CPU.ActiveCfg = Staging|Any CPU
		{6538BFE9-D4E7-4263-AC18-2D6B025F1665}.Staging|Any CPU.Build.0 = Staging|Any CPU
		{6538BFE9-D4E7-4263-AC18-2D6B025F1665}.Release|Any CPU.ActiveCfg = Release|Any CPU
		{6538BFE9-D4E7-4263-AC18-2D6B025F1665}.Release|Any CPU.Build.0 = Release|Any CPU
		{6538BFE9-D4E7-4263-AC18-2D6B025F1665}.Testing|Any CPU.ActiveCfg = Testing|Any CPU
		{6538BFE9-D4E7-4263-AC18-2D6B025F1665}.Testing|Any CPU.Build.0 = Testing|Any CPU
		{C4E6063F-30E6-452B-936A-81D4663C0DBB}.Local|Any CPU.ActiveCfg = Local|Any CPU
		{C4E6063F-30E6-452B-936A-81D4663C0DBB}.Local|Any CPU.Build.0 = Local|Any CPU
		{C4E6063F-30E6-452B-936A-81D4663C0DBB}.Debug|Any CPU.ActiveCfg = Debug|Any CPU
		{C4E6063F-30E6-452B-936A-81D4663C0DBB}.Debug|Any CPU.Build.0 = Debug|Any CPU
		{C4E6063F-30E6-452B-936A-81D4663C0DBB}.Staging|Any CPU.ActiveCfg = Staging|Any CPU
		{C4E6063F-30E6-452B-936A-81D4663C0DBB}.Staging|Any CPU.Build.0 = Staging|Any CPU
		{C4E6063F-30E6-452B-936A-81D4663C0DBB}.Release|Any CPU.ActiveCfg = Release|Any CPU
		{C4E6063F-30E6-452B-936A-81D4663C0DBB}.Release|Any CPU.Build.0 = Release|Any CPU
		{C4E6063F-30E6-452B-936A-81D4663C0DBB}.Testing|Any CPU.ActiveCfg = Testing|Any CPU
		{C4E6063F-30E6-452B-936A-81D4663C0DBB}.Testing|Any CPU.Build.0 = Testing|Any CPU
		{BC8750E2-7A02-4FA8-A3D6-8544498D32CF}.Local|Any CPU.ActiveCfg = Local|Any CPU
		{BC8750E2-7A02-4FA8-A3D6-8544498D32CF}.Local|Any CPU.Build.0 = Local|Any CPU
		{BC8750E2-7A02-4FA8-A3D6-8544498D32CF}.Debug|Any CPU.ActiveCfg = Debug|Any CPU
		{BC8750E2-7A02-4FA8-A3D6-8544498D32CF}.Debug|Any CPU.Build.0 = Debug|Any CPU
		{BC8750E2-7A02-4FA8-A3D6-8544498D32CF}.Staging|Any CPU.ActiveCfg = Staging|Any CPU
		{BC8750E2-7A02-4FA8-A3D6-8544498D32CF}.Staging|Any CPU.Build.0 = Staging|Any CPU
		{BC8750E2-7A02-4FA8-A3D6-8544498D32CF}.Release|Any CPU.ActiveCfg = Release|Any CPU
		{BC8750E2-7A02-4FA8-A3D6-8544498D32CF}.Release|Any CPU.Build.0 = Release|Any CPU
		{BC8750E2-7A02-4FA8-A3D6-8544498D32CF}.Testing|Any CPU.ActiveCfg = Testing|Any CPU
		{BC8750E2-7A02-4FA8-A3D6-8544498D32CF}.Testing|Any CPU.Build.0 = Testing|Any CPU
		{56B5F2DE-7011-4188-8086-720F85EEC794}.Local|Any CPU.ActiveCfg = Local|Any CPU
		{56B5F2DE-7011-4188-8086-720F85EEC794}.Local|Any CPU.Build.0 = Local|Any CPU
		{56B5F2DE-7011-4188-8086-720F85EEC794}.Debug|Any CPU.ActiveCfg = Debug|Any CPU
		{56B5F2DE-7011-4188-8086-720F85EEC794}.Debug|Any CPU.Build.0 = Debug|Any CPU
		{56B5F2DE-7011-4188-8086-720F85EEC794}.Staging|Any CPU.ActiveCfg = Staging|Any CPU
		{56B5F2DE-7011-4188-8086-720F85EEC794}.Staging|Any CPU.Build.0 = Staging|Any CPU
		{56B5F2DE-7011-4188-8086-720F85EEC794}.Release|Any CPU.ActiveCfg = Release|Any CPU
		{56B5F2DE-7011-4188-8086-720F85EEC794}.Release|Any CPU.Build.0 = Release|Any CPU
		{56B5F2DE-7011-4188-8086-720F85EEC794}.Testing|Any CPU.ActiveCfg = Testing|Any CPU
		{56B5F2DE-7011-4188-8086-720F85EEC794}.Testing|Any CPU.Build.0 = Testing|Any CPU
		{D3B99BEC-D420-468D-813F-872A46B9B720}.Local|Any CPU.ActiveCfg = Local|Any CPU
		{D3B99BEC-D420-468D-813F-872A46B9B720}.Local|Any CPU.Build.0 = Local|Any CPU
		{D3B99BEC-D420-468D-813F-872A46B9B720}.Debug|Any CPU.ActiveCfg = Debug|Any CPU
		{D3B99BEC-D420-468D-813F-872A46B9B720}.Debug|Any CPU.Build.0 = Debug|Any CPU
		{D3B99BEC-D420-468D-813F-872A46B9B720}.Staging|Any CPU.ActiveCfg = Staging|Any CPU
		{D3B99BEC-D420-468D-813F-872A46B9B720}.Staging|Any CPU.Build.0 = Staging|Any CPU
		{D3B99BEC-D420-468D-813F-872A46B9B720}.Release|Any CPU.ActiveCfg = Release|Any CPU
		{D3B99BEC-D420-468D-813F-872A46B9B720}.Release|Any CPU.Build.0 = Release|Any CPU
		{D3B99BEC-D420-468D-813F-872A46B9B720}.Testing|Any CPU.ActiveCfg = Testing|Any CPU
		{D3B99BEC-D420-468D-813F-872A46B9B720}.Testing|Any CPU.Build.0 = Testing|Any CPU
		{33F2CA2B-085A-42B2-A139-579A5DCE6EF7}.Local|Any CPU.ActiveCfg = Local|Any CPU
		{33F2CA2B-085A-42B2-A139-579A5DCE6EF7}.Local|Any CPU.Build.0 = Local|Any CPU
		{33F2CA2B-085A-42B2-A139-579A5DCE6EF7}.Debug|Any CPU.ActiveCfg = Debug|Any CPU
		{33F2CA2B-085A-42B2-A139-579A5DCE6EF7}.Debug|Any CPU.Build.0 = Debug|Any CPU
		{33F2CA2B-085A-42B2-A139-579A5DCE6EF7}.Staging|Any CPU.ActiveCfg = Staging|Any CPU
		{33F2CA2B-085A-42B2-A139-579A5DCE6EF7}.Staging|Any CPU.Build.0 = Staging|Any CPU
		{33F2CA2B-085A-42B2-A139-579A5DCE6EF7}.Release|Any CPU.ActiveCfg = Release|Any CPU
		{33F2CA2B-085A-42B2-A139-579A5DCE6EF7}.Release|Any CPU.Build.0 = Release|Any CPU
		{33F2CA2B-085A-42B2-A139-579A5DCE6EF7}.Testing|Any CPU.ActiveCfg = Testing|Any CPU
		{33F2CA2B-085A-42B2-A139-579A5DCE6EF7}.Testing|Any CPU.Build.0 = Testing|Any CPU
		{39AC87C6-A78F-468B-9CBE-893306C63057}.Local|Any CPU.ActiveCfg = Local|Any CPU
		{39AC87C6-A78F-468B-9CBE-893306C63057}.Local|Any CPU.Build.0 = Local|Any CPU
		{39AC87C6-A78F-468B-9CBE-893306C63057}.Debug|Any CPU.ActiveCfg = Debug|Any CPU
		{39AC87C6-A78F-468B-9CBE-893306C63057}.Debug|Any CPU.Build.0 = Debug|Any CPU
		{39AC87C6-A78F-468B-9CBE-893306C63057}.Staging|Any CPU.ActiveCfg = Staging|Any CPU
		{39AC87C6-A78F-468B-9CBE-893306C63057}.Staging|Any CPU.Build.0 = Staging|Any CPU
		{39AC87C6-A78F-468B-9CBE-893306C63057}.Release|Any CPU.ActiveCfg = Release|Any CPU
		{39AC87C6-A78F-468B-9CBE-893306C63057}.Release|Any CPU.Build.0 = Release|Any CPU
		{39AC87C6-A78F-468B-9CBE-893306C63057}.Testing|Any CPU.ActiveCfg = Testing|Any CPU
		{39AC87C6-A78F-468B-9CBE-893306C63057}.Testing|Any CPU.Build.0 = Testing|Any CPU
		{A2EAC4F7-B183-4BDA-AA33-46EA0EA6BE92}.Local|Any CPU.ActiveCfg = Local|Any CPU
		{A2EAC4F7-B183-4BDA-AA33-46EA0EA6BE92}.Local|Any CPU.Build.0 = Local|Any CPU
		{A2EAC4F7-B183-4BDA-AA33-46EA0EA6BE92}.Debug|Any CPU.ActiveCfg = Debug|Any CPU
		{A2EAC4F7-B183-4BDA-AA33-46EA0EA6BE92}.Debug|Any CPU.Build.0 = Debug|Any CPU
		{A2EAC4F7-B183-4BDA-AA33-46EA0EA6BE92}.Staging|Any CPU.ActiveCfg = Staging|Any CPU
		{A2EAC4F7-B183-4BDA-AA33-46EA0EA6BE92}.Staging|Any CPU.Build.0 = Staging|Any CPU
		{A2EAC4F7-B183-4BDA-AA33-46EA0EA6BE92}.Release|Any CPU.ActiveCfg = Release|Any CPU
		{A2EAC4F7-B183-4BDA-AA33-46EA0EA6BE92}.Release|Any CPU.Build.0 = Release|Any CPU
		{A2EAC4F7-B183-4BDA-AA33-46EA0EA6BE92}.Testing|Any CPU.ActiveCfg = Testing|Any CPU
		{A2EAC4F7-B183-4BDA-AA33-46EA0EA6BE92}.Testing|Any CPU.Build.0 = Testing|Any CPU
		{E925977D-940B-4549-8B51-C264CF4D8D85}.Local|Any CPU.ActiveCfg = Local|Any CPU
		{E925977D-940B-4549-8B51-C264CF4D8D85}.Local|Any CPU.Build.0 = Local|Any CPU
		{E925977D-940B-4549-8B51-C264CF4D8D85}.Debug|Any CPU.ActiveCfg = Debug|Any CPU
		{E925977D-940B-4549-8B51-C264CF4D8D85}.Debug|Any CPU.Build.0 = Debug|Any CPU
		{E925977D-940B-4549-8B51-C264CF4D8D85}.Staging|Any CPU.ActiveCfg = Staging|Any CPU
		{E925977D-940B-4549-8B51-C264CF4D8D85}.Staging|Any CPU.Build.0 = Staging|Any CPU
		{E925977D-940B-4549-8B51-C264CF4D8D85}.Release|Any CPU.ActiveCfg = Release|Any CPU
		{E925977D-940B-4549-8B51-C264CF4D8D85}.Release|Any CPU.Build.0 = Release|Any CPU
		{E925977D-940B-4549-8B51-C264CF4D8D85}.Testing|Any CPU.ActiveCfg = Testing|Any CPU
		{E925977D-940B-4549-8B51-C264CF4D8D85}.Testing|Any CPU.Build.0 = Testing|Any CPU
		{2BA31B0B-B844-46FB-B224-79C95F992D8A}.Local|Any CPU.ActiveCfg = Local|Any CPU
		{2BA31B0B-B844-46FB-B224-79C95F992D8A}.Local|Any CPU.Build.0 = Local|Any CPU
		{2BA31B0B-B844-46FB-B224-79C95F992D8A}.Debug|Any CPU.ActiveCfg = Debug|Any CPU
		{2BA31B0B-B844-46FB-B224-79C95F992D8A}.Debug|Any CPU.Build.0 = Debug|Any CPU
		{2BA31B0B-B844-46FB-B224-79C95F992D8A}.Staging|Any CPU.ActiveCfg = Staging|Any CPU
		{2BA31B0B-B844-46FB-B224-79C95F992D8A}.Staging|Any CPU.Build.0 = Staging|Any CPU
		{2BA31B0B-B844-46FB-B224-79C95F992D8A}.Release|Any CPU.ActiveCfg = Release|Any CPU
		{2BA31B0B-B844-46FB-B224-79C95F992D8A}.Release|Any CPU.Build.0 = Release|Any CPU
		{2BA31B0B-B844-46FB-B224-79C95F992D8A}.Testing|Any CPU.ActiveCfg = Testing|Any CPU
		{2BA31B0B-B844-46FB-B224-79C95F992D8A}.Testing|Any CPU.Build.0 = Testing|Any CPU
		{FDA34902-EDDE-4A5A-BD58-CB61212C9732}.Local|Any CPU.ActiveCfg = Local|Any CPU
		{FDA34902-EDDE-4A5A-BD58-CB61212C9732}.Local|Any CPU.Build.0 = Local|Any CPU
		{FDA34902-EDDE-4A5A-BD58-CB61212C9732}.Debug|Any CPU.ActiveCfg = Debug|Any CPU
		{FDA34902-EDDE-4A5A-BD58-CB61212C9732}.Debug|Any CPU.Build.0 = Debug|Any CPU
		{FDA34902-EDDE-4A5A-BD58-CB61212C9732}.Staging|Any CPU.ActiveCfg = Staging|Any CPU
		{FDA34902-EDDE-4A5A-BD58-CB61212C9732}.Staging|Any CPU.Build.0 = Staging|Any CPU
		{FDA34902-EDDE-4A5A-BD58-CB61212C9732}.Release|Any CPU.ActiveCfg = Release|Any CPU
		{FDA34902-EDDE-4A5A-BD58-CB61212C9732}.Release|Any CPU.Build.0 = Release|Any CPU
		{FDA34902-EDDE-4A5A-BD58-CB61212C9732}.Testing|Any CPU.ActiveCfg = Testing|Any CPU
		{FDA34902-EDDE-4A5A-BD58-CB61212C9732}.Testing|Any CPU.Build.0 = Testing|Any CPU
		{6CCC33B5-758A-45A5-B1E4-062FCED86D18}.Local|Any CPU.ActiveCfg = Local|Any CPU
		{6CCC33B5-758A-45A5-B1E4-062FCED86D18}.Local|Any CPU.Build.0 = Local|Any CPU
		{6CCC33B5-758A-45A5-B1E4-062FCED86D18}.Debug|Any CPU.ActiveCfg = Debug|Any CPU
		{6CCC33B5-758A-45A5-B1E4-062FCED86D18}.Debug|Any CPU.Build.0 = Debug|Any CPU
		{6CCC33B5-758A-45A5-B1E4-062FCED86D18}.Staging|Any CPU.ActiveCfg = Staging|Any CPU
		{6CCC33B5-758A-45A5-B1E4-062FCED86D18}.Staging|Any CPU.Build.0 = Staging|Any CPU
		{6CCC33B5-758A-45A5-B1E4-062FCED86D18}.Release|Any CPU.ActiveCfg = Release|Any CPU
		{6CCC33B5-758A-45A5-B1E4-062FCED86D18}.Release|Any CPU.Build.0 = Release|Any CPU
		{6CCC33B5-758A-45A5-B1E4-062FCED86D18}.Testing|Any CPU.ActiveCfg = Testing|Any CPU
		{6CCC33B5-758A-45A5-B1E4-062FCED86D18}.Testing|Any CPU.Build.0 = Testing|Any CPU
		{D00A6E2F-569B-40D8-9549-1C39D1DDEC38}.Local|Any CPU.ActiveCfg = Local|Any CPU
		{D00A6E2F-569B-40D8-9549-1C39D1DDEC38}.Local|Any CPU.Build.0 = Local|Any CPU
		{D00A6E2F-569B-40D8-9549-1C39D1DDEC38}.Debug|Any CPU.ActiveCfg = Debug|Any CPU
		{D00A6E2F-569B-40D8-9549-1C39D1DDEC38}.Debug|Any CPU.Build.0 = Debug|Any CPU
		{D00A6E2F-569B-40D8-9549-1C39D1DDEC38}.Staging|Any CPU.ActiveCfg = Staging|Any CPU
		{D00A6E2F-569B-40D8-9549-1C39D1DDEC38}.Staging|Any CPU.Build.0 = Staging|Any CPU
		{D00A6E2F-569B-40D8-9549-1C39D1DDEC38}.Release|Any CPU.ActiveCfg = Release|Any CPU
		{D00A6E2F-569B-40D8-9549-1C39D1DDEC38}.Release|Any CPU.Build.0 = Release|Any CPU
		{D00A6E2F-569B-40D8-9549-1C39D1DDEC38}.Testing|Any CPU.ActiveCfg = Testing|Any CPU
		{D00A6E2F-569B-40D8-9549-1C39D1DDEC38}.Testing|Any CPU.Build.0 = Testing|Any CPU
		{ABEEA567-0FC3-4090-8297-1DBC5C372955}.Local|Any CPU.ActiveCfg = Local|Any CPU
		{ABEEA567-0FC3-4090-8297-1DBC5C372955}.Local|Any CPU.Build.0 = Local|Any CPU
		{ABEEA567-0FC3-4090-8297-1DBC5C372955}.Debug|Any CPU.ActiveCfg = Debug|Any CPU
		{ABEEA567-0FC3-4090-8297-1DBC5C372955}.Debug|Any CPU.Build.0 = Debug|Any CPU
		{ABEEA567-0FC3-4090-8297-1DBC5C372955}.Staging|Any CPU.ActiveCfg = Staging|Any CPU
		{ABEEA567-0FC3-4090-8297-1DBC5C372955}.Staging|Any CPU.Build.0 = Staging|Any CPU
		{ABEEA567-0FC3-4090-8297-1DBC5C372955}.Release|Any CPU.ActiveCfg = Release|Any CPU
		{ABEEA567-0FC3-4090-8297-1DBC5C372955}.Release|Any CPU.Build.0 = Release|Any CPU
		{ABEEA567-0FC3-4090-8297-1DBC5C372955}.Testing|Any CPU.ActiveCfg = Testing|Any CPU
		{ABEEA567-0FC3-4090-8297-1DBC5C372955}.Testing|Any CPU.Build.0 = Testing|Any CPU
	EndGlobalSection
	GlobalSection(SolutionProperties) = preSolution
		HideSolutionNode = FALSE
	EndGlobalSection
	GlobalSection(NestedProjects) = preSolution
		{6538BFE9-D4E7-4263-AC18-2D6B025F1665} = {0FF8761F-32F6-4D74-8545-6F81F6E0DD95}
		{C4E6063F-30E6-452B-936A-81D4663C0DBB} = {0FF8761F-32F6-4D74-8545-6F81F6E0DD95}
		{BC8750E2-7A02-4FA8-A3D6-8544498D32CF} = {0FF8761F-32F6-4D74-8545-6F81F6E0DD95}
		{56B5F2DE-7011-4188-8086-720F85EEC794} = {0FF8761F-32F6-4D74-8545-6F81F6E0DD95}
		{D3B99BEC-D420-468D-813F-872A46B9B720} = {0FF8761F-32F6-4D74-8545-6F81F6E0DD95}
		{33F2CA2B-085A-42B2-A139-579A5DCE6EF7} = {0FF8761F-32F6-4D74-8545-6F81F6E0DD95}
		{39AC87C6-A78F-468B-9CBE-893306C63057} = {0FF8761F-32F6-4D74-8545-6F81F6E0DD95}
		{A2EAC4F7-B183-4BDA-AA33-46EA0EA6BE92} = {0FF8761F-32F6-4D74-8545-6F81F6E0DD95}
		{E925977D-940B-4549-8B51-C264CF4D8D85} = {0FF8761F-32F6-4D74-8545-6F81F6E0DD95}
		{2BA31B0B-B844-46FB-B224-79C95F992D8A} = {0FF8761F-32F6-4D74-8545-6F81F6E0DD95}
		{FDA34902-EDDE-4A5A-BD58-CB61212C9732} = {0FF8761F-32F6-4D74-8545-6F81F6E0DD95}
		{6CCC33B5-758A-45A5-B1E4-062FCED86D18} = {0FF8761F-32F6-4D74-8545-6F81F6E0DD95}
		{D00A6E2F-569B-40D8-9549-1C39D1DDEC38} = {0FF8761F-32F6-4D74-8545-6F81F6E0DD95}
		{ABEEA567-0FC3-4090-8297-1DBC5C372955} = {7D7F648D-4155-4DA3-A869-42F46E123D75}
	EndGlobalSection
	GlobalSection(ExtensibilityGlobals) = postSolution
		SolutionGuid = {A5E6F24A-9FB4-4EE4-A623-B2DABBCFD70A}
	EndGlobalSection
EndGlobal
