Microsoft Visual Studio Solution File, Format Version 12.00
Project("{9A19103F-16F7-4668-BE54-9A1E7A4F7556}") = "JustinWritesCode.AspNetCore.Authorization", "Authorization\JustinWritesCode.AspNetCore.Authorization.csproj", "{E23208D3-C1B3-4983-89FD-15A1FE4639D0}"
EndProject
Project("{9A19103F-16F7-4668-BE54-9A1E7A4F7556}") = "JustinWritesCode.AspNetCore.Controllers", "Controllers\JustinWritesCode.AspNetCore.Controllers.csproj", "{0B959252-55A6-4CC6-B9D5-582C50304BBC}"
EndProject
Project("{9A19103F-16F7-4668-BE54-9A1E7A4F7556}") = "JustinWritesCode.AspNetCore.ErrorHandling", "ErrorHandling\JustinWritesCode.AspNetCore.ErrorHandling.csproj", "{CDBE1AB4-5FA5-45C3-A218-A7298CE4C3D1}"
EndProject
Project("{9A19103F-16F7-4668-BE54-9A1E7A4F7556}") = "JustinWritesCode.AspNetCore.Exceptions", "Exceptions\JustinWritesCode.AspNetCore.Exceptions.csproj", "{290B3334-47AC-4977-9DC1-D10F09C5E1E7}"
EndProject
Project("{9A19103F-16F7-4668-BE54-9A1E7A4F7556}") = "JustinWrritesCode.AspNetCore.Hosting.Extensions", "Hosting.Extensions\JustinWrritesCode.AspNetCore.Hosting.Extensions.csproj", "{F96E0AF8-D288-4D8B-B3CC-C537550CE351}"
EndProject
Project("{9A19103F-16F7-4668-BE54-9A1E7A4F7556}") = "JustinWritesCode.Http.Extensions", "Http\Extensions\JustinWritesCode.Http.Extensions.csproj", "{C863EA91-6BD0-4694-911B-0904EA2CA06A}"
EndProject
Project("{9A19103F-16F7-4668-BE54-9A1E7A4F7556}") = "JustinWritesCode.Http", "Http\Http\JustinWritesCode.Http.csproj", "{77425C06-71A9-4502-8CF7-D710BF406A13}"
EndProject
Project("{9A19103F-16F7-4668-BE54-9A1E7A4F7556}") = "System.Net.Mime.MediaTypeNames", "Http\MediaTypeNames\System.Net.Mime.MediaTypeNames.csproj", "{DD9F6430-1CA0-408F-A467-A90F1754B1A7}"
EndProject
Project("{9A19103F-16F7-4668-BE54-9A1E7A4F7556}") = "JustinWritesCode.Payloads", "Payloads\JustinWritesCode.Payloads.csproj", "{75F57820-5D67-4404-AC88-E399A1B98441}"
EndProject
Project("{9A19103F-16F7-4668-BE54-9A1E7A4F7556}") = "JustinWritesCode.AspNetCore.Startup", "Startup\JustinWritesCode.AspNetCore.Startup.csproj", "{074461E3-8A9B-4AA4-A8D4-E157CD306EB4}"
EndProject
Project("{9A19103F-16F7-4668-BE54-9A1E7A4F7556}") = "JustinWritesCode.Swagger", "Swagger\JustinWritesCode.Swagger.csproj", "{8642472B-8CF7-4CE5-A1A7-19C036C31DD0}"
EndProject
Project("{2150E333-8FDC-42A3-9474-1A3956D46DE8}") = "src", "src", "{3E196719-0C5D-4B5B-9C2C-0CBFFC7E0326}"
EndProject
Global
	GlobalSection(SolutionConfigurationPlatforms) = preSolution
		Local|Any CPU = Local|Any CPU
		Debug|Any CPU = Debug|Any CPU
		Staging|Any CPU = Staging|Any CPU
		Release|Any CPU = Release|Any CPU
		Testing|Any CPU = Testing|Any CPU
	EndGlobalSection
	GlobalSection(ProjectConfigurationPlatforms) = postSolution
		{E23208D3-C1B3-4983-89FD-15A1FE4639D0}.Local|Any CPU.ActiveCfg = Local|Any CPU
		{E23208D3-C1B3-4983-89FD-15A1FE4639D0}.Local|Any CPU.Build.0 = Local|Any CPU
		{E23208D3-C1B3-4983-89FD-15A1FE4639D0}.Debug|Any CPU.ActiveCfg = Debug|Any CPU
		{E23208D3-C1B3-4983-89FD-15A1FE4639D0}.Debug|Any CPU.Build.0 = Debug|Any CPU
		{E23208D3-C1B3-4983-89FD-15A1FE4639D0}.Staging|Any CPU.ActiveCfg = Staging|Any CPU
		{E23208D3-C1B3-4983-89FD-15A1FE4639D0}.Staging|Any CPU.Build.0 = Staging|Any CPU
		{E23208D3-C1B3-4983-89FD-15A1FE4639D0}.Release|Any CPU.ActiveCfg = Release|Any CPU
		{E23208D3-C1B3-4983-89FD-15A1FE4639D0}.Release|Any CPU.Build.0 = Release|Any CPU
		{E23208D3-C1B3-4983-89FD-15A1FE4639D0}.Testing|Any CPU.ActiveCfg = Testing|Any CPU
		{E23208D3-C1B3-4983-89FD-15A1FE4639D0}.Testing|Any CPU.Build.0 = Testing|Any CPU
		{0B959252-55A6-4CC6-B9D5-582C50304BBC}.Local|Any CPU.ActiveCfg = Local|Any CPU
		{0B959252-55A6-4CC6-B9D5-582C50304BBC}.Local|Any CPU.Build.0 = Local|Any CPU
		{0B959252-55A6-4CC6-B9D5-582C50304BBC}.Debug|Any CPU.ActiveCfg = Debug|Any CPU
		{0B959252-55A6-4CC6-B9D5-582C50304BBC}.Debug|Any CPU.Build.0 = Debug|Any CPU
		{0B959252-55A6-4CC6-B9D5-582C50304BBC}.Staging|Any CPU.ActiveCfg = Staging|Any CPU
		{0B959252-55A6-4CC6-B9D5-582C50304BBC}.Staging|Any CPU.Build.0 = Staging|Any CPU
		{0B959252-55A6-4CC6-B9D5-582C50304BBC}.Release|Any CPU.ActiveCfg = Release|Any CPU
		{0B959252-55A6-4CC6-B9D5-582C50304BBC}.Release|Any CPU.Build.0 = Release|Any CPU
		{0B959252-55A6-4CC6-B9D5-582C50304BBC}.Testing|Any CPU.ActiveCfg = Testing|Any CPU
		{0B959252-55A6-4CC6-B9D5-582C50304BBC}.Testing|Any CPU.Build.0 = Testing|Any CPU
		{CDBE1AB4-5FA5-45C3-A218-A7298CE4C3D1}.Local|Any CPU.ActiveCfg = Local|Any CPU
		{CDBE1AB4-5FA5-45C3-A218-A7298CE4C3D1}.Local|Any CPU.Build.0 = Local|Any CPU
		{CDBE1AB4-5FA5-45C3-A218-A7298CE4C3D1}.Debug|Any CPU.ActiveCfg = Debug|Any CPU
		{CDBE1AB4-5FA5-45C3-A218-A7298CE4C3D1}.Debug|Any CPU.Build.0 = Debug|Any CPU
		{CDBE1AB4-5FA5-45C3-A218-A7298CE4C3D1}.Staging|Any CPU.ActiveCfg = Staging|Any CPU
		{CDBE1AB4-5FA5-45C3-A218-A7298CE4C3D1}.Staging|Any CPU.Build.0 = Staging|Any CPU
		{CDBE1AB4-5FA5-45C3-A218-A7298CE4C3D1}.Release|Any CPU.ActiveCfg = Release|Any CPU
		{CDBE1AB4-5FA5-45C3-A218-A7298CE4C3D1}.Release|Any CPU.Build.0 = Release|Any CPU
		{CDBE1AB4-5FA5-45C3-A218-A7298CE4C3D1}.Testing|Any CPU.ActiveCfg = Testing|Any CPU
		{CDBE1AB4-5FA5-45C3-A218-A7298CE4C3D1}.Testing|Any CPU.Build.0 = Testing|Any CPU
		{290B3334-47AC-4977-9DC1-D10F09C5E1E7}.Local|Any CPU.ActiveCfg = Local|Any CPU
		{290B3334-47AC-4977-9DC1-D10F09C5E1E7}.Local|Any CPU.Build.0 = Local|Any CPU
		{290B3334-47AC-4977-9DC1-D10F09C5E1E7}.Debug|Any CPU.ActiveCfg = Debug|Any CPU
		{290B3334-47AC-4977-9DC1-D10F09C5E1E7}.Debug|Any CPU.Build.0 = Debug|Any CPU
		{290B3334-47AC-4977-9DC1-D10F09C5E1E7}.Staging|Any CPU.ActiveCfg = Staging|Any CPU
		{290B3334-47AC-4977-9DC1-D10F09C5E1E7}.Staging|Any CPU.Build.0 = Staging|Any CPU
		{290B3334-47AC-4977-9DC1-D10F09C5E1E7}.Release|Any CPU.ActiveCfg = Release|Any CPU
		{290B3334-47AC-4977-9DC1-D10F09C5E1E7}.Release|Any CPU.Build.0 = Release|Any CPU
		{290B3334-47AC-4977-9DC1-D10F09C5E1E7}.Testing|Any CPU.ActiveCfg = Testing|Any CPU
		{290B3334-47AC-4977-9DC1-D10F09C5E1E7}.Testing|Any CPU.Build.0 = Testing|Any CPU
		{F96E0AF8-D288-4D8B-B3CC-C537550CE351}.Local|Any CPU.ActiveCfg = Local|Any CPU
		{F96E0AF8-D288-4D8B-B3CC-C537550CE351}.Local|Any CPU.Build.0 = Local|Any CPU
		{F96E0AF8-D288-4D8B-B3CC-C537550CE351}.Debug|Any CPU.ActiveCfg = Debug|Any CPU
		{F96E0AF8-D288-4D8B-B3CC-C537550CE351}.Debug|Any CPU.Build.0 = Debug|Any CPU
		{F96E0AF8-D288-4D8B-B3CC-C537550CE351}.Staging|Any CPU.ActiveCfg = Staging|Any CPU
		{F96E0AF8-D288-4D8B-B3CC-C537550CE351}.Staging|Any CPU.Build.0 = Staging|Any CPU
		{F96E0AF8-D288-4D8B-B3CC-C537550CE351}.Release|Any CPU.ActiveCfg = Release|Any CPU
		{F96E0AF8-D288-4D8B-B3CC-C537550CE351}.Release|Any CPU.Build.0 = Release|Any CPU
		{F96E0AF8-D288-4D8B-B3CC-C537550CE351}.Testing|Any CPU.ActiveCfg = Testing|Any CPU
		{F96E0AF8-D288-4D8B-B3CC-C537550CE351}.Testing|Any CPU.Build.0 = Testing|Any CPU
		{C863EA91-6BD0-4694-911B-0904EA2CA06A}.Local|Any CPU.ActiveCfg = Local|Any CPU
		{C863EA91-6BD0-4694-911B-0904EA2CA06A}.Local|Any CPU.Build.0 = Local|Any CPU
		{C863EA91-6BD0-4694-911B-0904EA2CA06A}.Debug|Any CPU.ActiveCfg = Debug|Any CPU
		{C863EA91-6BD0-4694-911B-0904EA2CA06A}.Debug|Any CPU.Build.0 = Debug|Any CPU
		{C863EA91-6BD0-4694-911B-0904EA2CA06A}.Staging|Any CPU.ActiveCfg = Staging|Any CPU
		{C863EA91-6BD0-4694-911B-0904EA2CA06A}.Staging|Any CPU.Build.0 = Staging|Any CPU
		{C863EA91-6BD0-4694-911B-0904EA2CA06A}.Release|Any CPU.ActiveCfg = Release|Any CPU
		{C863EA91-6BD0-4694-911B-0904EA2CA06A}.Release|Any CPU.Build.0 = Release|Any CPU
		{C863EA91-6BD0-4694-911B-0904EA2CA06A}.Testing|Any CPU.ActiveCfg = Testing|Any CPU
		{C863EA91-6BD0-4694-911B-0904EA2CA06A}.Testing|Any CPU.Build.0 = Testing|Any CPU
		{77425C06-71A9-4502-8CF7-D710BF406A13}.Local|Any CPU.ActiveCfg = Local|Any CPU
		{77425C06-71A9-4502-8CF7-D710BF406A13}.Local|Any CPU.Build.0 = Local|Any CPU
		{77425C06-71A9-4502-8CF7-D710BF406A13}.Debug|Any CPU.ActiveCfg = Debug|Any CPU
		{77425C06-71A9-4502-8CF7-D710BF406A13}.Debug|Any CPU.Build.0 = Debug|Any CPU
		{77425C06-71A9-4502-8CF7-D710BF406A13}.Staging|Any CPU.ActiveCfg = Staging|Any CPU
		{77425C06-71A9-4502-8CF7-D710BF406A13}.Staging|Any CPU.Build.0 = Staging|Any CPU
		{77425C06-71A9-4502-8CF7-D710BF406A13}.Release|Any CPU.ActiveCfg = Release|Any CPU
		{77425C06-71A9-4502-8CF7-D710BF406A13}.Release|Any CPU.Build.0 = Release|Any CPU
		{77425C06-71A9-4502-8CF7-D710BF406A13}.Testing|Any CPU.ActiveCfg = Testing|Any CPU
		{77425C06-71A9-4502-8CF7-D710BF406A13}.Testing|Any CPU.Build.0 = Testing|Any CPU
		{DD9F6430-1CA0-408F-A467-A90F1754B1A7}.Local|Any CPU.ActiveCfg = Local|Any CPU
		{DD9F6430-1CA0-408F-A467-A90F1754B1A7}.Local|Any CPU.Build.0 = Local|Any CPU
		{DD9F6430-1CA0-408F-A467-A90F1754B1A7}.Debug|Any CPU.ActiveCfg = Debug|Any CPU
		{DD9F6430-1CA0-408F-A467-A90F1754B1A7}.Debug|Any CPU.Build.0 = Debug|Any CPU
		{DD9F6430-1CA0-408F-A467-A90F1754B1A7}.Staging|Any CPU.ActiveCfg = Staging|Any CPU
		{DD9F6430-1CA0-408F-A467-A90F1754B1A7}.Staging|Any CPU.Build.0 = Staging|Any CPU
		{DD9F6430-1CA0-408F-A467-A90F1754B1A7}.Release|Any CPU.ActiveCfg = Release|Any CPU
		{DD9F6430-1CA0-408F-A467-A90F1754B1A7}.Release|Any CPU.Build.0 = Release|Any CPU
		{DD9F6430-1CA0-408F-A467-A90F1754B1A7}.Testing|Any CPU.ActiveCfg = Testing|Any CPU
		{DD9F6430-1CA0-408F-A467-A90F1754B1A7}.Testing|Any CPU.Build.0 = Testing|Any CPU
		{75F57820-5D67-4404-AC88-E399A1B98441}.Local|Any CPU.ActiveCfg = Local|Any CPU
		{75F57820-5D67-4404-AC88-E399A1B98441}.Local|Any CPU.Build.0 = Local|Any CPU
		{75F57820-5D67-4404-AC88-E399A1B98441}.Debug|Any CPU.ActiveCfg = Debug|Any CPU
		{75F57820-5D67-4404-AC88-E399A1B98441}.Debug|Any CPU.Build.0 = Debug|Any CPU
		{75F57820-5D67-4404-AC88-E399A1B98441}.Staging|Any CPU.ActiveCfg = Staging|Any CPU
		{75F57820-5D67-4404-AC88-E399A1B98441}.Staging|Any CPU.Build.0 = Staging|Any CPU
		{75F57820-5D67-4404-AC88-E399A1B98441}.Release|Any CPU.ActiveCfg = Release|Any CPU
		{75F57820-5D67-4404-AC88-E399A1B98441}.Release|Any CPU.Build.0 = Release|Any CPU
		{75F57820-5D67-4404-AC88-E399A1B98441}.Testing|Any CPU.ActiveCfg = Testing|Any CPU
		{75F57820-5D67-4404-AC88-E399A1B98441}.Testing|Any CPU.Build.0 = Testing|Any CPU
		{074461E3-8A9B-4AA4-A8D4-E157CD306EB4}.Local|Any CPU.ActiveCfg = Local|Any CPU
		{074461E3-8A9B-4AA4-A8D4-E157CD306EB4}.Local|Any CPU.Build.0 = Local|Any CPU
		{074461E3-8A9B-4AA4-A8D4-E157CD306EB4}.Debug|Any CPU.ActiveCfg = Debug|Any CPU
		{074461E3-8A9B-4AA4-A8D4-E157CD306EB4}.Debug|Any CPU.Build.0 = Debug|Any CPU
		{074461E3-8A9B-4AA4-A8D4-E157CD306EB4}.Staging|Any CPU.ActiveCfg = Staging|Any CPU
		{074461E3-8A9B-4AA4-A8D4-E157CD306EB4}.Staging|Any CPU.Build.0 = Staging|Any CPU
		{074461E3-8A9B-4AA4-A8D4-E157CD306EB4}.Release|Any CPU.ActiveCfg = Release|Any CPU
		{074461E3-8A9B-4AA4-A8D4-E157CD306EB4}.Release|Any CPU.Build.0 = Release|Any CPU
		{074461E3-8A9B-4AA4-A8D4-E157CD306EB4}.Testing|Any CPU.ActiveCfg = Testing|Any CPU
		{074461E3-8A9B-4AA4-A8D4-E157CD306EB4}.Testing|Any CPU.Build.0 = Testing|Any CPU
		{8642472B-8CF7-4CE5-A1A7-19C036C31DD0}.Local|Any CPU.ActiveCfg = Local|Any CPU
		{8642472B-8CF7-4CE5-A1A7-19C036C31DD0}.Local|Any CPU.Build.0 = Local|Any CPU
		{8642472B-8CF7-4CE5-A1A7-19C036C31DD0}.Debug|Any CPU.ActiveCfg = Debug|Any CPU
		{8642472B-8CF7-4CE5-A1A7-19C036C31DD0}.Debug|Any CPU.Build.0 = Debug|Any CPU
		{8642472B-8CF7-4CE5-A1A7-19C036C31DD0}.Staging|Any CPU.ActiveCfg = Staging|Any CPU
		{8642472B-8CF7-4CE5-A1A7-19C036C31DD0}.Staging|Any CPU.Build.0 = Staging|Any CPU
		{8642472B-8CF7-4CE5-A1A7-19C036C31DD0}.Release|Any CPU.ActiveCfg = Release|Any CPU
		{8642472B-8CF7-4CE5-A1A7-19C036C31DD0}.Release|Any CPU.Build.0 = Release|Any CPU
		{8642472B-8CF7-4CE5-A1A7-19C036C31DD0}.Testing|Any CPU.ActiveCfg = Testing|Any CPU
		{8642472B-8CF7-4CE5-A1A7-19C036C31DD0}.Testing|Any CPU.Build.0 = Testing|Any CPU
	EndGlobalSection
	GlobalSection(SolutionProperties) = preSolution
		HideSolutionNode = FALSE
	EndGlobalSection
	GlobalSection(NestedProjects) = preSolution
		{E23208D3-C1B3-4983-89FD-15A1FE4639D0} = {3E196719-0C5D-4B5B-9C2C-0CBFFC7E0326}
		{0B959252-55A6-4CC6-B9D5-582C50304BBC} = {3E196719-0C5D-4B5B-9C2C-0CBFFC7E0326}
		{CDBE1AB4-5FA5-45C3-A218-A7298CE4C3D1} = {3E196719-0C5D-4B5B-9C2C-0CBFFC7E0326}
		{290B3334-47AC-4977-9DC1-D10F09C5E1E7} = {3E196719-0C5D-4B5B-9C2C-0CBFFC7E0326}
		{F96E0AF8-D288-4D8B-B3CC-C537550CE351} = {3E196719-0C5D-4B5B-9C2C-0CBFFC7E0326}
		{C863EA91-6BD0-4694-911B-0904EA2CA06A} = {3E196719-0C5D-4B5B-9C2C-0CBFFC7E0326}
		{77425C06-71A9-4502-8CF7-D710BF406A13} = {3E196719-0C5D-4B5B-9C2C-0CBFFC7E0326}
		{DD9F6430-1CA0-408F-A467-A90F1754B1A7} = {3E196719-0C5D-4B5B-9C2C-0CBFFC7E0326}
		{75F57820-5D67-4404-AC88-E399A1B98441} = {3E196719-0C5D-4B5B-9C2C-0CBFFC7E0326}
		{074461E3-8A9B-4AA4-A8D4-E157CD306EB4} = {3E196719-0C5D-4B5B-9C2C-0CBFFC7E0326}
		{8642472B-8CF7-4CE5-A1A7-19C036C31DD0} = {3E196719-0C5D-4B5B-9C2C-0CBFFC7E0326}
	EndGlobalSection
	GlobalSection(ExtensibilityGlobals) = postSolution
		SolutionGuid = {0142ABC9-9BE8-43CD-82E2-9F03547B7824}
	EndGlobalSection
EndGlobal
