Microsoft Visual Studio Solution File, Format Version 12.00
# Visual Studio Version 16
Project("{9A19103F-16F7-4668-BE54-9A1E7A4F7556}") = "JustinWritesCode.AspNetCore", "JustinWritesCode.AspNetCore.csproj", "{C5927AFD-FED6-4529-BF84-A773CAFEB937}"
EndProject
Project("{9A19103F-16F7-4668-BE54-9A1E7A4F7556}") = "JustinWritesCode.AspNetCore.Authorization", "Authorization\JustinWritesCode.AspNetCore.Authorization.csproj", "{E23208D3-C1B3-4983-89FD-15A1FE4639D0}"
EndProject
Project("{9A19103F-16F7-4668-BE54-9A1E7A4F7556}") = "JustinWritesCode.AspNetCore.Controllers", "Controllers\JustinWritesCode.AspNetCore.Controllers.csproj", "{0B959252-55A6-4CC6-B9D5-582C50304BBC}"
EndProject
Project("{9A19103F-16F7-4668-BE54-9A1E7A4F7556}") = "JustinWritesCode.AspNetCore.ErrorHandling", "ErrorHandling\JustinWritesCode.AspNetCore.ErrorHandling.csproj", "{CDBE1AB4-5FA5-45C3-A218-A7298CE4C3D1}"
EndProject
Project("{9A19103F-16F7-4668-BE54-9A1E7A4F7556}") = "JustinWritesCode.AspNetCore.Exceptions", "Exceptions\JustinWritesCode.AspNetCore.Exceptions.csproj", "{290B3334-47AC-4977-9DC1-D10F09C5E1E7}"
EndProject
Project("{9A19103F-16F7-4668-BE54-9A1E7A4F7556}") = "JustinWritesCode.AspNetCore.Formatters", "Formatters\JustinWritesCode.AspNetCore.Formatters.csproj", "{91F87B7E-5F79-4784-B580-36E1A6F28B43}"
EndProject
Project("{9A19103F-16F7-4668-BE54-9A1E7A4F7556}") = "JustinWrritesCode.AspNetCore.Hosting.Extensions", "Hosting.Extensions\JustinWrritesCode.AspNetCore.Hosting.Extensions.csproj", "{F96E0AF8-D288-4D8B-B3CC-C537550CE351}"
EndProject
Project("{9A19103F-16F7-4668-BE54-9A1E7A4F7556}") = "JustinWritesCode.Http", "Http\Http\JustinWritesCode.Http.csproj", "{77425C06-71A9-4502-8CF7-D710BF406A13}"
EndProject
Project("{9A19103F-16F7-4668-BE54-9A1E7A4F7556}") = "System.Net.Mime.MediaTypeNames", "Http\MediaTypeNames\System.Net.Mime.MediaTypeNames.csproj", "{DD9F6430-1CA0-408F-A467-A90F1754B1A7}"
EndProject
Project("{9A19103F-16F7-4668-BE54-9A1E7A4F7556}") = "JustinWritesCode.Payloads", "Payloads\JustinWritesCode.Payloads.csproj", "{75F57820-5D67-4404-AC88-E399A1B98441}"
EndProject
Project("{9A19103F-16F7-4668-BE54-9A1E7A4F7556}") = "JustinWritesCode.AspNetCore.Startup", "Startup\JustinWritesCode.AspNetCore.Startup.csproj", "{074461E3-8A9B-4AA4-A8D4-E157CD306EB4}"
EndProject
Project("{9A19103F-16F7-4668-BE54-9A1E7A4F7556}") = "JustinWritesCode.AspNetCore.Swagger", "Swagger\JustinWritesCode.AspNetCore.Swagger.csproj", "{344014F7-178D-4C96-8A12-A414F353F052}"
EndProject
Project("{9A19103F-16F7-4668-BE54-9A1E7A4F7556}") = "JustinWritesCode.EntityFrameworkCore.Abstractions", "..\..\EntityFrameworkCore\src\Abstractions\JustinWritesCode.EntityFrameworkCore.Abstractions.csproj", "{8D98D04D-637A-472A-8634-4EE122740E95}"
EndProject
Project("{9A19103F-16F7-4668-BE54-9A1E7A4F7556}") = "JustinWritesCode.Identity.Abstractions", "..\..\Identity\src\Abstractions\JustinWritesCode.Identity.Abstractions.csproj", "{07BF8728-9072-4AFB-B5DD-81CA4B456E7A}"
EndProject
Project("{9A19103F-16F7-4668-BE54-9A1E7A4F7556}") = "JustinWritesCode.Identity.AspNetCore", "..\..\Identity\src\AspNetCore\JustinWritesCode.Identity.AspNetCore.csproj", "{26EEF1FD-937E-4170-9841-8CD1C16C73D6}"
EndProject
Project("{9A19103F-16F7-4668-BE54-9A1E7A4F7556}") = "JustinWritesCode.Identity.Claims", "..\..\Identity\src\Claims\JustinWritesCode.Identity.Claims.csproj", "{5C4A1EEB-EE1C-4946-9879-48468CEBCB75}"
EndProject
Project("{9A19103F-16F7-4668-BE54-9A1E7A4F7556}") = "JustinWritesCode.Identity.Constants", "..\..\Identity\src\Constants\JustinWritesCode.Identity.Constants.csproj", "{61BA04D6-8A0B-4AAE-A2DE-D8FF41B2EC12}"
EndProject
Project("{9A19103F-16F7-4668-BE54-9A1E7A4F7556}") = "JustinWritesCode.Identity.EntityFrameworkCore.Constants", "..\..\Identity\src\EfCore.Constants\JustinWritesCode.Identity.EntityFrameworkCore.Constants.csproj", "{C3479576-2305-47EA-969B-0AFC2A7C3BDE}"
EndProject
Project("{9A19103F-16F7-4668-BE54-9A1E7A4F7556}") = "JustinWritesCode.Identity.EntityFrameworkCore", "..\..\Identity\src\EntityFrameworkCore\JustinWritesCode.Identity.EntityFrameworkCore.csproj", "{17707596-CD55-40BF-812C-4C348E7B6711}"
EndProject
Project("{9A19103F-16F7-4668-BE54-9A1E7A4F7556}") = "JustinWritesCode.Identity.Models", "..\..\Identity\src\Models\JustinWritesCode.Identity.Models.csproj", "{9C4A1422-63D8-490D-9726-D94E3525DA10}"
EndProject
Project("{9A19103F-16F7-4668-BE54-9A1E7A4F7556}") = "Telegram.Identity", "..\..\Telegram\src\Identity\Telegram.Identity.csproj", "{1C16F0CD-9DE0-48D7-9A4C-5EBEA3C9442E}"
EndProject
Project("{2150E333-8FDC-42A3-9474-1A3956D46DE8}") = "src", "src", "{3E196719-0C5D-4B5B-9C2C-0CBFFC7E0326}"
EndProject
Project("{2150E333-8FDC-42A3-9474-1A3956D46DE8}") = "Core", "Core", "{739A29EC-6244-4737-BFD7-26D3F733AA81}"
EndProject
Project("{9A19103F-16F7-4668-BE54-9A1E7A4F7556}") = "JustinWritesCode.Http.Extensions", "Http\Extensions\JustinWritesCode.Http.Extensions.csproj", "{F52D8A04-CD74-4A5D-900F-9DF28DCCE542}"
EndProject
Project("{9A19103F-16F7-4668-BE54-9A1E7A4F7556}") = "JustinWritesCode.Abstractions", "..\..\Types\src\Core\Abstractions\JustinWritesCode.Abstractions.csproj", "{A2F9676F-D2B3-436D-99A7-68FF47AC8741}"
EndProject
Project("{9A19103F-16F7-4668-BE54-9A1E7A4F7556}") = "JustinWritesCode.ComponentModel", "..\..\Types\src\Core\ComponentModel\JustinWritesCode.ComponentModel.csproj", "{C5218B5F-7A8E-474D-B7BD-3C8369309861}"
EndProject
Project("{FAE04EC0-301F-11D3-BF4B-00C04F79EFBC}") = "JustinWritesCode.Primitives", "..\..\Types\src\Primitives\JustinWritesCode.Primitives.csproj", "{4E1F4A52-7F97-43E1-AAA6-2EEEE07326E6}"
EndProject
Global
	GlobalSection(SolutionConfigurationPlatforms) = preSolution
		Local|Any CPU = Local|Any CPU
		Debug|Any CPU = Debug|Any CPU
		Staging|Any CPU = Staging|Any CPU
		Release|Any CPU = Release|Any CPU
		Testing|Any CPU = Testing|Any CPU
	EndGlobalSection
	GlobalSection(ProjectConfigurationPlatforms) = postSolution
		{C5927AFD-FED6-4529-BF84-A773CAFEB937}.Local|Any CPU.ActiveCfg = Local|Any CPU
		{C5927AFD-FED6-4529-BF84-A773CAFEB937}.Local|Any CPU.Build.0 = Local|Any CPU
		{C5927AFD-FED6-4529-BF84-A773CAFEB937}.Debug|Any CPU.ActiveCfg = Debug|Any CPU
		{C5927AFD-FED6-4529-BF84-A773CAFEB937}.Debug|Any CPU.Build.0 = Debug|Any CPU
		{C5927AFD-FED6-4529-BF84-A773CAFEB937}.Staging|Any CPU.ActiveCfg = Staging|Any CPU
		{C5927AFD-FED6-4529-BF84-A773CAFEB937}.Staging|Any CPU.Build.0 = Staging|Any CPU
		{C5927AFD-FED6-4529-BF84-A773CAFEB937}.Release|Any CPU.ActiveCfg = Release|Any CPU
		{C5927AFD-FED6-4529-BF84-A773CAFEB937}.Release|Any CPU.Build.0 = Release|Any CPU
		{C5927AFD-FED6-4529-BF84-A773CAFEB937}.Testing|Any CPU.ActiveCfg = Testing|Any CPU
		{C5927AFD-FED6-4529-BF84-A773CAFEB937}.Testing|Any CPU.Build.0 = Testing|Any CPU
		{E23208D3-C1B3-4983-89FD-15A1FE4639D0}.Local|Any CPU.ActiveCfg = Local|Any CPU
		{E23208D3-C1B3-4983-89FD-15A1FE4639D0}.Local|Any CPU.Build.0 = Local|Any CPU
		{E23208D3-C1B3-4983-89FD-15A1FE4639D0}.Debug|Any CPU.ActiveCfg = Debug|Any CPU
		{E23208D3-C1B3-4983-89FD-15A1FE4639D0}.Debug|Any CPU.Build.0 = Debug|Any CPU
		{E23208D3-C1B3-4983-89FD-15A1FE4639D0}.Staging|Any CPU.ActiveCfg = Staging|Any CPU
		{E23208D3-C1B3-4983-89FD-15A1FE4639D0}.Staging|Any CPU.Build.0 = Staging|Any CPU
		{E23208D3-C1B3-4983-89FD-15A1FE4639D0}.Release|Any CPU.ActiveCfg = Release|Any CPU
		{E23208D3-C1B3-4983-89FD-15A1FE4639D0}.Release|Any CPU.Build.0 = Release|Any CPU
		{E23208D3-C1B3-4983-89FD-15A1FE4639D0}.Testing|Any CPU.ActiveCfg = Testing|Any CPU
		{E23208D3-C1B3-4983-89FD-15A1FE4639D0}.Testing|Any CPU.Build.0 = Testing|Any CPU
		{0B959252-55A6-4CC6-B9D5-582C50304BBC}.Local|Any CPU.ActiveCfg = Local|Any CPU
		{0B959252-55A6-4CC6-B9D5-582C50304BBC}.Local|Any CPU.Build.0 = Local|Any CPU
		{0B959252-55A6-4CC6-B9D5-582C50304BBC}.Debug|Any CPU.ActiveCfg = Debug|Any CPU
		{0B959252-55A6-4CC6-B9D5-582C50304BBC}.Debug|Any CPU.Build.0 = Debug|Any CPU
		{0B959252-55A6-4CC6-B9D5-582C50304BBC}.Staging|Any CPU.ActiveCfg = Staging|Any CPU
		{0B959252-55A6-4CC6-B9D5-582C50304BBC}.Staging|Any CPU.Build.0 = Staging|Any CPU
		{0B959252-55A6-4CC6-B9D5-582C50304BBC}.Release|Any CPU.ActiveCfg = Release|Any CPU
		{0B959252-55A6-4CC6-B9D5-582C50304BBC}.Release|Any CPU.Build.0 = Release|Any CPU
		{0B959252-55A6-4CC6-B9D5-582C50304BBC}.Testing|Any CPU.ActiveCfg = Testing|Any CPU
		{0B959252-55A6-4CC6-B9D5-582C50304BBC}.Testing|Any CPU.Build.0 = Testing|Any CPU
		{CDBE1AB4-5FA5-45C3-A218-A7298CE4C3D1}.Local|Any CPU.ActiveCfg = Local|Any CPU
		{CDBE1AB4-5FA5-45C3-A218-A7298CE4C3D1}.Local|Any CPU.Build.0 = Local|Any CPU
		{CDBE1AB4-5FA5-45C3-A218-A7298CE4C3D1}.Debug|Any CPU.ActiveCfg = Debug|Any CPU
		{CDBE1AB4-5FA5-45C3-A218-A7298CE4C3D1}.Debug|Any CPU.Build.0 = Debug|Any CPU
		{CDBE1AB4-5FA5-45C3-A218-A7298CE4C3D1}.Staging|Any CPU.ActiveCfg = Staging|Any CPU
		{CDBE1AB4-5FA5-45C3-A218-A7298CE4C3D1}.Staging|Any CPU.Build.0 = Staging|Any CPU
		{CDBE1AB4-5FA5-45C3-A218-A7298CE4C3D1}.Release|Any CPU.ActiveCfg = Release|Any CPU
		{CDBE1AB4-5FA5-45C3-A218-A7298CE4C3D1}.Release|Any CPU.Build.0 = Release|Any CPU
		{CDBE1AB4-5FA5-45C3-A218-A7298CE4C3D1}.Testing|Any CPU.ActiveCfg = Testing|Any CPU
		{CDBE1AB4-5FA5-45C3-A218-A7298CE4C3D1}.Testing|Any CPU.Build.0 = Testing|Any CPU
		{290B3334-47AC-4977-9DC1-D10F09C5E1E7}.Local|Any CPU.ActiveCfg = Local|Any CPU
		{290B3334-47AC-4977-9DC1-D10F09C5E1E7}.Local|Any CPU.Build.0 = Local|Any CPU
		{290B3334-47AC-4977-9DC1-D10F09C5E1E7}.Debug|Any CPU.ActiveCfg = Debug|Any CPU
		{290B3334-47AC-4977-9DC1-D10F09C5E1E7}.Debug|Any CPU.Build.0 = Debug|Any CPU
		{290B3334-47AC-4977-9DC1-D10F09C5E1E7}.Staging|Any CPU.ActiveCfg = Staging|Any CPU
		{290B3334-47AC-4977-9DC1-D10F09C5E1E7}.Staging|Any CPU.Build.0 = Staging|Any CPU
		{290B3334-47AC-4977-9DC1-D10F09C5E1E7}.Release|Any CPU.ActiveCfg = Release|Any CPU
		{290B3334-47AC-4977-9DC1-D10F09C5E1E7}.Release|Any CPU.Build.0 = Release|Any CPU
		{290B3334-47AC-4977-9DC1-D10F09C5E1E7}.Testing|Any CPU.ActiveCfg = Testing|Any CPU
		{290B3334-47AC-4977-9DC1-D10F09C5E1E7}.Testing|Any CPU.Build.0 = Testing|Any CPU
		{91F87B7E-5F79-4784-B580-36E1A6F28B43}.Local|Any CPU.ActiveCfg = Local|Any CPU
		{91F87B7E-5F79-4784-B580-36E1A6F28B43}.Local|Any CPU.Build.0 = Local|Any CPU
		{91F87B7E-5F79-4784-B580-36E1A6F28B43}.Debug|Any CPU.ActiveCfg = Debug|Any CPU
		{91F87B7E-5F79-4784-B580-36E1A6F28B43}.Debug|Any CPU.Build.0 = Debug|Any CPU
		{91F87B7E-5F79-4784-B580-36E1A6F28B43}.Staging|Any CPU.ActiveCfg = Staging|Any CPU
		{91F87B7E-5F79-4784-B580-36E1A6F28B43}.Staging|Any CPU.Build.0 = Staging|Any CPU
		{91F87B7E-5F79-4784-B580-36E1A6F28B43}.Release|Any CPU.ActiveCfg = Release|Any CPU
		{91F87B7E-5F79-4784-B580-36E1A6F28B43}.Release|Any CPU.Build.0 = Release|Any CPU
		{91F87B7E-5F79-4784-B580-36E1A6F28B43}.Testing|Any CPU.ActiveCfg = Testing|Any CPU
		{91F87B7E-5F79-4784-B580-36E1A6F28B43}.Testing|Any CPU.Build.0 = Testing|Any CPU
		{F96E0AF8-D288-4D8B-B3CC-C537550CE351}.Local|Any CPU.ActiveCfg = Local|Any CPU
		{F96E0AF8-D288-4D8B-B3CC-C537550CE351}.Local|Any CPU.Build.0 = Local|Any CPU
		{F96E0AF8-D288-4D8B-B3CC-C537550CE351}.Debug|Any CPU.ActiveCfg = Debug|Any CPU
		{F96E0AF8-D288-4D8B-B3CC-C537550CE351}.Debug|Any CPU.Build.0 = Debug|Any CPU
		{F96E0AF8-D288-4D8B-B3CC-C537550CE351}.Staging|Any CPU.ActiveCfg = Staging|Any CPU
		{F96E0AF8-D288-4D8B-B3CC-C537550CE351}.Staging|Any CPU.Build.0 = Staging|Any CPU
		{F96E0AF8-D288-4D8B-B3CC-C537550CE351}.Release|Any CPU.ActiveCfg = Release|Any CPU
		{F96E0AF8-D288-4D8B-B3CC-C537550CE351}.Release|Any CPU.Build.0 = Release|Any CPU
		{F96E0AF8-D288-4D8B-B3CC-C537550CE351}.Testing|Any CPU.ActiveCfg = Testing|Any CPU
		{F96E0AF8-D288-4D8B-B3CC-C537550CE351}.Testing|Any CPU.Build.0 = Testing|Any CPU
		{77425C06-71A9-4502-8CF7-D710BF406A13}.Local|Any CPU.ActiveCfg = Local|Any CPU
		{77425C06-71A9-4502-8CF7-D710BF406A13}.Local|Any CPU.Build.0 = Local|Any CPU
		{77425C06-71A9-4502-8CF7-D710BF406A13}.Debug|Any CPU.ActiveCfg = Debug|Any CPU
		{77425C06-71A9-4502-8CF7-D710BF406A13}.Debug|Any CPU.Build.0 = Debug|Any CPU
		{77425C06-71A9-4502-8CF7-D710BF406A13}.Staging|Any CPU.ActiveCfg = Staging|Any CPU
		{77425C06-71A9-4502-8CF7-D710BF406A13}.Staging|Any CPU.Build.0 = Staging|Any CPU
		{77425C06-71A9-4502-8CF7-D710BF406A13}.Release|Any CPU.ActiveCfg = Release|Any CPU
		{77425C06-71A9-4502-8CF7-D710BF406A13}.Release|Any CPU.Build.0 = Release|Any CPU
		{77425C06-71A9-4502-8CF7-D710BF406A13}.Testing|Any CPU.ActiveCfg = Testing|Any CPU
		{77425C06-71A9-4502-8CF7-D710BF406A13}.Testing|Any CPU.Build.0 = Testing|Any CPU
		{DD9F6430-1CA0-408F-A467-A90F1754B1A7}.Local|Any CPU.ActiveCfg = Local|Any CPU
		{DD9F6430-1CA0-408F-A467-A90F1754B1A7}.Local|Any CPU.Build.0 = Local|Any CPU
		{DD9F6430-1CA0-408F-A467-A90F1754B1A7}.Debug|Any CPU.ActiveCfg = Debug|Any CPU
		{DD9F6430-1CA0-408F-A467-A90F1754B1A7}.Debug|Any CPU.Build.0 = Debug|Any CPU
		{DD9F6430-1CA0-408F-A467-A90F1754B1A7}.Staging|Any CPU.ActiveCfg = Staging|Any CPU
		{DD9F6430-1CA0-408F-A467-A90F1754B1A7}.Staging|Any CPU.Build.0 = Staging|Any CPU
		{DD9F6430-1CA0-408F-A467-A90F1754B1A7}.Release|Any CPU.ActiveCfg = Release|Any CPU
		{DD9F6430-1CA0-408F-A467-A90F1754B1A7}.Release|Any CPU.Build.0 = Release|Any CPU
		{DD9F6430-1CA0-408F-A467-A90F1754B1A7}.Testing|Any CPU.ActiveCfg = Testing|Any CPU
		{DD9F6430-1CA0-408F-A467-A90F1754B1A7}.Testing|Any CPU.Build.0 = Testing|Any CPU
		{75F57820-5D67-4404-AC88-E399A1B98441}.Local|Any CPU.ActiveCfg = Local|Any CPU
		{75F57820-5D67-4404-AC88-E399A1B98441}.Local|Any CPU.Build.0 = Local|Any CPU
		{75F57820-5D67-4404-AC88-E399A1B98441}.Debug|Any CPU.ActiveCfg = Debug|Any CPU
		{75F57820-5D67-4404-AC88-E399A1B98441}.Debug|Any CPU.Build.0 = Debug|Any CPU
		{75F57820-5D67-4404-AC88-E399A1B98441}.Staging|Any CPU.ActiveCfg = Staging|Any CPU
		{75F57820-5D67-4404-AC88-E399A1B98441}.Staging|Any CPU.Build.0 = Staging|Any CPU
		{75F57820-5D67-4404-AC88-E399A1B98441}.Release|Any CPU.ActiveCfg = Release|Any CPU
		{75F57820-5D67-4404-AC88-E399A1B98441}.Release|Any CPU.Build.0 = Release|Any CPU
		{75F57820-5D67-4404-AC88-E399A1B98441}.Testing|Any CPU.ActiveCfg = Testing|Any CPU
		{75F57820-5D67-4404-AC88-E399A1B98441}.Testing|Any CPU.Build.0 = Testing|Any CPU
		{074461E3-8A9B-4AA4-A8D4-E157CD306EB4}.Local|Any CPU.ActiveCfg = Local|Any CPU
		{074461E3-8A9B-4AA4-A8D4-E157CD306EB4}.Local|Any CPU.Build.0 = Local|Any CPU
		{074461E3-8A9B-4AA4-A8D4-E157CD306EB4}.Debug|Any CPU.ActiveCfg = Debug|Any CPU
		{074461E3-8A9B-4AA4-A8D4-E157CD306EB4}.Debug|Any CPU.Build.0 = Debug|Any CPU
		{074461E3-8A9B-4AA4-A8D4-E157CD306EB4}.Staging|Any CPU.ActiveCfg = Staging|Any CPU
		{074461E3-8A9B-4AA4-A8D4-E157CD306EB4}.Staging|Any CPU.Build.0 = Staging|Any CPU
		{074461E3-8A9B-4AA4-A8D4-E157CD306EB4}.Release|Any CPU.ActiveCfg = Release|Any CPU
		{074461E3-8A9B-4AA4-A8D4-E157CD306EB4}.Release|Any CPU.Build.0 = Release|Any CPU
		{074461E3-8A9B-4AA4-A8D4-E157CD306EB4}.Testing|Any CPU.ActiveCfg = Testing|Any CPU
		{074461E3-8A9B-4AA4-A8D4-E157CD306EB4}.Testing|Any CPU.Build.0 = Testing|Any CPU
		{344014F7-178D-4C96-8A12-A414F353F052}.Local|Any CPU.ActiveCfg = Local|Any CPU
		{344014F7-178D-4C96-8A12-A414F353F052}.Local|Any CPU.Build.0 = Local|Any CPU
		{344014F7-178D-4C96-8A12-A414F353F052}.Debug|Any CPU.ActiveCfg = Debug|Any CPU
		{344014F7-178D-4C96-8A12-A414F353F052}.Debug|Any CPU.Build.0 = Debug|Any CPU
		{344014F7-178D-4C96-8A12-A414F353F052}.Staging|Any CPU.ActiveCfg = Staging|Any CPU
		{344014F7-178D-4C96-8A12-A414F353F052}.Staging|Any CPU.Build.0 = Staging|Any CPU
		{344014F7-178D-4C96-8A12-A414F353F052}.Release|Any CPU.ActiveCfg = Release|Any CPU
		{344014F7-178D-4C96-8A12-A414F353F052}.Release|Any CPU.Build.0 = Release|Any CPU
		{344014F7-178D-4C96-8A12-A414F353F052}.Testing|Any CPU.ActiveCfg = Testing|Any CPU
		{344014F7-178D-4C96-8A12-A414F353F052}.Testing|Any CPU.Build.0 = Testing|Any CPU
		{8D98D04D-637A-472A-8634-4EE122740E95}.Local|Any CPU.ActiveCfg = Local|Any CPU
		{8D98D04D-637A-472A-8634-4EE122740E95}.Local|Any CPU.Build.0 = Local|Any CPU
		{8D98D04D-637A-472A-8634-4EE122740E95}.Debug|Any CPU.ActiveCfg = Debug|Any CPU
		{8D98D04D-637A-472A-8634-4EE122740E95}.Debug|Any CPU.Build.0 = Debug|Any CPU
		{8D98D04D-637A-472A-8634-4EE122740E95}.Staging|Any CPU.ActiveCfg = Staging|Any CPU
		{8D98D04D-637A-472A-8634-4EE122740E95}.Staging|Any CPU.Build.0 = Staging|Any CPU
		{8D98D04D-637A-472A-8634-4EE122740E95}.Release|Any CPU.ActiveCfg = Release|Any CPU
		{8D98D04D-637A-472A-8634-4EE122740E95}.Release|Any CPU.Build.0 = Release|Any CPU
		{8D98D04D-637A-472A-8634-4EE122740E95}.Testing|Any CPU.ActiveCfg = Testing|Any CPU
		{8D98D04D-637A-472A-8634-4EE122740E95}.Testing|Any CPU.Build.0 = Testing|Any CPU
		{07BF8728-9072-4AFB-B5DD-81CA4B456E7A}.Local|Any CPU.ActiveCfg = Local|Any CPU
		{07BF8728-9072-4AFB-B5DD-81CA4B456E7A}.Local|Any CPU.Build.0 = Local|Any CPU
		{07BF8728-9072-4AFB-B5DD-81CA4B456E7A}.Debug|Any CPU.ActiveCfg = Debug|Any CPU
		{07BF8728-9072-4AFB-B5DD-81CA4B456E7A}.Debug|Any CPU.Build.0 = Debug|Any CPU
		{07BF8728-9072-4AFB-B5DD-81CA4B456E7A}.Staging|Any CPU.ActiveCfg = Staging|Any CPU
		{07BF8728-9072-4AFB-B5DD-81CA4B456E7A}.Staging|Any CPU.Build.0 = Staging|Any CPU
		{07BF8728-9072-4AFB-B5DD-81CA4B456E7A}.Release|Any CPU.ActiveCfg = Release|Any CPU
		{07BF8728-9072-4AFB-B5DD-81CA4B456E7A}.Release|Any CPU.Build.0 = Release|Any CPU
		{07BF8728-9072-4AFB-B5DD-81CA4B456E7A}.Testing|Any CPU.ActiveCfg = Testing|Any CPU
		{07BF8728-9072-4AFB-B5DD-81CA4B456E7A}.Testing|Any CPU.Build.0 = Testing|Any CPU
		{26EEF1FD-937E-4170-9841-8CD1C16C73D6}.Local|Any CPU.ActiveCfg = Local|Any CPU
		{26EEF1FD-937E-4170-9841-8CD1C16C73D6}.Local|Any CPU.Build.0 = Local|Any CPU
		{26EEF1FD-937E-4170-9841-8CD1C16C73D6}.Debug|Any CPU.ActiveCfg = Debug|Any CPU
		{26EEF1FD-937E-4170-9841-8CD1C16C73D6}.Debug|Any CPU.Build.0 = Debug|Any CPU
		{26EEF1FD-937E-4170-9841-8CD1C16C73D6}.Staging|Any CPU.ActiveCfg = Staging|Any CPU
		{26EEF1FD-937E-4170-9841-8CD1C16C73D6}.Staging|Any CPU.Build.0 = Staging|Any CPU
		{26EEF1FD-937E-4170-9841-8CD1C16C73D6}.Release|Any CPU.ActiveCfg = Release|Any CPU
		{26EEF1FD-937E-4170-9841-8CD1C16C73D6}.Release|Any CPU.Build.0 = Release|Any CPU
		{26EEF1FD-937E-4170-9841-8CD1C16C73D6}.Testing|Any CPU.ActiveCfg = Testing|Any CPU
		{26EEF1FD-937E-4170-9841-8CD1C16C73D6}.Testing|Any CPU.Build.0 = Testing|Any CPU
		{5C4A1EEB-EE1C-4946-9879-48468CEBCB75}.Local|Any CPU.ActiveCfg = Local|Any CPU
		{5C4A1EEB-EE1C-4946-9879-48468CEBCB75}.Local|Any CPU.Build.0 = Local|Any CPU
		{5C4A1EEB-EE1C-4946-9879-48468CEBCB75}.Debug|Any CPU.ActiveCfg = Debug|Any CPU
		{5C4A1EEB-EE1C-4946-9879-48468CEBCB75}.Debug|Any CPU.Build.0 = Debug|Any CPU
		{5C4A1EEB-EE1C-4946-9879-48468CEBCB75}.Staging|Any CPU.ActiveCfg = Staging|Any CPU
		{5C4A1EEB-EE1C-4946-9879-48468CEBCB75}.Staging|Any CPU.Build.0 = Staging|Any CPU
		{5C4A1EEB-EE1C-4946-9879-48468CEBCB75}.Release|Any CPU.ActiveCfg = Release|Any CPU
		{5C4A1EEB-EE1C-4946-9879-48468CEBCB75}.Release|Any CPU.Build.0 = Release|Any CPU
		{5C4A1EEB-EE1C-4946-9879-48468CEBCB75}.Testing|Any CPU.ActiveCfg = Testing|Any CPU
		{5C4A1EEB-EE1C-4946-9879-48468CEBCB75}.Testing|Any CPU.Build.0 = Testing|Any CPU
		{61BA04D6-8A0B-4AAE-A2DE-D8FF41B2EC12}.Local|Any CPU.ActiveCfg = Local|Any CPU
		{61BA04D6-8A0B-4AAE-A2DE-D8FF41B2EC12}.Local|Any CPU.Build.0 = Local|Any CPU
		{61BA04D6-8A0B-4AAE-A2DE-D8FF41B2EC12}.Debug|Any CPU.ActiveCfg = Debug|Any CPU
		{61BA04D6-8A0B-4AAE-A2DE-D8FF41B2EC12}.Debug|Any CPU.Build.0 = Debug|Any CPU
		{61BA04D6-8A0B-4AAE-A2DE-D8FF41B2EC12}.Staging|Any CPU.ActiveCfg = Staging|Any CPU
		{61BA04D6-8A0B-4AAE-A2DE-D8FF41B2EC12}.Staging|Any CPU.Build.0 = Staging|Any CPU
		{61BA04D6-8A0B-4AAE-A2DE-D8FF41B2EC12}.Release|Any CPU.ActiveCfg = Release|Any CPU
		{61BA04D6-8A0B-4AAE-A2DE-D8FF41B2EC12}.Release|Any CPU.Build.0 = Release|Any CPU
		{61BA04D6-8A0B-4AAE-A2DE-D8FF41B2EC12}.Testing|Any CPU.ActiveCfg = Testing|Any CPU
		{61BA04D6-8A0B-4AAE-A2DE-D8FF41B2EC12}.Testing|Any CPU.Build.0 = Testing|Any CPU
		{C3479576-2305-47EA-969B-0AFC2A7C3BDE}.Local|Any CPU.ActiveCfg = Local|Any CPU
		{C3479576-2305-47EA-969B-0AFC2A7C3BDE}.Local|Any CPU.Build.0 = Local|Any CPU
		{C3479576-2305-47EA-969B-0AFC2A7C3BDE}.Debug|Any CPU.ActiveCfg = Debug|Any CPU
		{C3479576-2305-47EA-969B-0AFC2A7C3BDE}.Debug|Any CPU.Build.0 = Debug|Any CPU
		{C3479576-2305-47EA-969B-0AFC2A7C3BDE}.Staging|Any CPU.ActiveCfg = Staging|Any CPU
		{C3479576-2305-47EA-969B-0AFC2A7C3BDE}.Staging|Any CPU.Build.0 = Staging|Any CPU
		{C3479576-2305-47EA-969B-0AFC2A7C3BDE}.Release|Any CPU.ActiveCfg = Release|Any CPU
		{C3479576-2305-47EA-969B-0AFC2A7C3BDE}.Release|Any CPU.Build.0 = Release|Any CPU
		{C3479576-2305-47EA-969B-0AFC2A7C3BDE}.Testing|Any CPU.ActiveCfg = Testing|Any CPU
		{C3479576-2305-47EA-969B-0AFC2A7C3BDE}.Testing|Any CPU.Build.0 = Testing|Any CPU
		{17707596-CD55-40BF-812C-4C348E7B6711}.Local|Any CPU.ActiveCfg = Local|Any CPU
		{17707596-CD55-40BF-812C-4C348E7B6711}.Local|Any CPU.Build.0 = Local|Any CPU
		{17707596-CD55-40BF-812C-4C348E7B6711}.Debug|Any CPU.ActiveCfg = Debug|Any CPU
		{17707596-CD55-40BF-812C-4C348E7B6711}.Debug|Any CPU.Build.0 = Debug|Any CPU
		{17707596-CD55-40BF-812C-4C348E7B6711}.Staging|Any CPU.ActiveCfg = Staging|Any CPU
		{17707596-CD55-40BF-812C-4C348E7B6711}.Staging|Any CPU.Build.0 = Staging|Any CPU
		{17707596-CD55-40BF-812C-4C348E7B6711}.Release|Any CPU.ActiveCfg = Release|Any CPU
		{17707596-CD55-40BF-812C-4C348E7B6711}.Release|Any CPU.Build.0 = Release|Any CPU
		{17707596-CD55-40BF-812C-4C348E7B6711}.Testing|Any CPU.ActiveCfg = Testing|Any CPU
		{17707596-CD55-40BF-812C-4C348E7B6711}.Testing|Any CPU.Build.0 = Testing|Any CPU
		{9C4A1422-63D8-490D-9726-D94E3525DA10}.Local|Any CPU.ActiveCfg = Local|Any CPU
		{9C4A1422-63D8-490D-9726-D94E3525DA10}.Local|Any CPU.Build.0 = Local|Any CPU
		{9C4A1422-63D8-490D-9726-D94E3525DA10}.Debug|Any CPU.ActiveCfg = Debug|Any CPU
		{9C4A1422-63D8-490D-9726-D94E3525DA10}.Debug|Any CPU.Build.0 = Debug|Any CPU
		{9C4A1422-63D8-490D-9726-D94E3525DA10}.Staging|Any CPU.ActiveCfg = Staging|Any CPU
		{9C4A1422-63D8-490D-9726-D94E3525DA10}.Staging|Any CPU.Build.0 = Staging|Any CPU
		{9C4A1422-63D8-490D-9726-D94E3525DA10}.Release|Any CPU.ActiveCfg = Release|Any CPU
		{9C4A1422-63D8-490D-9726-D94E3525DA10}.Release|Any CPU.Build.0 = Release|Any CPU
		{9C4A1422-63D8-490D-9726-D94E3525DA10}.Testing|Any CPU.ActiveCfg = Testing|Any CPU
		{9C4A1422-63D8-490D-9726-D94E3525DA10}.Testing|Any CPU.Build.0 = Testing|Any CPU
		{1C16F0CD-9DE0-48D7-9A4C-5EBEA3C9442E}.Local|Any CPU.ActiveCfg = Local|Any CPU
		{1C16F0CD-9DE0-48D7-9A4C-5EBEA3C9442E}.Local|Any CPU.Build.0 = Local|Any CPU
		{1C16F0CD-9DE0-48D7-9A4C-5EBEA3C9442E}.Debug|Any CPU.ActiveCfg = Debug|Any CPU
		{1C16F0CD-9DE0-48D7-9A4C-5EBEA3C9442E}.Debug|Any CPU.Build.0 = Debug|Any CPU
		{1C16F0CD-9DE0-48D7-9A4C-5EBEA3C9442E}.Staging|Any CPU.ActiveCfg = Staging|Any CPU
		{1C16F0CD-9DE0-48D7-9A4C-5EBEA3C9442E}.Staging|Any CPU.Build.0 = Staging|Any CPU
		{1C16F0CD-9DE0-48D7-9A4C-5EBEA3C9442E}.Release|Any CPU.ActiveCfg = Release|Any CPU
		{1C16F0CD-9DE0-48D7-9A4C-5EBEA3C9442E}.Release|Any CPU.Build.0 = Release|Any CPU
		{1C16F0CD-9DE0-48D7-9A4C-5EBEA3C9442E}.Testing|Any CPU.ActiveCfg = Testing|Any CPU
		{1C16F0CD-9DE0-48D7-9A4C-5EBEA3C9442E}.Testing|Any CPU.Build.0 = Testing|Any CPU
		{F52D8A04-CD74-4A5D-900F-9DF28DCCE542}.Local|Any CPU.ActiveCfg = Local|Any CPU
		{F52D8A04-CD74-4A5D-900F-9DF28DCCE542}.Local|Any CPU.Build.0 = Local|Any CPU
		{F52D8A04-CD74-4A5D-900F-9DF28DCCE542}.Debug|Any CPU.ActiveCfg = Debug|Any CPU
		{F52D8A04-CD74-4A5D-900F-9DF28DCCE542}.Debug|Any CPU.Build.0 = Debug|Any CPU
		{F52D8A04-CD74-4A5D-900F-9DF28DCCE542}.Staging|Any CPU.ActiveCfg = Staging|Any CPU
		{F52D8A04-CD74-4A5D-900F-9DF28DCCE542}.Staging|Any CPU.Build.0 = Staging|Any CPU
		{F52D8A04-CD74-4A5D-900F-9DF28DCCE542}.Release|Any CPU.ActiveCfg = Release|Any CPU
		{F52D8A04-CD74-4A5D-900F-9DF28DCCE542}.Release|Any CPU.Build.0 = Release|Any CPU
		{F52D8A04-CD74-4A5D-900F-9DF28DCCE542}.Testing|Any CPU.ActiveCfg = Testing|Any CPU
		{F52D8A04-CD74-4A5D-900F-9DF28DCCE542}.Testing|Any CPU.Build.0 = Testing|Any CPU
		{A2F9676F-D2B3-436D-99A7-68FF47AC8741}.Local|Any CPU.ActiveCfg = Local|Any CPU
		{A2F9676F-D2B3-436D-99A7-68FF47AC8741}.Local|Any CPU.Build.0 = Local|Any CPU
		{A2F9676F-D2B3-436D-99A7-68FF47AC8741}.Debug|Any CPU.ActiveCfg = Debug|Any CPU
		{A2F9676F-D2B3-436D-99A7-68FF47AC8741}.Debug|Any CPU.Build.0 = Debug|Any CPU
		{A2F9676F-D2B3-436D-99A7-68FF47AC8741}.Staging|Any CPU.ActiveCfg = Staging|Any CPU
		{A2F9676F-D2B3-436D-99A7-68FF47AC8741}.Staging|Any CPU.Build.0 = Staging|Any CPU
		{A2F9676F-D2B3-436D-99A7-68FF47AC8741}.Release|Any CPU.ActiveCfg = Release|Any CPU
		{A2F9676F-D2B3-436D-99A7-68FF47AC8741}.Release|Any CPU.Build.0 = Release|Any CPU
		{A2F9676F-D2B3-436D-99A7-68FF47AC8741}.Testing|Any CPU.ActiveCfg = Testing|Any CPU
		{A2F9676F-D2B3-436D-99A7-68FF47AC8741}.Testing|Any CPU.Build.0 = Testing|Any CPU
		{C5218B5F-7A8E-474D-B7BD-3C8369309861}.Local|Any CPU.ActiveCfg = Local|Any CPU
		{C5218B5F-7A8E-474D-B7BD-3C8369309861}.Local|Any CPU.Build.0 = Local|Any CPU
		{C5218B5F-7A8E-474D-B7BD-3C8369309861}.Debug|Any CPU.ActiveCfg = Debug|Any CPU
		{C5218B5F-7A8E-474D-B7BD-3C8369309861}.Debug|Any CPU.Build.0 = Debug|Any CPU
		{C5218B5F-7A8E-474D-B7BD-3C8369309861}.Staging|Any CPU.ActiveCfg = Staging|Any CPU
		{C5218B5F-7A8E-474D-B7BD-3C8369309861}.Staging|Any CPU.Build.0 = Staging|Any CPU
		{C5218B5F-7A8E-474D-B7BD-3C8369309861}.Release|Any CPU.ActiveCfg = Release|Any CPU
		{C5218B5F-7A8E-474D-B7BD-3C8369309861}.Release|Any CPU.Build.0 = Release|Any CPU
		{C5218B5F-7A8E-474D-B7BD-3C8369309861}.Testing|Any CPU.ActiveCfg = Testing|Any CPU
		{C5218B5F-7A8E-474D-B7BD-3C8369309861}.Testing|Any CPU.Build.0 = Testing|Any CPU
		{4E1F4A52-7F97-43E1-AAA6-2EEEE07326E6}.Local|Any CPU.ActiveCfg = Local|Any CPU
		{4E1F4A52-7F97-43E1-AAA6-2EEEE07326E6}.Local|Any CPU.Build.0 = Local|Any CPU
		{4E1F4A52-7F97-43E1-AAA6-2EEEE07326E6}.Debug|Any CPU.ActiveCfg = Debug|Any CPU
		{4E1F4A52-7F97-43E1-AAA6-2EEEE07326E6}.Debug|Any CPU.Build.0 = Debug|Any CPU
		{4E1F4A52-7F97-43E1-AAA6-2EEEE07326E6}.Staging|Any CPU.ActiveCfg = Staging|Any CPU
		{4E1F4A52-7F97-43E1-AAA6-2EEEE07326E6}.Staging|Any CPU.Build.0 = Staging|Any CPU
		{4E1F4A52-7F97-43E1-AAA6-2EEEE07326E6}.Release|Any CPU.ActiveCfg = Release|Any CPU
		{4E1F4A52-7F97-43E1-AAA6-2EEEE07326E6}.Release|Any CPU.Build.0 = Release|Any CPU
		{4E1F4A52-7F97-43E1-AAA6-2EEEE07326E6}.Testing|Any CPU.ActiveCfg = Testing|Any CPU
		{4E1F4A52-7F97-43E1-AAA6-2EEEE07326E6}.Testing|Any CPU.Build.0 = Testing|Any CPU
	EndGlobalSection
	GlobalSection(SolutionProperties) = preSolution
		HideSolutionNode = FALSE
	EndGlobalSection
	GlobalSection(NestedProjects) = preSolution
		{C5927AFD-FED6-4529-BF84-A773CAFEB937} = {3E196719-0C5D-4B5B-9C2C-0CBFFC7E0326}
		{E23208D3-C1B3-4983-89FD-15A1FE4639D0} = {3E196719-0C5D-4B5B-9C2C-0CBFFC7E0326}
		{0B959252-55A6-4CC6-B9D5-582C50304BBC} = {3E196719-0C5D-4B5B-9C2C-0CBFFC7E0326}
		{CDBE1AB4-5FA5-45C3-A218-A7298CE4C3D1} = {3E196719-0C5D-4B5B-9C2C-0CBFFC7E0326}
		{290B3334-47AC-4977-9DC1-D10F09C5E1E7} = {3E196719-0C5D-4B5B-9C2C-0CBFFC7E0326}
		{91F87B7E-5F79-4784-B580-36E1A6F28B43} = {3E196719-0C5D-4B5B-9C2C-0CBFFC7E0326}
		{F96E0AF8-D288-4D8B-B3CC-C537550CE351} = {3E196719-0C5D-4B5B-9C2C-0CBFFC7E0326}
		{77425C06-71A9-4502-8CF7-D710BF406A13} = {3E196719-0C5D-4B5B-9C2C-0CBFFC7E0326}
		{DD9F6430-1CA0-408F-A467-A90F1754B1A7} = {3E196719-0C5D-4B5B-9C2C-0CBFFC7E0326}
		{75F57820-5D67-4404-AC88-E399A1B98441} = {3E196719-0C5D-4B5B-9C2C-0CBFFC7E0326}
		{074461E3-8A9B-4AA4-A8D4-E157CD306EB4} = {3E196719-0C5D-4B5B-9C2C-0CBFFC7E0326}
		{344014F7-178D-4C96-8A12-A414F353F052} = {3E196719-0C5D-4B5B-9C2C-0CBFFC7E0326}
		{8D98D04D-637A-472A-8634-4EE122740E95} = {3E196719-0C5D-4B5B-9C2C-0CBFFC7E0326}
		{07BF8728-9072-4AFB-B5DD-81CA4B456E7A} = {3E196719-0C5D-4B5B-9C2C-0CBFFC7E0326}
		{26EEF1FD-937E-4170-9841-8CD1C16C73D6} = {3E196719-0C5D-4B5B-9C2C-0CBFFC7E0326}
		{5C4A1EEB-EE1C-4946-9879-48468CEBCB75} = {3E196719-0C5D-4B5B-9C2C-0CBFFC7E0326}
		{61BA04D6-8A0B-4AAE-A2DE-D8FF41B2EC12} = {3E196719-0C5D-4B5B-9C2C-0CBFFC7E0326}
		{C3479576-2305-47EA-969B-0AFC2A7C3BDE} = {3E196719-0C5D-4B5B-9C2C-0CBFFC7E0326}
		{17707596-CD55-40BF-812C-4C348E7B6711} = {3E196719-0C5D-4B5B-9C2C-0CBFFC7E0326}
		{9C4A1422-63D8-490D-9726-D94E3525DA10} = {3E196719-0C5D-4B5B-9C2C-0CBFFC7E0326}
		{1C16F0CD-9DE0-48D7-9A4C-5EBEA3C9442E} = {3E196719-0C5D-4B5B-9C2C-0CBFFC7E0326}
		{F52D8A04-CD74-4A5D-900F-9DF28DCCE542} = {3E196719-0C5D-4B5B-9C2C-0CBFFC7E0326}
		{A2F9676F-D2B3-436D-99A7-68FF47AC8741} = {739A29EC-6244-4737-BFD7-26D3F733AA81}
		{C5218B5F-7A8E-474D-B7BD-3C8369309861} = {739A29EC-6244-4737-BFD7-26D3F733AA81}
	EndGlobalSection
	GlobalSection(ExtensibilityGlobals) = postSolution
		SolutionGuid = {0142ABC9-9BE8-43CD-82E2-9F03547B7824}
	EndGlobalSection
EndGlobal
